Microsoft Visual Studio Solution File, Format Version 7.00
Project("{FAE04EC0-301F-11D3-BF4B-00C04F79EFBC}") = "ProducerExample", "ProducerExample\ProducerExample.csproj", "{8DCB28A2-B1AC-4557-9A15-507C1AA0BB0E}"
EndProject
Project("{FAE04EC0-301F-11D3-BF4B-00C04F79EFBC}") = "ConsumerExample", "ConsumerExample\ConsumerExample.csproj", "{47A50B31-D8D8-466B-B458-609920439039}"
EndProject
Project("{FAE04EC0-301F-11D3-BF4B-00C04F79EFBC}") = "InternalTransactionExample", "InternalTransactionExample\InternalTransactionExample.csproj", "{5DC3E4A5-4D41-45AF-A4C0-063742638B78}"
EndProject
Project("{FAE04EC0-301F-11D3-BF4B-00C04F79EFBC}") = "InternalTransactionProducer", "InternalTransactionProducer\InternalTransactionProducer.csproj", "{69968D09-4132-4A24-9480-018093A8E780}"
EndProject
Project("{FAE04EC0-301F-11D3-BF4B-00C04F79EFBC}") = "InternalTransactionConsumer", "InternalTransactionConsumer\InternalTransactionConsumer.csproj", "{9F9F9775-B47B-478F-8D7B-7322D8FCEA75}"
EndProject
Project("{FAE04EC0-301F-11D3-BF4B-00C04F79EFBC}") = "ComPlusConsumerExample", "ComPlusConsumerExample\ComPlusConsumerExample.csproj", "{E380AE2E-3240-4541-BB39-8F8238DAE4D7}"
EndProject
Project("{FAE04EC0-301F-11D3-BF4B-00C04F79EFBC}") = "ComPlusConsumerDemo", "ComPlusConsumerDemo\ComPlusConsumerDemo.csproj", "{BFE9D1C9-5C6D-4DFC-9090-977B5BBF1E6D}"
EndProject
Project("{FAE04EC0-301F-11D3-BF4B-00C04F79EFBC}") = "MQInstallExample", "MQInstallExample\MQInstallExample.csproj", "{0188D08E-04E6-4ECE-BF63-02ADFEC0DBD7}"
EndProject
Project("{54435603-DBB4-11D2-8724-00A0C9A8B90C}") = "MQInstallExampleSetup", "MQInstallExampleSetup\MQInstallExampleSetup.vdproj", "{6A9F59C8-76B9-4E85-9FD2-82ACAC44FADE}"
EndProject
Global
	GlobalSection(SolutionConfiguration) = preSolution
		ConfigName.0 = Debug
		ConfigName.1 = Release
	EndGlobalSection
	GlobalSection(ProjectDependencies) = postSolution
	EndGlobalSection
	GlobalSection(ProjectConfiguration) = postSolution
		{8DCB28A2-B1AC-4557-9A15-507C1AA0BB0E}.Debug.ActiveCfg = Debug|.NET
		{8DCB28A2-B1AC-4557-9A15-507C1AA0BB0E}.Debug.Build.0 = Debug|.NET
		{8DCB28A2-B1AC-4557-9A15-507C1AA0BB0E}.Release.ActiveCfg = Release|.NET
		{8DCB28A2-B1AC-4557-9A15-507C1AA0BB0E}.Release.Build.0 = Release|.NET
		{47A50B31-D8D8-466B-B458-609920439039}.Debug.ActiveCfg = Debug|.NET
		{47A50B31-D8D8-466B-B458-609920439039}.Debug.Build.0 = Debug|.NET
		{47A50B31-D8D8-466B-B458-609920439039}.Release.ActiveCfg = Release|.NET
		{47A50B31-D8D8-466B-B458-609920439039}.Release.Build.0 = Release|.NET
		{5DC3E4A5-4D41-45AF-A4C0-063742638B78}.Debug.ActiveCfg = Debug|.NET
		{5DC3E4A5-4D41-45AF-A4C0-063742638B78}.Debug.Build.0 = Debug|.NET
		{5DC3E4A5-4D41-45AF-A4C0-063742638B78}.Release.ActiveCfg = Release|.NET
		{5DC3E4A5-4D41-45AF-A4C0-063742638B78}.Release.Build.0 = Release|.NET
		{69968D09-4132-4A24-9480-018093A8E780}.Debug.ActiveCfg = Debug|.NET
		{69968D09-4132-4A24-9480-018093A8E780}.Debug.Build.0 = Debug|.NET
		{69968D09-4132-4A24-9480-018093A8E780}.Release.ActiveCfg = Release|.NET
		{69968D09-4132-4A24-9480-018093A8E780}.Release.Build.0 = Release|.NET
		{9F9F9775-B47B-478F-8D7B-7322D8FCEA75}.Debug.ActiveCfg = Debug|.NET
		{9F9F9775-B47B-478F-8D7B-7322D8FCEA75}.Debug.Build.0 = Debug|.NET
		{9F9F9775-B47B-478F-8D7B-7322D8FCEA75}.Release.ActiveCfg = Release|.NET
		{9F9F9775-B47B-478F-8D7B-7322D8FCEA75}.Release.Build.0 = Release|.NET
		{E380AE2E-3240-4541-BB39-8F8238DAE4D7}.Debug.ActiveCfg = Debug|.NET
		{E380AE2E-3240-4541-BB39-8F8238DAE4D7}.Debug.Build.0 = Debug|.NET
		{E380AE2E-3240-4541-BB39-8F8238DAE4D7}.Release.ActiveCfg = Release|.NET
		{E380AE2E-3240-4541-BB39-8F8238DAE4D7}.Release.Build.0 = Release|.NET
		{BFE9D1C9-5C6D-4DFC-9090-977B5BBF1E6D}.Debug.ActiveCfg = Debug|.NET
		{BFE9D1C9-5C6D-4DFC-9090-977B5BBF1E6D}.Debug.Build.0 = Debug|.NET
		{BFE9D1C9-5C6D-4DFC-9090-977B5BBF1E6D}.Release.ActiveCfg = Release|.NET
		{BFE9D1C9-5C6D-4DFC-9090-977B5BBF1E6D}.Release.Build.0 = Release|.NET
		{0188D08E-04E6-4ECE-BF63-02ADFEC0DBD7}.Debug.ActiveCfg = Debug|.NET
		{0188D08E-04E6-4ECE-BF63-02ADFEC0DBD7}.Debug.Build.0 = Debug|.NET
		{0188D08E-04E6-4ECE-BF63-02ADFEC0DBD7}.Release.ActiveCfg = Release|.NET
		{0188D08E-04E6-4ECE-BF63-02ADFEC0DBD7}.Release.Build.0 = Release|.NET
		{6A9F59C8-76B9-4E85-9FD2-82ACAC44FADE}.Debug.ActiveCfg = Debug
		{6A9F59C8-76B9-4E85-9FD2-82ACAC44FADE}.Release.ActiveCfg = Release
	EndGlobalSection
	GlobalSection(ExtensibilityGlobals) = postSolution
	EndGlobalSection
	GlobalSection(ExtensibilityAddIns) = postSolution
	EndGlobalSection
EndGlobal
