Microsoft Visual Studio Solution File, Format Version 7.00
Project("{FAE04EC0-301F-11D3-BF4B-00C04F79EFBC}") = "SimpleDomExample", "SimpleDomExample\SimpleDomExample.csproj", "{3DA1AFEA-5E50-43DF-912F-5BBD77DD0256}"
EndProject
Project("{FAE04EC0-301F-11D3-BF4B-00C04F79EFBC}") = "ReadWriteDomExample", "ReadWriteDomExample\ReadWriteDomExample.csproj", "{A3FCA8C4-CE96-437A-8969-BFE30EC4B11C}"
EndProject
Project("{FAE04EC0-301F-11D3-BF4B-00C04F79EFBC}") = "SchemaValidationExample", "SchemaValidationExample\SchemaValidationExample.csproj", "{9B60EFDB-D854-4A48-B20A-57EAAD9751C6}"
EndProject
Project("{FAE04EC0-301F-11D3-BF4B-00C04F79EFBC}") = "XPathExample", "XPathExample\XPathExample.csproj", "{EB3D62D8-97AA-47FC-BBEC-B3689BEAF98D}"
EndProject
Project("{FAE04EC0-301F-11D3-BF4B-00C04F79EFBC}") = "SimpleTransformExample", "SimpleTransformExample\SimpleTransformExample.csproj", "{8EE4FEE5-284B-4045-AE14-2B3B10CD3A94}"
EndProject
Project("{FAE04EC0-301F-11D3-BF4B-00C04F79EFBC}") = "XPathDocTransformExample", "XPathDocTransformExample\XPathDocTransformExample.csproj", "{A8775185-29AB-4D78-B0A6-66B82A24B5FD}"
EndProject
Project("{FAE04EC0-301F-11D3-BF4B-00C04F79EFBC}") = "TransformParameterExample", "TransformParameterExample\TransformParameterExample.csproj", "{A29F5C9A-A5CB-4234-B373-EC3CDBE98FD9}"
EndProject
Project("{FAE04EC0-301F-11D3-BF4B-00C04F79EFBC}") = "TransformExtensionExample", "TransformExtensionExample\TransformExtensionExample.csproj", "{CEBC9FB5-8BB5-462A-8FAF-BE455222E192}"
EndProject
Project("{FAE04EC0-301F-11D3-BF4B-00C04F79EFBC}") = "DefaultSerializationExample", "DefaultSerializationExample\DefaultSerializationExample.csproj", "{BC2FC66E-5E6B-450B-9218-3AF1D70D3CD8}"
EndProject
Project("{FAE04EC0-301F-11D3-BF4B-00C04F79EFBC}") = "ShapedSerializationExample", "ShapedSerializationExample\ShapedSerializationExample.csproj", "{AD8F8827-1357-43CA-9807-2F9EC42C2CA4}"
EndProject
Project("{FAE04EC0-301F-11D3-BF4B-00C04F79EFBC}") = "XsdGeneratedExample", "XsdGeneratedExample\XsdGeneratedExample.csproj", "{49917513-AA88-43E6-BB57-00AB4EB718C7}"
EndProject
Global
	GlobalSection(SolutionConfiguration) = preSolution
		ConfigName.0 = Debug
		ConfigName.1 = Release
	EndGlobalSection
	GlobalSection(ProjectDependencies) = postSolution
	EndGlobalSection
	GlobalSection(ProjectConfiguration) = postSolution
		{3DA1AFEA-5E50-43DF-912F-5BBD77DD0256}.Debug.ActiveCfg = Debug|.NET
		{3DA1AFEA-5E50-43DF-912F-5BBD77DD0256}.Debug.Build.0 = Debug|.NET
		{3DA1AFEA-5E50-43DF-912F-5BBD77DD0256}.Release.ActiveCfg = Release|.NET
		{3DA1AFEA-5E50-43DF-912F-5BBD77DD0256}.Release.Build.0 = Release|.NET
		{A3FCA8C4-CE96-437A-8969-BFE30EC4B11C}.Debug.ActiveCfg = Debug|.NET
		{A3FCA8C4-CE96-437A-8969-BFE30EC4B11C}.Debug.Build.0 = Debug|.NET
		{A3FCA8C4-CE96-437A-8969-BFE30EC4B11C}.Release.ActiveCfg = Release|.NET
		{A3FCA8C4-CE96-437A-8969-BFE30EC4B11C}.Release.Build.0 = Release|.NET
		{9B60EFDB-D854-4A48-B20A-57EAAD9751C6}.Debug.ActiveCfg = Debug|.NET
		{9B60EFDB-D854-4A48-B20A-57EAAD9751C6}.Debug.Build.0 = Debug|.NET
		{9B60EFDB-D854-4A48-B20A-57EAAD9751C6}.Release.ActiveCfg = Release|.NET
		{9B60EFDB-D854-4A48-B20A-57EAAD9751C6}.Release.Build.0 = Release|.NET
		{EB3D62D8-97AA-47FC-BBEC-B3689BEAF98D}.Debug.ActiveCfg = Debug|.NET
		{EB3D62D8-97AA-47FC-BBEC-B3689BEAF98D}.Debug.Build.0 = Debug|.NET
		{EB3D62D8-97AA-47FC-BBEC-B3689BEAF98D}.Release.ActiveCfg = Release|.NET
		{EB3D62D8-97AA-47FC-BBEC-B3689BEAF98D}.Release.Build.0 = Release|.NET
		{8EE4FEE5-284B-4045-AE14-2B3B10CD3A94}.Debug.ActiveCfg = Debug|.NET
		{8EE4FEE5-284B-4045-AE14-2B3B10CD3A94}.Debug.Build.0 = Debug|.NET
		{8EE4FEE5-284B-4045-AE14-2B3B10CD3A94}.Release.ActiveCfg = Release|.NET
		{8EE4FEE5-284B-4045-AE14-2B3B10CD3A94}.Release.Build.0 = Release|.NET
		{A8775185-29AB-4D78-B0A6-66B82A24B5FD}.Debug.ActiveCfg = Debug|.NET
		{A8775185-29AB-4D78-B0A6-66B82A24B5FD}.Debug.Build.0 = Debug|.NET
		{A8775185-29AB-4D78-B0A6-66B82A24B5FD}.Release.ActiveCfg = Release|.NET
		{A8775185-29AB-4D78-B0A6-66B82A24B5FD}.Release.Build.0 = Release|.NET
		{A29F5C9A-A5CB-4234-B373-EC3CDBE98FD9}.Debug.ActiveCfg = Debug|.NET
		{A29F5C9A-A5CB-4234-B373-EC3CDBE98FD9}.Debug.Build.0 = Debug|.NET
		{A29F5C9A-A5CB-4234-B373-EC3CDBE98FD9}.Release.ActiveCfg = Release|.NET
		{A29F5C9A-A5CB-4234-B373-EC3CDBE98FD9}.Release.Build.0 = Release|.NET
		{CEBC9FB5-8BB5-462A-8FAF-BE455222E192}.Debug.ActiveCfg = Debug|.NET
		{CEBC9FB5-8BB5-462A-8FAF-BE455222E192}.Debug.Build.0 = Debug|.NET
		{CEBC9FB5-8BB5-462A-8FAF-BE455222E192}.Release.ActiveCfg = Release|.NET
		{CEBC9FB5-8BB5-462A-8FAF-BE455222E192}.Release.Build.0 = Release|.NET
		{BC2FC66E-5E6B-450B-9218-3AF1D70D3CD8}.Debug.ActiveCfg = Debug|.NET
		{BC2FC66E-5E6B-450B-9218-3AF1D70D3CD8}.Debug.Build.0 = Debug|.NET
		{BC2FC66E-5E6B-450B-9218-3AF1D70D3CD8}.Release.ActiveCfg = Release|.NET
		{BC2FC66E-5E6B-450B-9218-3AF1D70D3CD8}.Release.Build.0 = Release|.NET
		{AD8F8827-1357-43CA-9807-2F9EC42C2CA4}.Debug.ActiveCfg = Debug|.NET
		{AD8F8827-1357-43CA-9807-2F9EC42C2CA4}.Debug.Build.0 = Debug|.NET
		{AD8F8827-1357-43CA-9807-2F9EC42C2CA4}.Release.ActiveCfg = Release|.NET
		{AD8F8827-1357-43CA-9807-2F9EC42C2CA4}.Release.Build.0 = Release|.NET
		{49917513-AA88-43E6-BB57-00AB4EB718C7}.Debug.ActiveCfg = Debug|.NET
		{49917513-AA88-43E6-BB57-00AB4EB718C7}.Debug.Build.0 = Debug|.NET
		{49917513-AA88-43E6-BB57-00AB4EB718C7}.Release.ActiveCfg = Release|.NET
		{49917513-AA88-43E6-BB57-00AB4EB718C7}.Release.Build.0 = Release|.NET
	EndGlobalSection
	GlobalSection(ExtensibilityGlobals) = postSolution
	EndGlobalSection
	GlobalSection(ExtensibilityAddIns) = postSolution
	EndGlobalSection
EndGlobal
