Microsoft Visual Studio Solution File, Format Version 7.00
Project("{F184B08F-C81C-45F6-A57F-5ABD9991F28F}") = "MetaEnum-vb", "MetaEnum-vb.vbproj", "{FA4B6724-A599-49BE-B913-A6E7E1041830}"
EndProject
Global
	GlobalSection(SolutionConfiguration) = preSolution
		ConfigName.0 = Debug
		ConfigName.1 = Release
	EndGlobalSection
	GlobalSection(ProjectDependencies) = postSolution
	EndGlobalSection
	GlobalSection(ProjectConfiguration) = postSolution
		{FA4B6724-A599-49BE-B913-A6E7E1041830}.Debug.ActiveCfg = Debug|.NET
		{FA4B6724-A599-49BE-B913-A6E7E1041830}.Debug.Build.0 = Debug|.NET
		{FA4B6724-A599-49BE-B913-A6E7E1041830}.Release.ActiveCfg = Release|.NET
		{FA4B6724-A599-49BE-B913-A6E7E1041830}.Release.Build.0 = Release|.NET
	EndGlobalSection
	GlobalSection(ExtensibilityGlobals) = postSolution
	EndGlobalSection
	GlobalSection(ExtensibilityAddIns) = postSolution
	EndGlobalSection
EndGlobal
