
Microsoft Visual Studio Solution File, Format Version 12.00
# Visual Studio Version 16
VisualStudioVersion = 16.0.30225.117
MinimumVisualStudioVersion = 10.0.40219.1
Project("{FAE04EC0-301F-11D3-BF4B-00C04F79EFBC}") = "Ansu.Redis", "Ansu.Redis\Ansu.Redis.csproj", "{57CF7DED-7B88-4A1F-83DE-7E7883DBF35C}"
EndProject
Project("{FAE04EC0-301F-11D3-BF4B-00C04F79EFBC}") = "Ansu.MongoDB", "Ansu.MongoDB\Ansu.MongoDB.csproj", "{34772B41-EFD2-4CE3-B943-C385EDAF4E81}"
EndProject
Project("{FAE04EC0-301F-11D3-BF4B-00C04F79EFBC}") = "Ansu.Repository", "Ansu.Repository\Ansu.Repository.csproj", "{AD1E58E8-41C5-4E46-805A-8781DAD591CD}"
EndProject
Project("{FAE04EC0-301F-11D3-BF4B-00C04F79EFBC}") = "Ansu.Cache", "Ansu.Cache\Ansu.Cache.csproj", "{8873EE6A-6DE9-47A3-AB4F-554230B5C44E}"
EndProject
Project("{FAE04EC0-301F-11D3-BF4B-00C04F79EFBC}") = "Ansu.Service", "Ansu.Services\Ansu.Service.csproj", "{97996B3D-9D14-4E9F-82C7-919ECE963846}"
EndProject
Project("{FAE04EC0-301F-11D3-BF4B-00C04F79EFBC}") = "Ansu.Bot", "Ansu.Bot\Ansu.Bot.csproj", "{8D3E5BD7-81AA-4CBC-8B68-29DAD338AA1C}"
EndProject
Global
	GlobalSection(SolutionConfigurationPlatforms) = preSolution
		Debug|Any CPU = Debug|Any CPU
		Release|Any CPU = Release|Any CPU
	EndGlobalSection
	GlobalSection(ProjectConfigurationPlatforms) = postSolution
		{57CF7DED-7B88-4A1F-83DE-7E7883DBF35C}.Debug|Any CPU.ActiveCfg = Debug|Any CPU
		{57CF7DED-7B88-4A1F-83DE-7E7883DBF35C}.Debug|Any CPU.Build.0 = Debug|Any CPU
		{57CF7DED-7B88-4A1F-83DE-7E7883DBF35C}.Release|Any CPU.ActiveCfg = Release|Any CPU
		{57CF7DED-7B88-4A1F-83DE-7E7883DBF35C}.Release|Any CPU.Build.0 = Release|Any CPU
		{34772B41-EFD2-4CE3-B943-C385EDAF4E81}.Debug|Any CPU.ActiveCfg = Debug|Any CPU
		{34772B41-EFD2-4CE3-B943-C385EDAF4E81}.Debug|Any CPU.Build.0 = Debug|Any CPU
		{34772B41-EFD2-4CE3-B943-C385EDAF4E81}.Release|Any CPU.ActiveCfg = Release|Any CPU
		{34772B41-EFD2-4CE3-B943-C385EDAF4E81}.Release|Any CPU.Build.0 = Release|Any CPU
		{AD1E58E8-41C5-4E46-805A-8781DAD591CD}.Debug|Any CPU.ActiveCfg = Debug|Any CPU
		{AD1E58E8-41C5-4E46-805A-8781DAD591CD}.Debug|Any CPU.Build.0 = Debug|Any CPU
		{AD1E58E8-41C5-4E46-805A-8781DAD591CD}.Release|Any CPU.ActiveCfg = Release|Any CPU
		{AD1E58E8-41C5-4E46-805A-8781DAD591CD}.Release|Any CPU.Build.0 = Release|Any CPU
		{8873EE6A-6DE9-47A3-AB4F-554230B5C44E}.Debug|Any CPU.ActiveCfg = Debug|Any CPU
		{8873EE6A-6DE9-47A3-AB4F-554230B5C44E}.Debug|Any CPU.Build.0 = Debug|Any CPU
		{8873EE6A-6DE9-47A3-AB4F-554230B5C44E}.Release|Any CPU.ActiveCfg = Release|Any CPU
		{8873EE6A-6DE9-47A3-AB4F-554230B5C44E}.Release|Any CPU.Build.0 = Release|Any CPU
		{97996B3D-9D14-4E9F-82C7-919ECE963846}.Debug|Any CPU.ActiveCfg = Debug|Any CPU
		{97996B3D-9D14-4E9F-82C7-919ECE963846}.Debug|Any CPU.Build.0 = Debug|Any CPU
		{97996B3D-9D14-4E9F-82C7-919ECE963846}.Release|Any CPU.ActiveCfg = Release|Any CPU
		{97996B3D-9D14-4E9F-82C7-919ECE963846}.Release|Any CPU.Build.0 = Release|Any CPU
		{8D3E5BD7-81AA-4CBC-8B68-29DAD338AA1C}.Debug|Any CPU.ActiveCfg = Debug|Any CPU
		{8D3E5BD7-81AA-4CBC-8B68-29DAD338AA1C}.Debug|Any CPU.Build.0 = Debug|Any CPU
		{8D3E5BD7-81AA-4CBC-8B68-29DAD338AA1C}.Release|Any CPU.ActiveCfg = Release|Any CPU
		{8D3E5BD7-81AA-4CBC-8B68-29DAD338AA1C}.Release|Any CPU.Build.0 = Release|Any CPU
	EndGlobalSection
	GlobalSection(SolutionProperties) = preSolution
		HideSolutionNode = FALSE
	EndGlobalSection
	GlobalSection(ExtensibilityGlobals) = postSolution
		SolutionGuid = {3703EDAE-02BA-4A94-B56A-21E8412E8CD9}
	EndGlobalSection
EndGlobal
