Microsoft Visual Studio Solution File, Format Version 7.00
Project("{F184B08F-C81C-45F6-A57F-5ABD9991F28F}") = "CarListener", "CarListener.vbproj", "{F7277524-3154-40A5-8609-084502F7E4CA}"
EndProject
Project("{F184B08F-C81C-45F6-A57F-5ABD9991F28F}") = "SimpleCarLibrary", "..\SimpleCarLibrary\SimpleCarLibrary.vbproj", "{49F21733-2A5A-456A-829B-D567EC496FC2}"
EndProject
Global
	GlobalSection(SolutionConfiguration) = preSolution
		ConfigName.0 = Debug
		ConfigName.1 = Release
	EndGlobalSection
	GlobalSection(ProjectDependencies) = postSolution
	EndGlobalSection
	GlobalSection(ProjectConfiguration) = postSolution
		{F7277524-3154-40A5-8609-084502F7E4CA}.Debug.ActiveCfg = Debug|.NET
		{F7277524-3154-40A5-8609-084502F7E4CA}.Debug.Build.0 = Debug|.NET
		{F7277524-3154-40A5-8609-084502F7E4CA}.Release.ActiveCfg = Release|.NET
		{F7277524-3154-40A5-8609-084502F7E4CA}.Release.Build.0 = Release|.NET
		{49F21733-2A5A-456A-829B-D567EC496FC2}.Debug.ActiveCfg = Debug|.NET
		{49F21733-2A5A-456A-829B-D567EC496FC2}.Debug.Build.0 = Debug|.NET
		{49F21733-2A5A-456A-829B-D567EC496FC2}.Release.ActiveCfg = Release|.NET
		{49F21733-2A5A-456A-829B-D567EC496FC2}.Release.Build.0 = Release|.NET
	EndGlobalSection
	GlobalSection(ExtensibilityGlobals) = postSolution
	EndGlobalSection
	GlobalSection(ExtensibilityAddIns) = postSolution
	EndGlobalSection
EndGlobal
