Microsoft Visual Studio Solution File, Format Version 7.00
Project("{FAE04EC0-301F-11D3-BF4B-00C04F79EFBC}") = "RemotingServer", "RemotingServer\RemotingServer.csproj", "{013661FE-67F2-4DFD-B714-F9833A552912}"
EndProject
Project("{FAE04EC0-301F-11D3-BF4B-00C04F79EFBC}") = "RemotingLib", "RemotingLib\RemotingLib.csproj", "{4A01A88D-2C05-40F9-9008-8AB9C51230EE}"
EndProject
Project("{FAE04EC0-301F-11D3-BF4B-00C04F79EFBC}") = "RemotingClient", "RemotingClient\RemotingClient.csproj", "{C9390894-9F7A-4754-84F1-F0D120C00DA3}"
EndProject
Project("{FAE04EC0-301F-11D3-BF4B-00C04F79EFBC}") = "ExampleWebService", "http://localhost/Book/Chapter8/ExampleWebService/ExampleWebService.csproj", "{77AFEA22-462A-4A20-B03C-9DE36F483AD3}"
EndProject
Project("{FAE04EC0-301F-11D3-BF4B-00C04F79EFBC}") = "ExampleHeaderWebService", "http://localhost/Book/Chapter8/ExampleHeaderWebService/ExampleHeaderWebService.csproj", "{48A08AC6-A45D-46A3-AD8F-CE3E3F9FC06B}"
EndProject
Project("{FAE04EC0-301F-11D3-BF4B-00C04F79EFBC}") = "ExampleAttrExtensionWebService", "http://localhost/Book/Chapter8/ExampleAttrExtensionWebService/ExampleAttrExtensionWebService.csproj", "{4A710E5B-4B49-4F7B-A817-1782B13C02A1}"
EndProject
Project("{FAE04EC0-301F-11D3-BF4B-00C04F79EFBC}") = "ExampleConfExtensionWebService", "http://localhost/Book/Chapter8/ExampleConfExtensionWebService/ExampleConfExtensionWebService.csproj", "{3AC3FA4E-AACF-49A9-A6CC-D2385F5FCB5F}"
EndProject
Project("{FAE04EC0-301F-11D3-BF4B-00C04F79EFBC}") = "ExampleSoapExtensionLib", "ExampleSoapExtensionLib\ExampleSoapExtensionLib.csproj", "{D965928C-CC20-4417-A38E-F3E6A179A1F1}"
EndProject
Project("{FAE04EC0-301F-11D3-BF4B-00C04F79EFBC}") = "ExampleConfExtensionWebServiceClient", "ExampleConfExtensionWebServiceClient\ExampleConfExtensionWebServiceClient.csproj", "{7A1CBBCD-DE4F-4438-8C01-7C669E9384C0}"
EndProject
Project("{FAE04EC0-301F-11D3-BF4B-00C04F79EFBC}") = "ExampleWebServiceClient", "ExampleWebServiceClient\ExampleWebServiceClient.csproj", "{A76F8F58-4B5A-4CF0-97AC-94AC9B209C72}"
EndProject
Project("{FAE04EC0-301F-11D3-BF4B-00C04F79EFBC}") = "ExampleHeaderWebServiceClient", "ExampleHeaderWebServiceClient\ExampleHeaderWebServiceClient.csproj", "{1BAB3D48-084A-479E-B328-76EE125A2E36}"
EndProject
Project("{FAE04EC0-301F-11D3-BF4B-00C04F79EFBC}") = "ExampleAttrExtensionWebServiceClient", "ExampleAttrExtensionWebServiceClient\ExampleAttrExtensionWebServiceClient.csproj", "{99642635-808C-47F0-8776-5E0806881157}"
EndProject
Project("{FAE04EC0-301F-11D3-BF4B-00C04F79EFBC}") = "EchoClientLowExample", "EchoClientLowExample\EchoClientLowExample.csproj", "{58A7C5B3-97D7-415E-87D8-45207D04C188}"
EndProject
Project("{FAE04EC0-301F-11D3-BF4B-00C04F79EFBC}") = "EchoServerHighExample", "EchoServerHighExample\EchoServerHighExample.csproj", "{73333FCA-53B0-4550-AB69-C7DB38CE4CC8}"
EndProject
Project("{FAE04EC0-301F-11D3-BF4B-00C04F79EFBC}") = "EchoClientHighExample", "EchoClientHighExample\EchoClientHighExample.csproj", "{775B9515-4C88-4D54-87C1-345F6B3FF1EA}"
EndProject
Project("{FAE04EC0-301F-11D3-BF4B-00C04F79EFBC}") = "Dummy", "Dummy\Dummy.csproj", "{728471B3-D065-45C1-BE0B-C5B82E40CDE4}"
EndProject
Global
	GlobalSection(SolutionConfiguration) = preSolution
		ConfigName.0 = Debug
		ConfigName.1 = Release
	EndGlobalSection
	GlobalSection(ProjectDependencies) = postSolution
	EndGlobalSection
	GlobalSection(ProjectConfiguration) = postSolution
		{013661FE-67F2-4DFD-B714-F9833A552912}.Debug.ActiveCfg = Debug|.NET
		{013661FE-67F2-4DFD-B714-F9833A552912}.Debug.Build.0 = Debug|.NET
		{013661FE-67F2-4DFD-B714-F9833A552912}.Release.ActiveCfg = Release|.NET
		{013661FE-67F2-4DFD-B714-F9833A552912}.Release.Build.0 = Release|.NET
		{4A01A88D-2C05-40F9-9008-8AB9C51230EE}.Debug.ActiveCfg = Debug|.NET
		{4A01A88D-2C05-40F9-9008-8AB9C51230EE}.Debug.Build.0 = Debug|.NET
		{4A01A88D-2C05-40F9-9008-8AB9C51230EE}.Release.ActiveCfg = Release|.NET
		{4A01A88D-2C05-40F9-9008-8AB9C51230EE}.Release.Build.0 = Release|.NET
		{C9390894-9F7A-4754-84F1-F0D120C00DA3}.Debug.ActiveCfg = Debug|.NET
		{C9390894-9F7A-4754-84F1-F0D120C00DA3}.Debug.Build.0 = Debug|.NET
		{C9390894-9F7A-4754-84F1-F0D120C00DA3}.Release.ActiveCfg = Release|.NET
		{C9390894-9F7A-4754-84F1-F0D120C00DA3}.Release.Build.0 = Release|.NET
		{77AFEA22-462A-4A20-B03C-9DE36F483AD3}.Debug.ActiveCfg = Debug|.NET
		{77AFEA22-462A-4A20-B03C-9DE36F483AD3}.Debug.Build.0 = Debug|.NET
		{77AFEA22-462A-4A20-B03C-9DE36F483AD3}.Release.ActiveCfg = Release|.NET
		{77AFEA22-462A-4A20-B03C-9DE36F483AD3}.Release.Build.0 = Release|.NET
		{48A08AC6-A45D-46A3-AD8F-CE3E3F9FC06B}.Debug.ActiveCfg = Debug|.NET
		{48A08AC6-A45D-46A3-AD8F-CE3E3F9FC06B}.Debug.Build.0 = Debug|.NET
		{48A08AC6-A45D-46A3-AD8F-CE3E3F9FC06B}.Release.ActiveCfg = Release|.NET
		{48A08AC6-A45D-46A3-AD8F-CE3E3F9FC06B}.Release.Build.0 = Release|.NET
		{4A710E5B-4B49-4F7B-A817-1782B13C02A1}.Debug.ActiveCfg = Debug|.NET
		{4A710E5B-4B49-4F7B-A817-1782B13C02A1}.Debug.Build.0 = Debug|.NET
		{4A710E5B-4B49-4F7B-A817-1782B13C02A1}.Release.ActiveCfg = Release|.NET
		{4A710E5B-4B49-4F7B-A817-1782B13C02A1}.Release.Build.0 = Release|.NET
		{3AC3FA4E-AACF-49A9-A6CC-D2385F5FCB5F}.Debug.ActiveCfg = Debug|.NET
		{3AC3FA4E-AACF-49A9-A6CC-D2385F5FCB5F}.Debug.Build.0 = Debug|.NET
		{3AC3FA4E-AACF-49A9-A6CC-D2385F5FCB5F}.Release.ActiveCfg = Release|.NET
		{3AC3FA4E-AACF-49A9-A6CC-D2385F5FCB5F}.Release.Build.0 = Release|.NET
		{D965928C-CC20-4417-A38E-F3E6A179A1F1}.Debug.ActiveCfg = Debug|.NET
		{D965928C-CC20-4417-A38E-F3E6A179A1F1}.Debug.Build.0 = Debug|.NET
		{D965928C-CC20-4417-A38E-F3E6A179A1F1}.Release.ActiveCfg = Release|.NET
		{D965928C-CC20-4417-A38E-F3E6A179A1F1}.Release.Build.0 = Release|.NET
		{7A1CBBCD-DE4F-4438-8C01-7C669E9384C0}.Debug.ActiveCfg = Debug|.NET
		{7A1CBBCD-DE4F-4438-8C01-7C669E9384C0}.Debug.Build.0 = Debug|.NET
		{7A1CBBCD-DE4F-4438-8C01-7C669E9384C0}.Release.ActiveCfg = Release|.NET
		{7A1CBBCD-DE4F-4438-8C01-7C669E9384C0}.Release.Build.0 = Release|.NET
		{A76F8F58-4B5A-4CF0-97AC-94AC9B209C72}.Debug.ActiveCfg = Debug|.NET
		{A76F8F58-4B5A-4CF0-97AC-94AC9B209C72}.Debug.Build.0 = Debug|.NET
		{A76F8F58-4B5A-4CF0-97AC-94AC9B209C72}.Release.ActiveCfg = Release|.NET
		{A76F8F58-4B5A-4CF0-97AC-94AC9B209C72}.Release.Build.0 = Release|.NET
		{1BAB3D48-084A-479E-B328-76EE125A2E36}.Debug.ActiveCfg = Debug|.NET
		{1BAB3D48-084A-479E-B328-76EE125A2E36}.Debug.Build.0 = Debug|.NET
		{1BAB3D48-084A-479E-B328-76EE125A2E36}.Release.ActiveCfg = Release|.NET
		{1BAB3D48-084A-479E-B328-76EE125A2E36}.Release.Build.0 = Release|.NET
		{99642635-808C-47F0-8776-5E0806881157}.Debug.ActiveCfg = Debug|.NET
		{99642635-808C-47F0-8776-5E0806881157}.Debug.Build.0 = Debug|.NET
		{99642635-808C-47F0-8776-5E0806881157}.Release.ActiveCfg = Release|.NET
		{99642635-808C-47F0-8776-5E0806881157}.Release.Build.0 = Release|.NET
		{58A7C5B3-97D7-415E-87D8-45207D04C188}.Debug.ActiveCfg = Debug|.NET
		{58A7C5B3-97D7-415E-87D8-45207D04C188}.Debug.Build.0 = Debug|.NET
		{58A7C5B3-97D7-415E-87D8-45207D04C188}.Release.ActiveCfg = Release|.NET
		{58A7C5B3-97D7-415E-87D8-45207D04C188}.Release.Build.0 = Release|.NET
		{73333FCA-53B0-4550-AB69-C7DB38CE4CC8}.Debug.ActiveCfg = Debug|.NET
		{73333FCA-53B0-4550-AB69-C7DB38CE4CC8}.Debug.Build.0 = Debug|.NET
		{73333FCA-53B0-4550-AB69-C7DB38CE4CC8}.Release.ActiveCfg = Release|.NET
		{73333FCA-53B0-4550-AB69-C7DB38CE4CC8}.Release.Build.0 = Release|.NET
		{775B9515-4C88-4D54-87C1-345F6B3FF1EA}.Debug.ActiveCfg = Debug|.NET
		{775B9515-4C88-4D54-87C1-345F6B3FF1EA}.Debug.Build.0 = Debug|.NET
		{775B9515-4C88-4D54-87C1-345F6B3FF1EA}.Release.ActiveCfg = Release|.NET
		{775B9515-4C88-4D54-87C1-345F6B3FF1EA}.Release.Build.0 = Release|.NET
		{728471B3-D065-45C1-BE0B-C5B82E40CDE4}.Debug.ActiveCfg = Debug|.NET
		{728471B3-D065-45C1-BE0B-C5B82E40CDE4}.Debug.Build.0 = Debug|.NET
		{728471B3-D065-45C1-BE0B-C5B82E40CDE4}.Release.ActiveCfg = Release|.NET
		{728471B3-D065-45C1-BE0B-C5B82E40CDE4}.Release.Build.0 = Release|.NET
	EndGlobalSection
	GlobalSection(ExtensibilityGlobals) = postSolution
	EndGlobalSection
	GlobalSection(ExtensibilityAddIns) = postSolution
	EndGlobalSection
EndGlobal
