Microsoft Visual Studio Solution File, Format Version 7.00
Project("{FAE04EC0-301F-11D3-BF4B-00C04F79EFBC}") = "CustomerLibrary", "..\CustomerLibrary\CustomerLibrary.csproj", "{033737D9-E727-48F3-8A5F-2CD1FD40BFF8}"
EndProject
Project("{FAE04EC0-301F-11D3-BF4B-00C04F79EFBC}") = "CustomerServer", "CustomerServer.csproj", "{A4280930-15A6-4254-B1B3-134B20BFB11B}"
EndProject
Project("{FAE04EC0-301F-11D3-BF4B-00C04F79EFBC}") = "CustomerInterfaces", "..\CustomerInterfaces\CustomerInterfaces.csproj", "{290AA616-8C31-48BD-AFB0-C547DD88E2C3}"
EndProject
Global
	GlobalSection(SolutionConfiguration) = preSolution
		ConfigName.0 = Debug
		ConfigName.1 = Release
	EndGlobalSection
	GlobalSection(ProjectDependencies) = postSolution
		{033737D9-E727-48F3-8A5F-2CD1FD40BFF8}.0 = {290AA616-8C31-48BD-AFB0-C547DD88E2C3}
		{A4280930-15A6-4254-B1B3-134B20BFB11B}.0 = {033737D9-E727-48F3-8A5F-2CD1FD40BFF8}
		{A4280930-15A6-4254-B1B3-134B20BFB11B}.1 = {033737D9-E727-48F3-8A5F-2CD1FD40BFF8}
		{A4280930-15A6-4254-B1B3-134B20BFB11B}.2 = {290AA616-8C31-48BD-AFB0-C547DD88E2C3}
	EndGlobalSection
	GlobalSection(ProjectConfiguration) = postSolution
		{033737D9-E727-48F3-8A5F-2CD1FD40BFF8}.Debug.ActiveCfg = Debug|.NET
		{033737D9-E727-48F3-8A5F-2CD1FD40BFF8}.Debug.Build.0 = Debug|.NET
		{033737D9-E727-48F3-8A5F-2CD1FD40BFF8}.Release.ActiveCfg = Release|.NET
		{033737D9-E727-48F3-8A5F-2CD1FD40BFF8}.Release.Build.0 = Release|.NET
		{A4280930-15A6-4254-B1B3-134B20BFB11B}.Debug.ActiveCfg = Debug|.NET
		{A4280930-15A6-4254-B1B3-134B20BFB11B}.Debug.Build.0 = Debug|.NET
		{A4280930-15A6-4254-B1B3-134B20BFB11B}.Release.ActiveCfg = Release|.NET
		{A4280930-15A6-4254-B1B3-134B20BFB11B}.Release.Build.0 = Release|.NET
		{290AA616-8C31-48BD-AFB0-C547DD88E2C3}.Debug.ActiveCfg = Debug|.NET
		{290AA616-8C31-48BD-AFB0-C547DD88E2C3}.Debug.Build.0 = Debug|.NET
		{290AA616-8C31-48BD-AFB0-C547DD88E2C3}.Release.ActiveCfg = Release|.NET
		{290AA616-8C31-48BD-AFB0-C547DD88E2C3}.Release.Build.0 = Release|.NET
	EndGlobalSection
	GlobalSection(ExtensibilityGlobals) = postSolution
	EndGlobalSection
	GlobalSection(ExtensibilityAddIns) = postSolution
	EndGlobalSection
EndGlobal
