Microsoft Visual Studio Solution File, Format Version 7.00
Project("{FAE04EC0-301F-11D3-BF4B-00C04F79EFBC}") = "MouseHandler-c", "MouseHandler-c.csproj", "{5F48E16F-B801-4844-9EA1-D9426604FF4E}"
EndProject
Global
	GlobalSection(SolutionConfiguration) = preSolution
		ConfigName.0 = Debug
		ConfigName.1 = Release
	EndGlobalSection
	GlobalSection(ProjectDependencies) = postSolution
	EndGlobalSection
	GlobalSection(ProjectConfiguration) = postSolution
		{5F48E16F-B801-4844-9EA1-D9426604FF4E}.Debug.ActiveCfg = Debug|.NET
		{5F48E16F-B801-4844-9EA1-D9426604FF4E}.Debug.Build.0 = Debug|.NET
		{5F48E16F-B801-4844-9EA1-D9426604FF4E}.Release.ActiveCfg = Release|.NET
		{5F48E16F-B801-4844-9EA1-D9426604FF4E}.Release.Build.0 = Release|.NET
	EndGlobalSection
	GlobalSection(ExtensibilityGlobals) = postSolution
	EndGlobalSection
	GlobalSection(ExtensibilityAddIns) = postSolution
	EndGlobalSection
EndGlobal
