Microsoft Visual Studio Solution File, Format Version 7.00
Project("{FAE04EC0-301F-11D3-BF4B-00C04F79EFBC}") = "ApplicationDomains", "ApplicationDomains.csproj", "{5BBA5166-B59D-48E3-B1B3-7B00B5C20BFF}"
EndProject
Global
	GlobalSection(SolutionConfiguration) = preSolution
		ConfigName.0 = Debug
		ConfigName.1 = Release
	EndGlobalSection
	GlobalSection(ProjectDependencies) = postSolution
	EndGlobalSection
	GlobalSection(ProjectConfiguration) = postSolution
		{5BBA5166-B59D-48E3-B1B3-7B00B5C20BFF}.Debug.ActiveCfg = Debug|.NET
		{5BBA5166-B59D-48E3-B1B3-7B00B5C20BFF}.Debug.Build.0 = Debug|.NET
		{5BBA5166-B59D-48E3-B1B3-7B00B5C20BFF}.Release.ActiveCfg = Release|.NET
		{5BBA5166-B59D-48E3-B1B3-7B00B5C20BFF}.Release.Build.0 = Release|.NET
	EndGlobalSection
	GlobalSection(ExtensibilityGlobals) = postSolution
	EndGlobalSection
	GlobalSection(ExtensibilityAddIns) = postSolution
	EndGlobalSection
EndGlobal
