Microsoft Visual Studio Solution File, Format Version 7.00
Project("{FAE04EC0-301F-11D3-BF4B-00C04F79EFBC}") = "EmployeeClient", "EmployeeClient.csproj", "{E65763FF-7B3D-488D-B7CD-206C6694A8CF}"
EndProject
Global
	GlobalSection(SolutionConfiguration) = preSolution
		ConfigName.0 = Debug
		ConfigName.1 = Release
	EndGlobalSection
	GlobalSection(ProjectDependencies) = postSolution
	EndGlobalSection
	GlobalSection(ProjectConfiguration) = postSolution
		{E65763FF-7B3D-488D-B7CD-206C6694A8CF}.Debug.ActiveCfg = Debug|.NET
		{E65763FF-7B3D-488D-B7CD-206C6694A8CF}.Debug.Build.0 = Debug|.NET
		{E65763FF-7B3D-488D-B7CD-206C6694A8CF}.Release.ActiveCfg = Release|.NET
		{E65763FF-7B3D-488D-B7CD-206C6694A8CF}.Release.Build.0 = Release|.NET
	EndGlobalSection
	GlobalSection(ExtensibilityGlobals) = postSolution
	EndGlobalSection
	GlobalSection(ExtensibilityAddIns) = postSolution
	EndGlobalSection
EndGlobal
