Microsoft Visual Studio Solution File, Format Version 7.00
Project("{F184B08F-C81C-45F6-A57F-5ABD9991F28F}") = "AsyncCallback", "AsyncCallback.vbproj", "{CFD6C0E9-7A40-43B8-958C-660CF268BB8D}"
EndProject
Global
	GlobalSection(SolutionConfiguration) = preSolution
		ConfigName.0 = Debug
		ConfigName.1 = Release
	EndGlobalSection
	GlobalSection(ProjectDependencies) = postSolution
	EndGlobalSection
	GlobalSection(ProjectConfiguration) = postSolution
		{CFD6C0E9-7A40-43B8-958C-660CF268BB8D}.Debug.ActiveCfg = Debug|.NET
		{CFD6C0E9-7A40-43B8-958C-660CF268BB8D}.Debug.Build.0 = Debug|.NET
		{CFD6C0E9-7A40-43B8-958C-660CF268BB8D}.Release.ActiveCfg = Release|.NET
		{CFD6C0E9-7A40-43B8-958C-660CF268BB8D}.Release.Build.0 = Release|.NET
	EndGlobalSection
	GlobalSection(ExtensibilityGlobals) = postSolution
	EndGlobalSection
	GlobalSection(ExtensibilityAddIns) = postSolution
	EndGlobalSection
EndGlobal
