Microsoft Visual Studio Solution File, Format Version 7.00
Project("{FAE04EC0-301F-11D3-BF4B-00C04F79EFBC}") = "FirstWindowsServiceExample", "FirstWindowsServiceExample\FirstWindowsServiceExample.csproj", "{CC269905-9EC7-487B-8361-55566BEBB4B1}"
EndProject
Project("{FAE04EC0-301F-11D3-BF4B-00C04F79EFBC}") = "DummyServiceExample", "DummyServiceExample\DummyServiceExample.csproj", "{6B29DC94-7529-4253-97E2-EFB5010B7032}"
EndProject
Project("{FAE04EC0-301F-11D3-BF4B-00C04F79EFBC}") = "PerfCounterExample", "PerfCounterExample\PerfCounterExample.csproj", "{066A10F3-F698-420A-ACBD-C2BA1308FBA0}"
EndProject
Project("{FAE04EC0-301F-11D3-BF4B-00C04F79EFBC}") = "CustomEventLogExample", "CustomEventLogExample\CustomEventLogExample.csproj", "{81A8D318-15C1-423D-8452-32E18AC71077}"
EndProject
Global
	GlobalSection(SolutionConfiguration) = preSolution
		ConfigName.0 = Debug
		ConfigName.1 = Release
	EndGlobalSection
	GlobalSection(ProjectDependencies) = postSolution
	EndGlobalSection
	GlobalSection(ProjectConfiguration) = postSolution
		{CC269905-9EC7-487B-8361-55566BEBB4B1}.Debug.ActiveCfg = Debug|.NET
		{CC269905-9EC7-487B-8361-55566BEBB4B1}.Debug.Build.0 = Debug|.NET
		{CC269905-9EC7-487B-8361-55566BEBB4B1}.Release.ActiveCfg = Release|.NET
		{CC269905-9EC7-487B-8361-55566BEBB4B1}.Release.Build.0 = Release|.NET
		{6B29DC94-7529-4253-97E2-EFB5010B7032}.Debug.ActiveCfg = Debug|.NET
		{6B29DC94-7529-4253-97E2-EFB5010B7032}.Debug.Build.0 = Debug|.NET
		{6B29DC94-7529-4253-97E2-EFB5010B7032}.Release.ActiveCfg = Release|.NET
		{6B29DC94-7529-4253-97E2-EFB5010B7032}.Release.Build.0 = Release|.NET
		{066A10F3-F698-420A-ACBD-C2BA1308FBA0}.Debug.ActiveCfg = Debug|.NET
		{066A10F3-F698-420A-ACBD-C2BA1308FBA0}.Debug.Build.0 = Debug|.NET
		{066A10F3-F698-420A-ACBD-C2BA1308FBA0}.Release.ActiveCfg = Release|.NET
		{066A10F3-F698-420A-ACBD-C2BA1308FBA0}.Release.Build.0 = Release|.NET
		{81A8D318-15C1-423D-8452-32E18AC71077}.Debug.ActiveCfg = Debug|.NET
		{81A8D318-15C1-423D-8452-32E18AC71077}.Debug.Build.0 = Debug|.NET
		{81A8D318-15C1-423D-8452-32E18AC71077}.Release.ActiveCfg = Release|.NET
		{81A8D318-15C1-423D-8452-32E18AC71077}.Release.Build.0 = Release|.NET
	EndGlobalSection
	GlobalSection(ExtensibilityGlobals) = postSolution
	EndGlobalSection
	GlobalSection(ExtensibilityAddIns) = postSolution
	EndGlobalSection
EndGlobal
