Microsoft Visual Studio Solution File, Format Version 7.00
Project("{FAE04EC0-301F-11D3-BF4B-00C04F79EFBC}") = "GraphicsDraw-c", "GraphicsDraw-c.csproj", "{94067CCD-6796-46EC-A85D-83C3CD9E7F5B}"
EndProject
Global
	GlobalSection(SolutionConfiguration) = preSolution
		ConfigName.0 = Debug
		ConfigName.1 = Release
	EndGlobalSection
	GlobalSection(ProjectDependencies) = postSolution
	EndGlobalSection
	GlobalSection(ProjectConfiguration) = postSolution
		{94067CCD-6796-46EC-A85D-83C3CD9E7F5B}.Debug.ActiveCfg = Debug|.NET
		{94067CCD-6796-46EC-A85D-83C3CD9E7F5B}.Debug.Build.0 = Debug|.NET
		{94067CCD-6796-46EC-A85D-83C3CD9E7F5B}.Release.ActiveCfg = Release|.NET
		{94067CCD-6796-46EC-A85D-83C3CD9E7F5B}.Release.Build.0 = Release|.NET
	EndGlobalSection
	GlobalSection(ExtensibilityGlobals) = postSolution
	EndGlobalSection
	GlobalSection(ExtensibilityAddIns) = postSolution
	EndGlobalSection
EndGlobal
