Microsoft Visual Studio Solution File, Format Version 7.00
Project("{FAE04EC0-301F-11D3-BF4B-00C04F79EFBC}") = "Sender", "Sender.csproj", "{C709736F-65B6-4EDA-8C07-A3B958B6AAEB}"
EndProject
Project("{FAE04EC0-301F-11D3-BF4B-00C04F79EFBC}") = "CustomerLibrary", "..\CustomerLibrary\CustomerLibrary.csproj", "{7544C019-0811-4967-9F25-4A4FA87C8632}"
EndProject
Global
	GlobalSection(SolutionConfiguration) = preSolution
		ConfigName.0 = Debug
		ConfigName.1 = Release
	EndGlobalSection
	GlobalSection(ProjectDependencies) = postSolution
	EndGlobalSection
	GlobalSection(ProjectConfiguration) = postSolution
		{C709736F-65B6-4EDA-8C07-A3B958B6AAEB}.Debug.ActiveCfg = Debug|.NET
		{C709736F-65B6-4EDA-8C07-A3B958B6AAEB}.Debug.Build.0 = Debug|.NET
		{C709736F-65B6-4EDA-8C07-A3B958B6AAEB}.Release.ActiveCfg = Release|.NET
		{C709736F-65B6-4EDA-8C07-A3B958B6AAEB}.Release.Build.0 = Release|.NET
		{7544C019-0811-4967-9F25-4A4FA87C8632}.Debug.ActiveCfg = Debug|.NET
		{7544C019-0811-4967-9F25-4A4FA87C8632}.Debug.Build.0 = Debug|.NET
		{7544C019-0811-4967-9F25-4A4FA87C8632}.Release.ActiveCfg = Release|.NET
		{7544C019-0811-4967-9F25-4A4FA87C8632}.Release.Build.0 = Release|.NET
	EndGlobalSection
	GlobalSection(ExtensibilityGlobals) = postSolution
	EndGlobalSection
	GlobalSection(ExtensibilityAddIns) = postSolution
	EndGlobalSection
EndGlobal
