Microsoft Visual Studio Solution File, Format Version 7.00
Project("{FAE04EC0-301F-11D3-BF4B-00C04F79EFBC}") = "Blend-c", "Blend-c.csproj", "{12BC1B4D-0FF5-49C0-8BBE-7A4BD5E16B87}"
EndProject
Global
	GlobalSection(SolutionConfiguration) = preSolution
		ConfigName.0 = Debug
		ConfigName.1 = Release
	EndGlobalSection
	GlobalSection(ProjectDependencies) = postSolution
	EndGlobalSection
	GlobalSection(ProjectConfiguration) = postSolution
		{12BC1B4D-0FF5-49C0-8BBE-7A4BD5E16B87}.Debug.ActiveCfg = Debug|.NET
		{12BC1B4D-0FF5-49C0-8BBE-7A4BD5E16B87}.Debug.Build.0 = Debug|.NET
		{12BC1B4D-0FF5-49C0-8BBE-7A4BD5E16B87}.Release.ActiveCfg = Release|.NET
		{12BC1B4D-0FF5-49C0-8BBE-7A4BD5E16B87}.Release.Build.0 = Release|.NET
	EndGlobalSection
	GlobalSection(ExtensibilityGlobals) = postSolution
	EndGlobalSection
	GlobalSection(ExtensibilityAddIns) = postSolution
	EndGlobalSection
EndGlobal
