Microsoft Visual Studio Solution File, Format Version 7.00
Project("{FAE04EC0-301F-11D3-BF4B-00C04F79EFBC}") = "MatrixDraw-c", "MatrixDraw-c.csproj", "{D5589FDB-C225-44C8-8A45-5CDA0D6C5559}"
EndProject
Global
	GlobalSection(SolutionConfiguration) = preSolution
		ConfigName.0 = Debug
		ConfigName.1 = Release
	EndGlobalSection
	GlobalSection(ProjectDependencies) = postSolution
	EndGlobalSection
	GlobalSection(ProjectConfiguration) = postSolution
		{D5589FDB-C225-44C8-8A45-5CDA0D6C5559}.Debug.ActiveCfg = Debug|.NET
		{D5589FDB-C225-44C8-8A45-5CDA0D6C5559}.Debug.Build.0 = Debug|.NET
		{D5589FDB-C225-44C8-8A45-5CDA0D6C5559}.Release.ActiveCfg = Release|.NET
		{D5589FDB-C225-44C8-8A45-5CDA0D6C5559}.Release.Build.0 = Release|.NET
	EndGlobalSection
	GlobalSection(ExtensibilityGlobals) = postSolution
	EndGlobalSection
	GlobalSection(ExtensibilityAddIns) = postSolution
	EndGlobalSection
EndGlobal
