Microsoft Visual Studio Solution File, Format Version 7.00
Project("{F184B08F-C81C-45F6-A57F-5ABD9991F28F}") = "errorcode", "errorcode.vbproj", "{3FB029DD-3B0B-44BB-AD10-E3AB942BB8DD}"
EndProject
Global
	GlobalSection(SolutionConfiguration) = preSolution
		ConfigName.0 = Debug
		ConfigName.1 = Release
	EndGlobalSection
	GlobalSection(ProjectDependencies) = postSolution
	EndGlobalSection
	GlobalSection(ProjectConfiguration) = postSolution
		{3FB029DD-3B0B-44BB-AD10-E3AB942BB8DD}.Debug.ActiveCfg = Debug|.NET
		{3FB029DD-3B0B-44BB-AD10-E3AB942BB8DD}.Debug.Build.0 = Debug|.NET
		{3FB029DD-3B0B-44BB-AD10-E3AB942BB8DD}.Release.ActiveCfg = Release|.NET
		{3FB029DD-3B0B-44BB-AD10-E3AB942BB8DD}.Release.Build.0 = Release|.NET
	EndGlobalSection
	GlobalSection(ExtensibilityGlobals) = postSolution
	EndGlobalSection
	GlobalSection(ExtensibilityAddIns) = postSolution
	EndGlobalSection
EndGlobal
