{
  "name": "node-starter",
  "requires": true,
  "lockfileVersion": 1,
  "dependencies": {
    "wabt": {
      "version": "1.0.17",
      "resolved": "https://registry.npmjs.org/wabt/-/wabt-1.0.17.tgz",
      "integrity": "sha512-9azQEFhJFVBBRmuFC1DZnQPAlzez2mSbYXkanBtG9MqJZllWGxc+DZHaNZsO4RHdDJkcSAOXplcmHAptfCgUqw=="
    }
  }
}
