Microsoft Visual Studio Solution File, Format Version 7.00
Project("{FAE04EC0-301F-11D3-BF4B-00C04F79EFBC}") = "MetaFile-c", "MetaFile-c.csproj", "{A1906E19-6455-4780-B6D3-F2FD35792C24}"
EndProject
Global
	GlobalSection(SolutionConfiguration) = preSolution
		ConfigName.0 = Debug
		ConfigName.1 = Release
	EndGlobalSection
	GlobalSection(ProjectDependencies) = postSolution
	EndGlobalSection
	GlobalSection(ProjectConfiguration) = postSolution
		{A1906E19-6455-4780-B6D3-F2FD35792C24}.Debug.ActiveCfg = Debug|.NET
		{A1906E19-6455-4780-B6D3-F2FD35792C24}.Debug.Build.0 = Debug|.NET
		{A1906E19-6455-4780-B6D3-F2FD35792C24}.Release.ActiveCfg = Release|.NET
		{A1906E19-6455-4780-B6D3-F2FD35792C24}.Release.Build.0 = Release|.NET
	EndGlobalSection
	GlobalSection(ExtensibilityGlobals) = postSolution
	EndGlobalSection
	GlobalSection(ExtensibilityAddIns) = postSolution
	EndGlobalSection
EndGlobal
