Microsoft Visual Studio Solution File, Format Version 7.00
Project("{FAE04EC0-301F-11D3-BF4B-00C04F79EFBC}") = "SimpleQuery", "SimpleQuery\SimpleQuery.csproj", "{695F1768-29C6-458F-B5F2-8E7B6924443B}"
EndProject
Project("{FAE04EC0-301F-11D3-BF4B-00C04F79EFBC}") = "SimpleQueryAutoClose", "SimpleQueryAutoClose\SimpleQueryAutoClose.csproj", "{A9DEBEBB-EE33-41F0-8F87-75133002041F}"
EndProject
Project("{FAE04EC0-301F-11D3-BF4B-00C04F79EFBC}") = "SqlParmExample", "SqlParmExample\SqlParmExample.csproj", "{EE2B7248-2D5C-4F7E-B21B-4E3426410C88}"
EndProject
Project("{FAE04EC0-301F-11D3-BF4B-00C04F79EFBC}") = "OledbParmExample", "OledbParmExample\OledbParmExample.csproj", "{662BC477-5F42-48C8-93C6-16192B386AAC}"
EndProject
Project("{FAE04EC0-301F-11D3-BF4B-00C04F79EFBC}") = "StoredProcParmExample", "StoredProcParmExample\StoredProcParmExample.csproj", "{3542C0E2-1644-46DC-82A1-861595322AB5}"
EndProject
Project("{FAE04EC0-301F-11D3-BF4B-00C04F79EFBC}") = "SimpleQueryDataset", "SimpleQueryDataset\SimpleQueryDataset.csproj", "{EBFDCAE3-A705-4819-91F1-63820C645F7F}"
EndProject
Project("{FAE04EC0-301F-11D3-BF4B-00C04F79EFBC}") = "RelationExample", "RelationExample\RelationExample.csproj", "{43FE175D-AC10-4933-AEB4-01610CF7C520}"
EndProject
Project("{FAE04EC0-301F-11D3-BF4B-00C04F79EFBC}") = "UpdateExample", "UpdateExample\UpdateExample.csproj", "{B1331E71-0CA1-4197-8F2E-4CC54BFBB65C}"
EndProject
Project("{FAE04EC0-301F-11D3-BF4B-00C04F79EFBC}") = "DataGridRelationExample", "DatasetRelationExample\DataGridRelationExample.csproj", "{C950F8EC-4C8A-4B80-BA72-FCF81CEE0C5E}"
EndProject
Project("{FAE04EC0-301F-11D3-BF4B-00C04F79EFBC}") = "DataGridExample", "DataGridExample\DataGridExample.csproj", "{1E91B811-985E-44AF-9569-70A78926DE03}"
EndProject
Project("{FAE04EC0-301F-11D3-BF4B-00C04F79EFBC}") = "WebGridEditExample", "http://localhost/Book/Chapter6/WebGridEditExample/WebGridEditExample.csproj", "{CC368746-10C5-4085-AC5F-375E217FC51F}"
EndProject
Project("{FAE04EC0-301F-11D3-BF4B-00C04F79EFBC}") = "RelationExample2", "RelationExample2\RelationExample2.csproj", "{DB72B883-4FD2-4EC6-BDC7-AFD5501C05FB}"
EndProject
Global
	GlobalSection(SolutionConfiguration) = preSolution
		ConfigName.0 = Debug
		ConfigName.1 = Release
	EndGlobalSection
	GlobalSection(ProjectDependencies) = postSolution
	EndGlobalSection
	GlobalSection(ProjectConfiguration) = postSolution
		{695F1768-29C6-458F-B5F2-8E7B6924443B}.Debug.ActiveCfg = Debug|.NET
		{695F1768-29C6-458F-B5F2-8E7B6924443B}.Debug.Build.0 = Debug|.NET
		{695F1768-29C6-458F-B5F2-8E7B6924443B}.Release.ActiveCfg = Release|.NET
		{695F1768-29C6-458F-B5F2-8E7B6924443B}.Release.Build.0 = Release|.NET
		{A9DEBEBB-EE33-41F0-8F87-75133002041F}.Debug.ActiveCfg = Debug|.NET
		{A9DEBEBB-EE33-41F0-8F87-75133002041F}.Debug.Build.0 = Debug|.NET
		{A9DEBEBB-EE33-41F0-8F87-75133002041F}.Release.ActiveCfg = Release|.NET
		{A9DEBEBB-EE33-41F0-8F87-75133002041F}.Release.Build.0 = Release|.NET
		{EE2B7248-2D5C-4F7E-B21B-4E3426410C88}.Debug.ActiveCfg = Debug|.NET
		{EE2B7248-2D5C-4F7E-B21B-4E3426410C88}.Debug.Build.0 = Debug|.NET
		{EE2B7248-2D5C-4F7E-B21B-4E3426410C88}.Release.ActiveCfg = Release|.NET
		{EE2B7248-2D5C-4F7E-B21B-4E3426410C88}.Release.Build.0 = Release|.NET
		{662BC477-5F42-48C8-93C6-16192B386AAC}.Debug.ActiveCfg = Debug|.NET
		{662BC477-5F42-48C8-93C6-16192B386AAC}.Debug.Build.0 = Debug|.NET
		{662BC477-5F42-48C8-93C6-16192B386AAC}.Release.ActiveCfg = Release|.NET
		{662BC477-5F42-48C8-93C6-16192B386AAC}.Release.Build.0 = Release|.NET
		{3542C0E2-1644-46DC-82A1-861595322AB5}.Debug.ActiveCfg = Debug|.NET
		{3542C0E2-1644-46DC-82A1-861595322AB5}.Debug.Build.0 = Debug|.NET
		{3542C0E2-1644-46DC-82A1-861595322AB5}.Release.ActiveCfg = Release|.NET
		{3542C0E2-1644-46DC-82A1-861595322AB5}.Release.Build.0 = Release|.NET
		{EBFDCAE3-A705-4819-91F1-63820C645F7F}.Debug.ActiveCfg = Debug|.NET
		{EBFDCAE3-A705-4819-91F1-63820C645F7F}.Debug.Build.0 = Debug|.NET
		{EBFDCAE3-A705-4819-91F1-63820C645F7F}.Release.ActiveCfg = Release|.NET
		{EBFDCAE3-A705-4819-91F1-63820C645F7F}.Release.Build.0 = Release|.NET
		{43FE175D-AC10-4933-AEB4-01610CF7C520}.Debug.ActiveCfg = Debug|.NET
		{43FE175D-AC10-4933-AEB4-01610CF7C520}.Debug.Build.0 = Debug|.NET
		{43FE175D-AC10-4933-AEB4-01610CF7C520}.Release.ActiveCfg = Release|.NET
		{43FE175D-AC10-4933-AEB4-01610CF7C520}.Release.Build.0 = Release|.NET
		{B1331E71-0CA1-4197-8F2E-4CC54BFBB65C}.Debug.ActiveCfg = Debug|.NET
		{B1331E71-0CA1-4197-8F2E-4CC54BFBB65C}.Debug.Build.0 = Debug|.NET
		{B1331E71-0CA1-4197-8F2E-4CC54BFBB65C}.Release.ActiveCfg = Release|.NET
		{B1331E71-0CA1-4197-8F2E-4CC54BFBB65C}.Release.Build.0 = Release|.NET
		{C950F8EC-4C8A-4B80-BA72-FCF81CEE0C5E}.Debug.ActiveCfg = Debug|.NET
		{C950F8EC-4C8A-4B80-BA72-FCF81CEE0C5E}.Debug.Build.0 = Debug|.NET
		{C950F8EC-4C8A-4B80-BA72-FCF81CEE0C5E}.Release.ActiveCfg = Release|.NET
		{C950F8EC-4C8A-4B80-BA72-FCF81CEE0C5E}.Release.Build.0 = Release|.NET
		{1E91B811-985E-44AF-9569-70A78926DE03}.Debug.ActiveCfg = Debug|.NET
		{1E91B811-985E-44AF-9569-70A78926DE03}.Debug.Build.0 = Debug|.NET
		{1E91B811-985E-44AF-9569-70A78926DE03}.Release.ActiveCfg = Release|.NET
		{1E91B811-985E-44AF-9569-70A78926DE03}.Release.Build.0 = Release|.NET
		{CC368746-10C5-4085-AC5F-375E217FC51F}.Debug.ActiveCfg = Debug|.NET
		{CC368746-10C5-4085-AC5F-375E217FC51F}.Debug.Build.0 = Debug|.NET
		{CC368746-10C5-4085-AC5F-375E217FC51F}.Release.ActiveCfg = Release|.NET
		{CC368746-10C5-4085-AC5F-375E217FC51F}.Release.Build.0 = Release|.NET
		{DB72B883-4FD2-4EC6-BDC7-AFD5501C05FB}.Debug.ActiveCfg = Debug|.NET
		{DB72B883-4FD2-4EC6-BDC7-AFD5501C05FB}.Debug.Build.0 = Debug|.NET
		{DB72B883-4FD2-4EC6-BDC7-AFD5501C05FB}.Release.ActiveCfg = Release|.NET
		{DB72B883-4FD2-4EC6-BDC7-AFD5501C05FB}.Release.Build.0 = Release|.NET
	EndGlobalSection
	GlobalSection(ExtensibilityGlobals) = postSolution
	EndGlobalSection
	GlobalSection(ExtensibilityAddIns) = postSolution
	EndGlobalSection
EndGlobal
