Microsoft Visual Studio Solution File, Format Version 7.00
Project("{F184B08F-C81C-45F6-A57F-5ABD9991F28F}") = "ApplicationDomains", "ApplicationDomains.vbproj", "{A3FA264B-5E20-47A7-B5ED-B1897BF8955E}"
EndProject
Project("{F184B08F-C81C-45F6-A57F-5ABD9991F28F}") = "MathClient", "MathClient\MathClient.vbproj", "{37714F60-B03D-468B-A880-543CA0487E1A}"
EndProject
Global
	GlobalSection(SolutionConfiguration) = preSolution
		ConfigName.0 = Debug
		ConfigName.1 = Release
	EndGlobalSection
	GlobalSection(ProjectDependencies) = postSolution
	EndGlobalSection
	GlobalSection(ProjectConfiguration) = postSolution
		{A3FA264B-5E20-47A7-B5ED-B1897BF8955E}.Debug.ActiveCfg = Debug|.NET
		{A3FA264B-5E20-47A7-B5ED-B1897BF8955E}.Debug.Build.0 = Debug|.NET
		{A3FA264B-5E20-47A7-B5ED-B1897BF8955E}.Release.ActiveCfg = Release|.NET
		{A3FA264B-5E20-47A7-B5ED-B1897BF8955E}.Release.Build.0 = Release|.NET
		{37714F60-B03D-468B-A880-543CA0487E1A}.Debug.ActiveCfg = Debug|.NET
		{37714F60-B03D-468B-A880-543CA0487E1A}.Debug.Build.0 = Debug|.NET
		{37714F60-B03D-468B-A880-543CA0487E1A}.Release.ActiveCfg = Release|.NET
		{37714F60-B03D-468B-A880-543CA0487E1A}.Release.Build.0 = Release|.NET
	EndGlobalSection
	GlobalSection(ExtensibilityGlobals) = postSolution
	EndGlobalSection
	GlobalSection(ExtensibilityAddIns) = postSolution
	EndGlobalSection
EndGlobal
