Microsoft Visual Studio Solution File, Format Version 7.00
Project("{F184B08F-C81C-45F6-A57F-5ABD9991F28F}") = "CustomerClient", "CustomerClient.vbproj", "{0A4AA0D2-6608-4DAA-8E32-C705B47DFE7E}"
EndProject
Project("{F184B08F-C81C-45F6-A57F-5ABD9991F28F}") = "CustomerMetadata", "..\CustomerMetadata\CustomerMetadata.vbproj", "{E7C2AE07-08B2-4DF8-9A74-6AA57F18C59C}"
EndProject
Global
	GlobalSection(SolutionConfiguration) = preSolution
		ConfigName.0 = Debug
		ConfigName.1 = Release
	EndGlobalSection
	GlobalSection(ProjectDependencies) = postSolution
	EndGlobalSection
	GlobalSection(ProjectConfiguration) = postSolution
		{0A4AA0D2-6608-4DAA-8E32-C705B47DFE7E}.Debug.ActiveCfg = Debug|.NET
		{0A4AA0D2-6608-4DAA-8E32-C705B47DFE7E}.Debug.Build.0 = Debug|.NET
		{0A4AA0D2-6608-4DAA-8E32-C705B47DFE7E}.Release.ActiveCfg = Release|.NET
		{0A4AA0D2-6608-4DAA-8E32-C705B47DFE7E}.Release.Build.0 = Release|.NET
		{E7C2AE07-08B2-4DF8-9A74-6AA57F18C59C}.Debug.ActiveCfg = Debug|.NET
		{E7C2AE07-08B2-4DF8-9A74-6AA57F18C59C}.Debug.Build.0 = Debug|.NET
		{E7C2AE07-08B2-4DF8-9A74-6AA57F18C59C}.Release.ActiveCfg = Release|.NET
		{E7C2AE07-08B2-4DF8-9A74-6AA57F18C59C}.Release.Build.0 = Release|.NET
	EndGlobalSection
	GlobalSection(ExtensibilityGlobals) = postSolution
	EndGlobalSection
	GlobalSection(ExtensibilityAddIns) = postSolution
	EndGlobalSection
EndGlobal
