Microsoft Visual Studio Solution File, Format Version 7.00
Project("{FAE04EC0-301F-11D3-BF4B-00C04F79EFBC}") = "MyPen-C", "MyPen-C.csproj", "{40A9AF29-F24E-4290-B2A1-E97962E78AD5}"
EndProject
Global
	GlobalSection(SolutionConfiguration) = preSolution
		ConfigName.0 = Debug
		ConfigName.1 = Release
	EndGlobalSection
	GlobalSection(ProjectDependencies) = postSolution
	EndGlobalSection
	GlobalSection(ProjectConfiguration) = postSolution
		{40A9AF29-F24E-4290-B2A1-E97962E78AD5}.Debug.ActiveCfg = Debug|.NET
		{40A9AF29-F24E-4290-B2A1-E97962E78AD5}.Debug.Build.0 = Debug|.NET
		{40A9AF29-F24E-4290-B2A1-E97962E78AD5}.Release.ActiveCfg = Release|.NET
		{40A9AF29-F24E-4290-B2A1-E97962E78AD5}.Release.Build.0 = Release|.NET
	EndGlobalSection
	GlobalSection(ExtensibilityGlobals) = postSolution
	EndGlobalSection
	GlobalSection(ExtensibilityAddIns) = postSolution
	EndGlobalSection
EndGlobal
