Microsoft Visual Studio Solution File, Format Version 7.00
Project("{F184B08F-C81C-45F6-A57F-5ABD9991F28F}") = "GeneToProtein", "GeneToProtein.vbproj", "{A6912E66-1273-4799-81B5-091F6C8150C4}"
EndProject
Global
	GlobalSection(SolutionConfiguration) = preSolution
		ConfigName.0 = Debug
		ConfigName.1 = Release
	EndGlobalSection
	GlobalSection(ProjectDependencies) = postSolution
	EndGlobalSection
	GlobalSection(ProjectConfiguration) = postSolution
		{A6912E66-1273-4799-81B5-091F6C8150C4}.Debug.ActiveCfg = Debug|.NET
		{A6912E66-1273-4799-81B5-091F6C8150C4}.Debug.Build.0 = Debug|.NET
		{A6912E66-1273-4799-81B5-091F6C8150C4}.Release.ActiveCfg = Release|.NET
		{A6912E66-1273-4799-81B5-091F6C8150C4}.Release.Build.0 = Release|.NET
	EndGlobalSection
	GlobalSection(ExtensibilityGlobals) = postSolution
	EndGlobalSection
	GlobalSection(ExtensibilityAddIns) = postSolution
	EndGlobalSection
EndGlobal
