Microsoft Visual Studio Solution File, Format Version 7.00
Project("{FAE04EC0-301F-11D3-BF4B-00C04F79EFBC}") = "MixedLanguageInheritanceExampleBase", "MixedLanguageInheritanceExample\MixedLanguageInheritanceExampleBase.csproj", "{BADCFD04-B396-42F7-A224-7C02133BEAC5}"
EndProject
Project("{F184B08F-C81C-45F6-A57F-5ABD9991F28F}") = "MixedLanguageInheritanceExampleChild", "MixedLanguageInheritanceExampleChild\MixedLanguageInheritanceExampleChild.vbproj", "{7547A40B-66FB-40DF-843D-D67E89885707}"
EndProject
Global
	GlobalSection(SolutionConfiguration) = preSolution
		ConfigName.0 = Debug
		ConfigName.1 = Release
	EndGlobalSection
	GlobalSection(ProjectDependencies) = postSolution
	EndGlobalSection
	GlobalSection(ProjectConfiguration) = postSolution
		{BADCFD04-B396-42F7-A224-7C02133BEAC5}.Debug.ActiveCfg = Debug|.NET
		{BADCFD04-B396-42F7-A224-7C02133BEAC5}.Debug.Build.0 = Debug|.NET
		{BADCFD04-B396-42F7-A224-7C02133BEAC5}.Release.ActiveCfg = Release|.NET
		{BADCFD04-B396-42F7-A224-7C02133BEAC5}.Release.Build.0 = Release|.NET
		{7547A40B-66FB-40DF-843D-D67E89885707}.Debug.ActiveCfg = Debug|.NET
		{7547A40B-66FB-40DF-843D-D67E89885707}.Debug.Build.0 = Debug|.NET
		{7547A40B-66FB-40DF-843D-D67E89885707}.Release.ActiveCfg = Release|.NET
		{7547A40B-66FB-40DF-843D-D67E89885707}.Release.Build.0 = Release|.NET
	EndGlobalSection
	GlobalSection(ExtensibilityGlobals) = postSolution
	EndGlobalSection
	GlobalSection(ExtensibilityAddIns) = postSolution
	EndGlobalSection
EndGlobal
