Microsoft Visual Studio Solution File, Format Version 7.00
Project("{FAE04EC0-301F-11D3-BF4B-00C04F79EFBC}") = "CustomCap-c", "CustomCap-c.csproj", "{4E3482AD-08C1-4FC8-868C-DBCBB54FCE9E}"
EndProject
Global
	GlobalSection(SolutionConfiguration) = preSolution
		ConfigName.0 = Debug
		ConfigName.1 = Release
	EndGlobalSection
	GlobalSection(ProjectDependencies) = postSolution
	EndGlobalSection
	GlobalSection(ProjectConfiguration) = postSolution
		{4E3482AD-08C1-4FC8-868C-DBCBB54FCE9E}.Debug.ActiveCfg = Debug|.NET
		{4E3482AD-08C1-4FC8-868C-DBCBB54FCE9E}.Debug.Build.0 = Debug|.NET
		{4E3482AD-08C1-4FC8-868C-DBCBB54FCE9E}.Release.ActiveCfg = Release|.NET
		{4E3482AD-08C1-4FC8-868C-DBCBB54FCE9E}.Release.Build.0 = Release|.NET
	EndGlobalSection
	GlobalSection(ExtensibilityGlobals) = postSolution
	EndGlobalSection
	GlobalSection(ExtensibilityAddIns) = postSolution
	EndGlobalSection
EndGlobal
