Microsoft Visual Studio Solution File, Format Version 7.00
Project("{FAE04EC0-301F-11D3-BF4B-00C04F79EFBC}") = "BitmapOther-c", "BitmapOther-c.csproj", "{8592BD5B-93FA-41A3-ACB0-D6252EB5A76C}"
EndProject
Global
	GlobalSection(SolutionConfiguration) = preSolution
		ConfigName.0 = Debug
		ConfigName.1 = Release
	EndGlobalSection
	GlobalSection(ProjectDependencies) = postSolution
	EndGlobalSection
	GlobalSection(ProjectConfiguration) = postSolution
		{8592BD5B-93FA-41A3-ACB0-D6252EB5A76C}.Debug.ActiveCfg = Debug|.NET
		{8592BD5B-93FA-41A3-ACB0-D6252EB5A76C}.Debug.Build.0 = Debug|.NET
		{8592BD5B-93FA-41A3-ACB0-D6252EB5A76C}.Release.ActiveCfg = Release|.NET
		{8592BD5B-93FA-41A3-ACB0-D6252EB5A76C}.Release.Build.0 = Release|.NET
	EndGlobalSection
	GlobalSection(ExtensibilityGlobals) = postSolution
	EndGlobalSection
	GlobalSection(ExtensibilityAddIns) = postSolution
	EndGlobalSection
EndGlobal
