Microsoft Visual Studio Solution File, Format Version 7.00
Project("{FAE04EC0-301F-11D3-BF4B-00C04F79EFBC}") = "BitMapExt-c", "BitMapExt-c.csproj", "{DB10E9AE-2A5F-4C1E-B3C9-577E513A8079}"
EndProject
Global
	GlobalSection(SolutionConfiguration) = preSolution
		ConfigName.0 = Debug
		ConfigName.1 = Release
	EndGlobalSection
	GlobalSection(ProjectDependencies) = postSolution
	EndGlobalSection
	GlobalSection(ProjectConfiguration) = postSolution
		{DB10E9AE-2A5F-4C1E-B3C9-577E513A8079}.Debug.ActiveCfg = Debug|.NET
		{DB10E9AE-2A5F-4C1E-B3C9-577E513A8079}.Debug.Build.0 = Debug|.NET
		{DB10E9AE-2A5F-4C1E-B3C9-577E513A8079}.Release.ActiveCfg = Release|.NET
		{DB10E9AE-2A5F-4C1E-B3C9-577E513A8079}.Release.Build.0 = Release|.NET
	EndGlobalSection
	GlobalSection(ExtensibilityGlobals) = postSolution
	EndGlobalSection
	GlobalSection(ExtensibilityAddIns) = postSolution
	EndGlobalSection
EndGlobal
