Microsoft Visual Studio Solution File, Format Version 7.00
Project("{F184B08F-C81C-45F6-A57F-5ABD9991F28F}") = "ContextAgile", "ContextAgile.vbproj", "{2F76D7E4-1785-4040-9CBD-947B270CDC0D}"
EndProject
Global
	GlobalSection(SolutionConfiguration) = preSolution
		ConfigName.0 = Debug
		ConfigName.1 = Release
	EndGlobalSection
	GlobalSection(ProjectDependencies) = postSolution
	EndGlobalSection
	GlobalSection(ProjectConfiguration) = postSolution
		{2F76D7E4-1785-4040-9CBD-947B270CDC0D}.Debug.ActiveCfg = Debug|.NET
		{2F76D7E4-1785-4040-9CBD-947B270CDC0D}.Debug.Build.0 = Debug|.NET
		{2F76D7E4-1785-4040-9CBD-947B270CDC0D}.Release.ActiveCfg = Release|.NET
		{2F76D7E4-1785-4040-9CBD-947B270CDC0D}.Release.Build.0 = Release|.NET
	EndGlobalSection
	GlobalSection(ExtensibilityGlobals) = postSolution
	EndGlobalSection
	GlobalSection(ExtensibilityAddIns) = postSolution
	EndGlobalSection
EndGlobal
