Microsoft Visual Studio Solution File, Format Version 7.00
Project("{FAE04EC0-301F-11D3-BF4B-00C04F79EFBC}") = "SystemGDI-c", "SystemGDI-c.csproj", "{19F7A671-60C3-4765-9F5A-995AAAFBBC39}"
EndProject
Global
	GlobalSection(SolutionConfiguration) = preSolution
		ConfigName.0 = Debug
		ConfigName.1 = Release
	EndGlobalSection
	GlobalSection(ProjectDependencies) = postSolution
	EndGlobalSection
	GlobalSection(ProjectConfiguration) = postSolution
		{19F7A671-60C3-4765-9F5A-995AAAFBBC39}.Debug.ActiveCfg = Debug|.NET
		{19F7A671-60C3-4765-9F5A-995AAAFBBC39}.Debug.Build.0 = Debug|.NET
		{19F7A671-60C3-4765-9F5A-995AAAFBBC39}.Release.ActiveCfg = Release|.NET
		{19F7A671-60C3-4765-9F5A-995AAAFBBC39}.Release.Build.0 = Release|.NET
	EndGlobalSection
	GlobalSection(ExtensibilityGlobals) = postSolution
	EndGlobalSection
	GlobalSection(ExtensibilityAddIns) = postSolution
	EndGlobalSection
EndGlobal
