Microsoft Visual Studio Solution File, Format Version 7.00
Project("{FAE04EC0-301F-11D3-BF4B-00C04F79EFBC}") = "GraphicsObject-c", "GraphicsObject-c.csproj", "{820885FB-44A6-4E43-981D-9F8E788F56B8}"
EndProject
Global
	GlobalSection(SolutionConfiguration) = preSolution
		ConfigName.0 = Debug
		ConfigName.1 = Release
	EndGlobalSection
	GlobalSection(ProjectDependencies) = postSolution
	EndGlobalSection
	GlobalSection(ProjectConfiguration) = postSolution
		{820885FB-44A6-4E43-981D-9F8E788F56B8}.Debug.ActiveCfg = Debug|.NET
		{820885FB-44A6-4E43-981D-9F8E788F56B8}.Debug.Build.0 = Debug|.NET
		{820885FB-44A6-4E43-981D-9F8E788F56B8}.Release.ActiveCfg = Release|.NET
		{820885FB-44A6-4E43-981D-9F8E788F56B8}.Release.Build.0 = Release|.NET
	EndGlobalSection
	GlobalSection(ExtensibilityGlobals) = postSolution
	EndGlobalSection
	GlobalSection(ExtensibilityAddIns) = postSolution
	EndGlobalSection
EndGlobal
