Microsoft Visual Studio Solution File, Format Version 7.00
Project("{F184B08F-C81C-45F6-A57F-5ABD9991F28F}") = "ContextBound", "ContextBound.vbproj", "{1D1266EF-B6EC-4C55-9794-774D2C2D177C}"
EndProject
Global
	GlobalSection(SolutionConfiguration) = preSolution
		ConfigName.0 = Debug
		ConfigName.1 = Release
	EndGlobalSection
	GlobalSection(ProjectDependencies) = postSolution
	EndGlobalSection
	GlobalSection(ProjectConfiguration) = postSolution
		{1D1266EF-B6EC-4C55-9794-774D2C2D177C}.Debug.ActiveCfg = Debug|.NET
		{1D1266EF-B6EC-4C55-9794-774D2C2D177C}.Debug.Build.0 = Debug|.NET
		{1D1266EF-B6EC-4C55-9794-774D2C2D177C}.Release.ActiveCfg = Release|.NET
		{1D1266EF-B6EC-4C55-9794-774D2C2D177C}.Release.Build.0 = Release|.NET
	EndGlobalSection
	GlobalSection(ExtensibilityGlobals) = postSolution
	EndGlobalSection
	GlobalSection(ExtensibilityAddIns) = postSolution
	EndGlobalSection
EndGlobal
