// !$*UTF8*$!
{
	archiveVersion = 1;
	classes = {
	};
	objectVersion = 46;
	objects = {

/* Begin PBXBuildFile section */
		090642D51E1E6ED000BAF5FD /* AppDelegate.swift in Sources */ = {isa = PBXBuildFile; fileRef = 090642D41E1E6ED000BAF5FD /* AppDelegate.swift */; };
		090642DA1E1E6ED000BAF5FD /* Main.storyboard in Resources */ = {isa = PBXBuildFile; fileRef = 090642D81E1E6ED000BAF5FD /* Main.storyboard */; };
		090642DC1E1E6ED000BAF5FD /* Assets.xcassets in Resources */ = {isa = PBXBuildFile; fileRef = 090642DB1E1E6ED000BAF5FD /* Assets.xcassets */; };
		090642DF1E1E6ED000BAF5FD /* LaunchScreen.storyboard in Resources */ = {isa = PBXBuildFile; fileRef = 090642DD1E1E6ED000BAF5FD /* LaunchScreen.storyboard */; };
		090642E71E1E72CF00BAF5FD /* GoogleService-Info.plist in Resources */ = {isa = PBXBuildFile; fileRef = 090642E61E1E72CE00BAF5FD /* GoogleService-Info.plist */; };
		7561F5B01E1ED30C00736FD6 /* DoctorTableVC.swift in Sources */ = {isa = PBXBuildFile; fileRef = 7561F5AF1E1ED30C00736FD6 /* DoctorTableVC.swift */; };
		7561F5B21E1ED91700736FD6 /* BookAppointmentVC.swift in Sources */ = {isa = PBXBuildFile; fileRef = 7561F5B11E1ED91700736FD6 /* BookAppointmentVC.swift */; };
		7561F5B81E1EDE6900736FD6 /* Constants.swift in Sources */ = {isa = PBXBuildFile; fileRef = 7561F5B71E1EDE6900736FD6 /* Constants.swift */; };
		7561F5BA1E1EED6A00736FD6 /* PatientTableVC.swift in Sources */ = {isa = PBXBuildFile; fileRef = 7561F5B91E1EED6A00736FD6 /* PatientTableVC.swift */; };
		7561F5BD1E1EF04000736FD6 /* PatientModel.swift in Sources */ = {isa = PBXBuildFile; fileRef = 7561F5BC1E1EF04000736FD6 /* PatientModel.swift */; };
		8A58171F744CB049F0791533 /* Pods_FirebaseAnalyticsDemo.framework in Frameworks */ = {isa = PBXBuildFile; fileRef = 3ED7E44F75F27CB393647D11 /* Pods_FirebaseAnalyticsDemo.framework */; };
/* End PBXBuildFile section */

/* Begin PBXFileReference section */
		090642D11E1E6ED000BAF5FD /* FirebaseAnalyticsDemo.app */ = {isa = PBXFileReference; explicitFileType = wrapper.application; includeInIndex = 0; path = FirebaseAnalyticsDemo.app; sourceTree = BUILT_PRODUCTS_DIR; };
		090642D41E1E6ED000BAF5FD /* AppDelegate.swift */ = {isa = PBXFileReference; lastKnownFileType = sourcecode.swift; path = AppDelegate.swift; sourceTree = "<group>"; };
		090642D91E1E6ED000BAF5FD /* Base */ = {isa = PBXFileReference; lastKnownFileType = file.storyboard; name = Base; path = Base.lproj/Main.storyboard; sourceTree = "<group>"; };
		090642DB1E1E6ED000BAF5FD /* Assets.xcassets */ = {isa = PBXFileReference; lastKnownFileType = folder.assetcatalog; path = Assets.xcassets; sourceTree = "<group>"; };
		090642DE1E1E6ED000BAF5FD /* Base */ = {isa = PBXFileReference; lastKnownFileType = file.storyboard; name = Base; path = Base.lproj/LaunchScreen.storyboard; sourceTree = "<group>"; };
		090642E01E1E6ED000BAF5FD /* Info.plist */ = {isa = PBXFileReference; lastKnownFileType = text.plist.xml; path = Info.plist; sourceTree = "<group>"; };
		090642E61E1E72CE00BAF5FD /* GoogleService-Info.plist */ = {isa = PBXFileReference; fileEncoding = 4; lastKnownFileType = text.plist.xml; path = "GoogleService-Info.plist"; sourceTree = "<group>"; };
		3ED7E44F75F27CB393647D11 /* Pods_FirebaseAnalyticsDemo.framework */ = {isa = PBXFileReference; explicitFileType = wrapper.framework; includeInIndex = 0; path = Pods_FirebaseAnalyticsDemo.framework; sourceTree = BUILT_PRODUCTS_DIR; };
		7561F5AF1E1ED30C00736FD6 /* DoctorTableVC.swift */ = {isa = PBXFileReference; fileEncoding = 4; lastKnownFileType = sourcecode.swift; path = DoctorTableVC.swift; sourceTree = "<group>"; };
		7561F5B11E1ED91700736FD6 /* BookAppointmentVC.swift */ = {isa = PBXFileReference; fileEncoding = 4; lastKnownFileType = sourcecode.swift; path = BookAppointmentVC.swift; sourceTree = "<group>"; };
		7561F5B71E1EDE6900736FD6 /* Constants.swift */ = {isa = PBXFileReference; fileEncoding = 4; lastKnownFileType = sourcecode.swift; path = Constants.swift; sourceTree = "<group>"; };
		7561F5B91E1EED6A00736FD6 /* PatientTableVC.swift */ = {isa = PBXFileReference; fileEncoding = 4; lastKnownFileType = sourcecode.swift; path = PatientTableVC.swift; sourceTree = "<group>"; };
		7561F5BC1E1EF04000736FD6 /* PatientModel.swift */ = {isa = PBXFileReference; fileEncoding = 4; lastKnownFileType = sourcecode.swift; path = PatientModel.swift; sourceTree = "<group>"; };
		A83EED2027B3130D94AA50B3 /* Pods-FirebaseAnalyticsDemo.release.xcconfig */ = {isa = PBXFileReference; includeInIndex = 1; lastKnownFileType = text.xcconfig; name = "Pods-FirebaseAnalyticsDemo.release.xcconfig"; path = "Pods/Target Support Files/Pods-FirebaseAnalyticsDemo/Pods-FirebaseAnalyticsDemo.release.xcconfig"; sourceTree = "<group>"; };
		CCAD79C9FB63517267B9E904 /* Pods-FirebaseAnalyticsDemo.debug.xcconfig */ = {isa = PBXFileReference; includeInIndex = 1; lastKnownFileType = text.xcconfig; name = "Pods-FirebaseAnalyticsDemo.debug.xcconfig"; path = "Pods/Target Support Files/Pods-FirebaseAnalyticsDemo/Pods-FirebaseAnalyticsDemo.debug.xcconfig"; sourceTree = "<group>"; };
/* End PBXFileReference section */

/* Begin PBXFrameworksBuildPhase section */
		090642CE1E1E6ED000BAF5FD /* Frameworks */ = {
			isa = PBXFrameworksBuildPhase;
			buildActionMask = 2147483647;
			files = (
				8A58171F744CB049F0791533 /* Pods_FirebaseAnalyticsDemo.framework in Frameworks */,
			);
			runOnlyForDeploymentPostprocessing = 0;
		};
/* End PBXFrameworksBuildPhase section */

/* Begin PBXGroup section */
		090642C81E1E6ED000BAF5FD = {
			isa = PBXGroup;
			children = (
				090642D31E1E6ED000BAF5FD /* FirebaseAnalyticsDemo */,
				090642D21E1E6ED000BAF5FD /* Products */,
				13FE93E8EABB3D7F5D7F3FD9 /* Pods */,
				CE84AA9A09E2295A55D1AE53 /* Frameworks */,
			);
			sourceTree = "<group>";
		};
		090642D21E1E6ED000BAF5FD /* Products */ = {
			isa = PBXGroup;
			children = (
				090642D11E1E6ED000BAF5FD /* FirebaseAnalyticsDemo.app */,
			);
			name = Products;
			sourceTree = "<group>";
		};
		090642D31E1E6ED000BAF5FD /* FirebaseAnalyticsDemo */ = {
			isa = PBXGroup;
			children = (
				7561F5BB1E1EF01900736FD6 /* Model */,
				7561F5B41E1EDE2600736FD6 /* Constants */,
				7561F5AC1E1ED2A600736FD6 /* Controllers */,
				7561F5AA1E1ECF2400736FD6 /* Initials */,
				7561F5AB1E1ECF3200736FD6 /* Layout */,
			);
			path = FirebaseAnalyticsDemo;
			sourceTree = "<group>";
		};
		13FE93E8EABB3D7F5D7F3FD9 /* Pods */ = {
			isa = PBXGroup;
			children = (
				CCAD79C9FB63517267B9E904 /* Pods-FirebaseAnalyticsDemo.debug.xcconfig */,
				A83EED2027B3130D94AA50B3 /* Pods-FirebaseAnalyticsDemo.release.xcconfig */,
			);
			name = Pods;
			sourceTree = "<group>";
		};
		7561F5AA1E1ECF2400736FD6 /* Initials */ = {
			isa = PBXGroup;
			children = (
				090642D41E1E6ED000BAF5FD /* AppDelegate.swift */,
				090642DB1E1E6ED000BAF5FD /* Assets.xcassets */,
				090642E01E1E6ED000BAF5FD /* Info.plist */,
				090642E61E1E72CE00BAF5FD /* GoogleService-Info.plist */,
			);
			name = Initials;
			sourceTree = "<group>";
		};
		7561F5AB1E1ECF3200736FD6 /* Layout */ = {
			isa = PBXGroup;
			children = (
				090642D81E1E6ED000BAF5FD /* Main.storyboard */,
				090642DD1E1E6ED000BAF5FD /* LaunchScreen.storyboard */,
			);
			name = Layout;
			sourceTree = "<group>";
		};
		7561F5AC1E1ED2A600736FD6 /* Controllers */ = {
			isa = PBXGroup;
			children = (
				7561F5AF1E1ED30C00736FD6 /* DoctorTableVC.swift */,
				7561F5B11E1ED91700736FD6 /* BookAppointmentVC.swift */,
				7561F5B91E1EED6A00736FD6 /* PatientTableVC.swift */,
			);
			name = Controllers;
			sourceTree = "<group>";
		};
		7561F5B41E1EDE2600736FD6 /* Constants */ = {
			isa = PBXGroup;
			children = (
				7561F5B71E1EDE6900736FD6 /* Constants.swift */,
			);
			name = Constants;
			sourceTree = "<group>";
		};
		7561F5BB1E1EF01900736FD6 /* Model */ = {
			isa = PBXGroup;
			children = (
				7561F5BC1E1EF04000736FD6 /* PatientModel.swift */,
			);
			name = Model;
			sourceTree = "<group>";
		};
		CE84AA9A09E2295A55D1AE53 /* Frameworks */ = {
			isa = PBXGroup;
			children = (
				3ED7E44F75F27CB393647D11 /* Pods_FirebaseAnalyticsDemo.framework */,
			);
			name = Frameworks;
			sourceTree = "<group>";
		};
/* End PBXGroup section */

/* Begin PBXNativeTarget section */
		090642D01E1E6ED000BAF5FD /* FirebaseAnalyticsDemo */ = {
			isa = PBXNativeTarget;
			buildConfigurationList = 090642E31E1E6ED000BAF5FD /* Build configuration list for PBXNativeTarget "FirebaseAnalyticsDemo" */;
			buildPhases = (
				83B48F602BC115A1D9FF331B /* [CP] Check Pods Manifest.lock */,
				090642CD1E1E6ED000BAF5FD /* Sources */,
				090642CE1E1E6ED000BAF5FD /* Frameworks */,
				090642CF1E1E6ED000BAF5FD /* Resources */,
				10B0748ABE9A902F1202A1C0 /* [CP] Embed Pods Frameworks */,
				D5D0F37A48F720497B2AAFA0 /* [CP] Copy Pods Resources */,
			);
			buildRules = (
			);
			dependencies = (
			);
			name = FirebaseAnalyticsDemo;
			productName = FirebaseAnalyticsDemo;
			productReference = 090642D11E1E6ED000BAF5FD /* FirebaseAnalyticsDemo.app */;
			productType = "com.apple.product-type.application";
		};
/* End PBXNativeTarget section */

/* Begin PBXProject section */
		090642C91E1E6ED000BAF5FD /* Project object */ = {
			isa = PBXProject;
			attributes = {
				LastSwiftUpdateCheck = 0810;
				LastUpgradeCheck = 0810;
				ORGANIZATIONNAME = ashish.me;
				TargetAttributes = {
					090642D01E1E6ED000BAF5FD = {
						CreatedOnToolsVersion = 8.1;
						DevelopmentTeam = 977LY923S7;
						ProvisioningStyle = Automatic;
					};
				};
			};
			buildConfigurationList = 090642CC1E1E6ED000BAF5FD /* Build configuration list for PBXProject "FirebaseAnalyticsDemo" */;
			compatibilityVersion = "Xcode 3.2";
			developmentRegion = English;
			hasScannedForEncodings = 0;
			knownRegions = (
				en,
				Base,
			);
			mainGroup = 090642C81E1E6ED000BAF5FD;
			productRefGroup = 090642D21E1E6ED000BAF5FD /* Products */;
			projectDirPath = "";
			projectRoot = "";
			targets = (
				090642D01E1E6ED000BAF5FD /* FirebaseAnalyticsDemo */,
			);
		};
/* End PBXProject section */

/* Begin PBXResourcesBuildPhase section */
		090642CF1E1E6ED000BAF5FD /* Resources */ = {
			isa = PBXResourcesBuildPhase;
			buildActionMask = 2147483647;
			files = (
				090642DF1E1E6ED000BAF5FD /* LaunchScreen.storyboard in Resources */,
				090642E71E1E72CF00BAF5FD /* GoogleService-Info.plist in Resources */,
				090642DC1E1E6ED000BAF5FD /* Assets.xcassets in Resources */,
				090642DA1E1E6ED000BAF5FD /* Main.storyboard in Resources */,
			);
			runOnlyForDeploymentPostprocessing = 0;
		};
/* End PBXResourcesBuildPhase section */

/* Begin PBXShellScriptBuildPhase section */
		10B0748ABE9A902F1202A1C0 /* [CP] Embed Pods Frameworks */ = {
			isa = PBXShellScriptBuildPhase;
			buildActionMask = 2147483647;
			files = (
			);
			inputPaths = (
			);
			name = "[CP] Embed Pods Frameworks";
			outputPaths = (
			);
			runOnlyForDeploymentPostprocessing = 0;
			shellPath = /bin/sh;
			shellScript = "\"${SRCROOT}/Pods/Target Support Files/Pods-FirebaseAnalyticsDemo/Pods-FirebaseAnalyticsDemo-frameworks.sh\"\n";
			showEnvVarsInLog = 0;
		};
		83B48F602BC115A1D9FF331B /* [CP] Check Pods Manifest.lock */ = {
			isa = PBXShellScriptBuildPhase;
			buildActionMask = 2147483647;
			files = (
			);
			inputPaths = (
			);
			name = "[CP] Check Pods Manifest.lock";
			outputPaths = (
			);
			runOnlyForDeploymentPostprocessing = 0;
			shellPath = /bin/sh;
			shellScript = "diff \"${PODS_ROOT}/../Podfile.lock\" \"${PODS_ROOT}/Manifest.lock\" > /dev/null\nif [ $? != 0 ] ; then\n    # print error to STDERR\n    echo \"error: The sandbox is not in sync with the Podfile.lock. Run 'pod install' or update your CocoaPods installation.\" >&2\n    exit 1\nfi\n";
			showEnvVarsInLog = 0;
		};
		D5D0F37A48F720497B2AAFA0 /* [CP] Copy Pods Resources */ = {
			isa = PBXShellScriptBuildPhase;
			buildActionMask = 2147483647;
			files = (
			);
			inputPaths = (
			);
			name = "[CP] Copy Pods Resources";
			outputPaths = (
			);
			runOnlyForDeploymentPostprocessing = 0;
			shellPath = /bin/sh;
			shellScript = "\"${SRCROOT}/Pods/Target Support Files/Pods-FirebaseAnalyticsDemo/Pods-FirebaseAnalyticsDemo-resources.sh\"\n";
			showEnvVarsInLog = 0;
		};
/* End PBXShellScriptBuildPhase section */

/* Begin PBXSourcesBuildPhase section */
		090642CD1E1E6ED000BAF5FD /* Sources */ = {
			isa = PBXSourcesBuildPhase;
			buildActionMask = 2147483647;
			files = (
				7561F5B01E1ED30C00736FD6 /* DoctorTableVC.swift in Sources */,
				7561F5BD1E1EF04000736FD6 /* PatientModel.swift in Sources */,
				7561F5BA1E1EED6A00736FD6 /* PatientTableVC.swift in Sources */,
				090642D51E1E6ED000BAF5FD /* AppDelegate.swift in Sources */,
				7561F5B21E1ED91700736FD6 /* BookAppointmentVC.swift in Sources */,
				7561F5B81E1EDE6900736FD6 /* Constants.swift in Sources */,
			);
			runOnlyForDeploymentPostprocessing = 0;
		};
/* End PBXSourcesBuildPhase section */

/* Begin PBXVariantGroup section */
		090642D81E1E6ED000BAF5FD /* Main.storyboard */ = {
			isa = PBXVariantGroup;
			children = (
				090642D91E1E6ED000BAF5FD /* Base */,
			);
			name = Main.storyboard;
			sourceTree = "<group>";
		};
		090642DD1E1E6ED000BAF5FD /* LaunchScreen.storyboard */ = {
			isa = PBXVariantGroup;
			children = (
				090642DE1E1E6ED000BAF5FD /* Base */,
			);
			name = LaunchScreen.storyboard;
			sourceTree = "<group>";
		};
/* End PBXVariantGroup section */

/* Begin XCBuildConfiguration section */
		090642E11E1E6ED000BAF5FD /* Debug */ = {
			isa = XCBuildConfiguration;
			buildSettings = {
				ALWAYS_SEARCH_USER_PATHS = NO;
				CLANG_ANALYZER_NONNULL = YES;
				CLANG_CXX_LANGUAGE_STANDARD = "gnu++0x";
				CLANG_CXX_LIBRARY = "libc++";
				CLANG_ENABLE_MODULES = YES;
				CLANG_ENABLE_OBJC_ARC = YES;
				CLANG_WARN_BOOL_CONVERSION = YES;
				CLANG_WARN_CONSTANT_CONVERSION = YES;
				CLANG_WARN_DIRECT_OBJC_ISA_USAGE = YES_ERROR;
				CLANG_WARN_DOCUMENTATION_COMMENTS = YES;
				CLANG_WARN_EMPTY_BODY = YES;
				CLANG_WARN_ENUM_CONVERSION = YES;
				CLANG_WARN_INFINITE_RECURSION = YES;
				CLANG_WARN_INT_CONVERSION = YES;
				CLANG_WARN_OBJC_ROOT_CLASS = YES_ERROR;
				CLANG_WARN_SUSPICIOUS_MOVES = YES;
				CLANG_WARN_UNREACHABLE_CODE = YES;
				CLANG_WARN__DUPLICATE_METHOD_MATCH = YES;
				"CODE_SIGN_IDENTITY[sdk=iphoneos*]" = "iPhone Developer";
				COPY_PHASE_STRIP = NO;
				DEBUG_INFORMATION_FORMAT = dwarf;
				ENABLE_STRICT_OBJC_MSGSEND = YES;
				ENABLE_TESTABILITY = YES;
				GCC_C_LANGUAGE_STANDARD = gnu99;
				GCC_DYNAMIC_NO_PIC = NO;
				GCC_NO_COMMON_BLOCKS = YES;
				GCC_OPTIMIZATION_LEVEL = 0;
				GCC_PREPROCESSOR_DEFINITIONS = (
					"DEBUG=1",
					"$(inherited)",
				);
				GCC_WARN_64_TO_32_BIT_CONVERSION = YES;
				GCC_WARN_ABOUT_RETURN_TYPE = YES_ERROR;
				GCC_WARN_UNDECLARED_SELECTOR = YES;
				GCC_WARN_UNINITIALIZED_AUTOS = YES_AGGRESSIVE;
				GCC_WARN_UNUSED_FUNCTION = YES;
				GCC_WARN_UNUSED_VARIABLE = YES;
				IPHONEOS_DEPLOYMENT_TARGET = 10.1;
				MTL_ENABLE_DEBUG_INFO = YES;
				ONLY_ACTIVE_ARCH = YES;
				SDKROOT = iphoneos;
				SWIFT_ACTIVE_COMPILATION_CONDITIONS = DEBUG;
				SWIFT_OPTIMIZATION_LEVEL = "-Onone";
			};
			name = Debug;
		};
		090642E21E1E6ED000BAF5FD /* Release */ = {
			isa = XCBuildConfiguration;
			buildSettings = {
				ALWAYS_SEARCH_USER_PATHS = NO;
				CLANG_ANALYZER_NONNULL = YES;
				CLANG_CXX_LANGUAGE_STANDARD = "gnu++0x";
				CLANG_CXX_LIBRARY = "libc++";
				CLANG_ENABLE_MODULES = YES;
				CLANG_ENABLE_OBJC_ARC = YES;
				CLANG_WARN_BOOL_CONVERSION = YES;
				CLANG_WARN_CONSTANT_CONVERSION = YES;
				CLANG_WARN_DIRECT_OBJC_ISA_USAGE = YES_ERROR;
				CLANG_WARN_DOCUMENTATION_COMMENTS = YES;
				CLANG_WARN_EMPTY_BODY = YES;
				CLANG_WARN_ENUM_CONVERSION = YES;
				CLANG_WARN_INFINITE_RECURSION = YES;
				CLANG_WARN_INT_CONVERSION = YES;
				CLANG_WARN_OBJC_ROOT_CLASS = YES_ERROR;
				CLANG_WARN_SUSPICIOUS_MOVES = YES;
				CLANG_WARN_UNREACHABLE_CODE = YES;
				CLANG_WARN__DUPLICATE_METHOD_MATCH = YES;
				"CODE_SIGN_IDENTITY[sdk=iphoneos*]" = "iPhone Developer";
				COPY_PHASE_STRIP = NO;
				DEBUG_INFORMATION_FORMAT = "dwarf-with-dsym";
				ENABLE_NS_ASSERTIONS = NO;
				ENABLE_STRICT_OBJC_MSGSEND = YES;
				GCC_C_LANGUAGE_STANDARD = gnu99;
				GCC_NO_COMMON_BLOCKS = YES;
				GCC_WARN_64_TO_32_BIT_CONVERSION = YES;
				GCC_WARN_ABOUT_RETURN_TYPE = YES_ERROR;
				GCC_WARN_UNDECLARED_SELECTOR = YES;
				GCC_WARN_UNINITIALIZED_AUTOS = YES_AGGRESSIVE;
				GCC_WARN_UNUSED_FUNCTION = YES;
				GCC_WARN_UNUSED_VARIABLE = YES;
				IPHONEOS_DEPLOYMENT_TARGET = 10.1;
				MTL_ENABLE_DEBUG_INFO = NO;
				SDKROOT = iphoneos;
				SWIFT_OPTIMIZATION_LEVEL = "-Owholemodule";
				VALIDATE_PRODUCT = YES;
			};
			name = Release;
		};
		090642E41E1E6ED000BAF5FD /* Debug */ = {
			isa = XCBuildConfiguration;
			baseConfigurationReference = CCAD79C9FB63517267B9E904 /* Pods-FirebaseAnalyticsDemo.debug.xcconfig */;
			buildSettings = {
				ASSETCATALOG_COMPILER_APPICON_NAME = AppIcon;
				DEVELOPMENT_TEAM = 977LY923S7;
				INFOPLIST_FILE = FirebaseAnalyticsDemo/Info.plist;
				IPHONEOS_DEPLOYMENT_TARGET = 10.0;
				LD_RUNPATH_SEARCH_PATHS = "$(inherited) @executable_path/Frameworks";
				PRODUCT_BUNDLE_IDENTIFIER = me.ashish.FirebaseAnalyticsDemo;
				PRODUCT_NAME = "$(TARGET_NAME)";
				SWIFT_VERSION = 3.0;
			};
			name = Debug;
		};
		090642E51E1E6ED000BAF5FD /* Release */ = {
			isa = XCBuildConfiguration;
			baseConfigurationReference = A83EED2027B3130D94AA50B3 /* Pods-FirebaseAnalyticsDemo.release.xcconfig */;
			buildSettings = {
				ASSETCATALOG_COMPILER_APPICON_NAME = AppIcon;
				DEVELOPMENT_TEAM = 977LY923S7;
				INFOPLIST_FILE = FirebaseAnalyticsDemo/Info.plist;
				IPHONEOS_DEPLOYMENT_TARGET = 10.0;
				LD_RUNPATH_SEARCH_PATHS = "$(inherited) @executable_path/Frameworks";
				PRODUCT_BUNDLE_IDENTIFIER = me.ashish.FirebaseAnalyticsDemo;
				PRODUCT_NAME = "$(TARGET_NAME)";
				SWIFT_VERSION = 3.0;
			};
			name = Release;
		};
/* End XCBuildConfiguration section */

/* Begin XCConfigurationList section */
		090642CC1E1E6ED000BAF5FD /* Build configuration list for PBXProject "FirebaseAnalyticsDemo" */ = {
			isa = XCConfigurationList;
			buildConfigurations = (
				090642E11E1E6ED000BAF5FD /* Debug */,
				090642E21E1E6ED000BAF5FD /* Release */,
			);
			defaultConfigurationIsVisible = 0;
			defaultConfigurationName = Release;
		};
		090642E31E1E6ED000BAF5FD /* Build configuration list for PBXNativeTarget "FirebaseAnalyticsDemo" */ = {
			isa = XCConfigurationList;
			buildConfigurations = (
				090642E41E1E6ED000BAF5FD /* Debug */,
				090642E51E1E6ED000BAF5FD /* Release */,
			);
			defaultConfigurationIsVisible = 0;
			defaultConfigurationName = Release;
		};
/* End XCConfigurationList section */
	};
	rootObject = 090642C91E1E6ED000BAF5FD /* Project object */;
}
