Microsoft Visual Studio Solution File, Format Version 7.00
Project("{FAE04EC0-301F-11D3-BF4B-00C04F79EFBC}") = "ClipDraw-c", "ClipDraw-c.csproj", "{0395F0A0-70A6-45CB-A4D3-7D100F13CE18}"
EndProject
Global
	GlobalSection(SolutionConfiguration) = preSolution
		ConfigName.0 = Debug
		ConfigName.1 = Release
	EndGlobalSection
	GlobalSection(ProjectDependencies) = postSolution
	EndGlobalSection
	GlobalSection(ProjectConfiguration) = postSolution
		{0395F0A0-70A6-45CB-A4D3-7D100F13CE18}.Debug.ActiveCfg = Debug|.NET
		{0395F0A0-70A6-45CB-A4D3-7D100F13CE18}.Debug.Build.0 = Debug|.NET
		{0395F0A0-70A6-45CB-A4D3-7D100F13CE18}.Release.ActiveCfg = Release|.NET
		{0395F0A0-70A6-45CB-A4D3-7D100F13CE18}.Release.Build.0 = Release|.NET
	EndGlobalSection
	GlobalSection(ExtensibilityGlobals) = postSolution
	EndGlobalSection
	GlobalSection(ExtensibilityAddIns) = postSolution
	EndGlobalSection
EndGlobal
