Microsoft Visual Studio Solution File, Format Version 7.00
Project("{FAE04EC0-301F-11D3-BF4B-00C04F79EFBC}") = "XmlSerialization", "XmlSerialization.csproj", "{EEB0E6D9-6830-4152-AC9F-3C0D12676B5E}"
EndProject
Global
	GlobalSection(SolutionConfiguration) = preSolution
		ConfigName.0 = Debug
		ConfigName.1 = Release
	EndGlobalSection
	GlobalSection(ProjectDependencies) = postSolution
	EndGlobalSection
	GlobalSection(ProjectConfiguration) = postSolution
		{EEB0E6D9-6830-4152-AC9F-3C0D12676B5E}.Debug.ActiveCfg = Debug|.NET
		{EEB0E6D9-6830-4152-AC9F-3C0D12676B5E}.Debug.Build.0 = Debug|.NET
		{EEB0E6D9-6830-4152-AC9F-3C0D12676B5E}.Release.ActiveCfg = Release|.NET
		{EEB0E6D9-6830-4152-AC9F-3C0D12676B5E}.Release.Build.0 = Release|.NET
	EndGlobalSection
	GlobalSection(ExtensibilityGlobals) = postSolution
	EndGlobalSection
	GlobalSection(ExtensibilityAddIns) = postSolution
	EndGlobalSection
EndGlobal
