Microsoft Visual Studio Solution File, Format Version 7.00
Project("{FAE04EC0-301F-11D3-BF4B-00C04F79EFBC}") = "PublisherPolicy", "PublisherPolicy.csproj", "{A8533C91-5AE6-4468-A7D3-4098B3899E08}"
EndProject
Global
	GlobalSection(SolutionConfiguration) = preSolution
		ConfigName.0 = Debug
		ConfigName.1 = Release
	EndGlobalSection
	GlobalSection(ProjectDependencies) = postSolution
	EndGlobalSection
	GlobalSection(ProjectConfiguration) = postSolution
		{A8533C91-5AE6-4468-A7D3-4098B3899E08}.Debug.ActiveCfg = Debug|.NET
		{A8533C91-5AE6-4468-A7D3-4098B3899E08}.Debug.Build.0 = Debug|.NET
		{A8533C91-5AE6-4468-A7D3-4098B3899E08}.Release.ActiveCfg = Release|.NET
		{A8533C91-5AE6-4468-A7D3-4098B3899E08}.Release.Build.0 = Release|.NET
	EndGlobalSection
	GlobalSection(ExtensibilityGlobals) = postSolution
	EndGlobalSection
	GlobalSection(ExtensibilityAddIns) = postSolution
	EndGlobalSection
EndGlobal
