
Microsoft Visual Studio Solution File, Format Version 12.00
# Visual Studio Version 16
VisualStudioVersion = 16.0.809.0
MinimumVisualStudioVersion = 10.0.40219.1
Project("{FAE04EC0-301F-11D3-BF4B-00C04F79EFBC}") = "Starter.API", "Starter.API\Starter.API.csproj", "{577457AF-88F5-4292-872F-ACA012EF34D3}"
EndProject
Project("{FAE04EC0-301F-11D3-BF4B-00C04F79EFBC}") = "Starter.Test", "Starter.Test\Starter.Test.csproj", "{C1ABE6F5-34F2-467A-A53D-D9CEC9C05C44}"
EndProject
Global
	GlobalSection(SolutionConfigurationPlatforms) = preSolution
		Debug|Any CPU = Debug|Any CPU
		Release|Any CPU = Release|Any CPU
	EndGlobalSection
	GlobalSection(ProjectConfigurationPlatforms) = postSolution
		{577457AF-88F5-4292-872F-ACA012EF34D3}.Debug|Any CPU.ActiveCfg = Debug|Any CPU
		{577457AF-88F5-4292-872F-ACA012EF34D3}.Debug|Any CPU.Build.0 = Debug|Any CPU
		{577457AF-88F5-4292-872F-ACA012EF34D3}.Release|Any CPU.ActiveCfg = Release|Any CPU
		{577457AF-88F5-4292-872F-ACA012EF34D3}.Release|Any CPU.Build.0 = Release|Any CPU
		{C1ABE6F5-34F2-467A-A53D-D9CEC9C05C44}.Debug|Any CPU.ActiveCfg = Debug|Any CPU
		{C1ABE6F5-34F2-467A-A53D-D9CEC9C05C44}.Debug|Any CPU.Build.0 = Debug|Any CPU
		{C1ABE6F5-34F2-467A-A53D-D9CEC9C05C44}.Release|Any CPU.ActiveCfg = Release|Any CPU
		{C1ABE6F5-34F2-467A-A53D-D9CEC9C05C44}.Release|Any CPU.Build.0 = Release|Any CPU
	EndGlobalSection
	GlobalSection(SolutionProperties) = preSolution
		HideSolutionNode = FALSE
	EndGlobalSection
	GlobalSection(ExtensibilityGlobals) = postSolution
		SolutionGuid = {6A9456BA-5D3E-4489-B3D7-860A1DFA8A00}
	EndGlobalSection
EndGlobal
