PODS:
  - Analytics (3.0.7)
  - Segment-Wootric (0.1.5):
    - Analytics (~> 3.0.1-alpha)
    - WootricSDK
  - WootricSDK (0.4.6)

DEPENDENCIES:
  - Segment-Wootric (from `./`)
  - WootricSDK (from `https://github.com/pluralsight/WootricSDK-iOS.git`)

EXTERNAL SOURCES:
  Segment-Wootric:
    :path: ./
  WootricSDK:
    :git: https://github.com/pluralsight/WootricSDK-iOS.git

CHECKOUT OPTIONS:
  WootricSDK:
    :commit: 8621de02d237c867c288d20cc13e6f74cddb9b6d
    :git: https://github.com/pluralsight/WootricSDK-iOS.git

SPEC CHECKSUMS:
  Analytics: b342fb4f43fa4f97ca6f4358b44d3295217ba294
  Segment-Wootric: d6c57a62d67502ed6ec562c4f1d3bbe3bf93e8a3
  WootricSDK: 5584f90e9300f594ad203061a9f01b1be34f0d73

COCOAPODS: 0.39.0
