Microsoft Visual Studio Solution File, Format Version 7.00
Project("{FAE04EC0-301F-11D3-BF4B-00C04F79EFBC}") = "SimpleCallContext", "SimpleCallContext.csproj", "{DE788F4E-FFA7-45D4-88DD-79193764256D}"
EndProject
Global
	GlobalSection(SolutionConfiguration) = preSolution
		ConfigName.0 = Debug
		ConfigName.1 = Release
	EndGlobalSection
	GlobalSection(ProjectDependencies) = postSolution
	EndGlobalSection
	GlobalSection(ProjectConfiguration) = postSolution
		{DE788F4E-FFA7-45D4-88DD-79193764256D}.Debug.ActiveCfg = Debug|.NET
		{DE788F4E-FFA7-45D4-88DD-79193764256D}.Debug.Build.0 = Debug|.NET
		{DE788F4E-FFA7-45D4-88DD-79193764256D}.Release.ActiveCfg = Release|.NET
		{DE788F4E-FFA7-45D4-88DD-79193764256D}.Release.Build.0 = Release|.NET
	EndGlobalSection
	GlobalSection(ExtensibilityGlobals) = postSolution
	EndGlobalSection
	GlobalSection(ExtensibilityAddIns) = postSolution
	EndGlobalSection
EndGlobal
