Microsoft Visual Studio Solution File, Format Version 7.00
Project("{FAE04EC0-301F-11D3-BF4B-00C04F79EFBC}") = "KeyPress", "KeyPress.csproj", "{868ED187-3DF8-471A-B836-B13A3691C067}"
EndProject
Global
	GlobalSection(SolutionConfiguration) = preSolution
		ConfigName.0 = Debug
		ConfigName.1 = Release
	EndGlobalSection
	GlobalSection(ProjectDependencies) = postSolution
	EndGlobalSection
	GlobalSection(ProjectConfiguration) = postSolution
		{868ED187-3DF8-471A-B836-B13A3691C067}.Debug.ActiveCfg = Debug|.NET
		{868ED187-3DF8-471A-B836-B13A3691C067}.Debug.Build.0 = Debug|.NET
		{868ED187-3DF8-471A-B836-B13A3691C067}.Release.ActiveCfg = Release|.NET
		{868ED187-3DF8-471A-B836-B13A3691C067}.Release.Build.0 = Release|.NET
	EndGlobalSection
	GlobalSection(ExtensibilityGlobals) = postSolution
	EndGlobalSection
	GlobalSection(ExtensibilityAddIns) = postSolution
	EndGlobalSection
EndGlobal
