Microsoft Visual Studio Solution File, Format Version 7.00
Project("{FAE04EC0-301F-11D3-BF4B-00C04F79EFBC}") = "BareBonesComponentLibrary", "BareBonesComponentLibrary\BareBonesComponentLibrary.csproj", "{6E08F6F2-918D-445C-A164-3C90A1D69FC0}"
EndProject
Project("{FAE04EC0-301F-11D3-BF4B-00C04F79EFBC}") = "ControlInvokeExample", "ControlInvokeExample\ControlInvokeExample.csproj", "{4A264301-BC96-4CF2-A870-F430D6D3A48C}"
EndProject
Project("{FAE04EC0-301F-11D3-BF4B-00C04F79EFBC}") = "BareBonesComponentDemo", "BareBonesComponentDemo\BareBonesComponentDemo.csproj", "{57986030-6C7B-49D6-986D-125294DDBB5C}"
EndProject
Project("{FAE04EC0-301F-11D3-BF4B-00C04F79EFBC}") = "UserControlExampleLibrary", "UserControlExampleLibrary\UserControlExampleLibrary.csproj", "{166FAF5F-7DEA-4098-9359-CE334350DD9F}"
EndProject
Project("{FAE04EC0-301F-11D3-BF4B-00C04F79EFBC}") = "UserControlExampleDemo", "UserControlExampleDemo\UserControlExampleDemo.csproj", "{82706542-1F93-4BE3-BF8E-B3AC8F45F34A}"
EndProject
Project("{FAE04EC0-301F-11D3-BF4B-00C04F79EFBC}") = "ControlExampleLibrary", "ControlExampleLibrary\ControlExampleLibrary.csproj", "{7870350A-ED09-4504-80BE-9A885BEFC28D}"
EndProject
Project("{FAE04EC0-301F-11D3-BF4B-00C04F79EFBC}") = "ControlExampleDemo", "ControlExampleDemo\ControlExampleDemo.csproj", "{F4E145F8-73A7-4D72-9340-E2BE90D55954}"
EndProject
Project("{FAE04EC0-301F-11D3-BF4B-00C04F79EFBC}") = "VersionedComponentExampleLibrary", "VersionedComponentExampleLibrary\VersionedComponentExampleLibrary.csproj", "{CB2C037B-27DF-457B-9B68-B47E15C8435F}"
EndProject
Project("{FAE04EC0-301F-11D3-BF4B-00C04F79EFBC}") = "ManagedComComponentExample", "ManagedComComponentExample\ManagedComComponentExample.csproj", "{F761ACF0-1999-4AFF-B8D0-33068E442BAB}"
EndProject
Project("{FAE04EC0-301F-11D3-BF4B-00C04F79EFBC}") = "RealManagedComExampleLibrary", "RealManagedComExampleLibrary\RealManagedComExampleLibrary.csproj", "{8266E30F-7C8F-4424-B5AA-E013F5C22FC0}"
EndProject
Project("{FAE04EC0-301F-11D3-BF4B-00C04F79EFBC}") = "ExcelInteropExample", "ExcelInteropExample\ExcelInteropExample.csproj", "{7055E501-D4F1-479C-B2B1-82953948B091}"
EndProject
Project("{FAE04EC0-301F-11D3-BF4B-00C04F79EFBC}") = "FirstServicedComponentExample", "FirstServicedComponentExample\FirstServicedComponentExample.csproj", "{31A82BC7-85DC-47C8-A767-AE6D0C80993E}"
EndProject
Project("{FAE04EC0-301F-11D3-BF4B-00C04F79EFBC}") = "FirstServicedComponentClient", "FirstServicedComponentClient\FirstServicedComponentClient.csproj", "{D2558058-1A03-4667-B4D8-777F1672983E}"
EndProject
Global
	GlobalSection(SolutionConfiguration) = preSolution
		ConfigName.0 = Debug
		ConfigName.1 = Release
	EndGlobalSection
	GlobalSection(ProjectDependencies) = postSolution
	EndGlobalSection
	GlobalSection(ProjectConfiguration) = postSolution
		{6E08F6F2-918D-445C-A164-3C90A1D69FC0}.Debug.ActiveCfg = Debug|.NET
		{6E08F6F2-918D-445C-A164-3C90A1D69FC0}.Debug.Build.0 = Debug|.NET
		{6E08F6F2-918D-445C-A164-3C90A1D69FC0}.Release.ActiveCfg = Release|.NET
		{6E08F6F2-918D-445C-A164-3C90A1D69FC0}.Release.Build.0 = Release|.NET
		{4A264301-BC96-4CF2-A870-F430D6D3A48C}.Debug.ActiveCfg = Debug|.NET
		{4A264301-BC96-4CF2-A870-F430D6D3A48C}.Debug.Build.0 = Debug|.NET
		{4A264301-BC96-4CF2-A870-F430D6D3A48C}.Release.ActiveCfg = Release|.NET
		{4A264301-BC96-4CF2-A870-F430D6D3A48C}.Release.Build.0 = Release|.NET
		{57986030-6C7B-49D6-986D-125294DDBB5C}.Debug.ActiveCfg = Debug|.NET
		{57986030-6C7B-49D6-986D-125294DDBB5C}.Debug.Build.0 = Debug|.NET
		{57986030-6C7B-49D6-986D-125294DDBB5C}.Release.ActiveCfg = Release|.NET
		{57986030-6C7B-49D6-986D-125294DDBB5C}.Release.Build.0 = Release|.NET
		{166FAF5F-7DEA-4098-9359-CE334350DD9F}.Debug.ActiveCfg = Debug|.NET
		{166FAF5F-7DEA-4098-9359-CE334350DD9F}.Debug.Build.0 = Debug|.NET
		{166FAF5F-7DEA-4098-9359-CE334350DD9F}.Release.ActiveCfg = Release|.NET
		{166FAF5F-7DEA-4098-9359-CE334350DD9F}.Release.Build.0 = Release|.NET
		{82706542-1F93-4BE3-BF8E-B3AC8F45F34A}.Debug.ActiveCfg = Debug|.NET
		{82706542-1F93-4BE3-BF8E-B3AC8F45F34A}.Debug.Build.0 = Debug|.NET
		{82706542-1F93-4BE3-BF8E-B3AC8F45F34A}.Release.ActiveCfg = Release|.NET
		{82706542-1F93-4BE3-BF8E-B3AC8F45F34A}.Release.Build.0 = Release|.NET
		{7870350A-ED09-4504-80BE-9A885BEFC28D}.Debug.ActiveCfg = Debug|.NET
		{7870350A-ED09-4504-80BE-9A885BEFC28D}.Debug.Build.0 = Debug|.NET
		{7870350A-ED09-4504-80BE-9A885BEFC28D}.Release.ActiveCfg = Release|.NET
		{7870350A-ED09-4504-80BE-9A885BEFC28D}.Release.Build.0 = Release|.NET
		{F4E145F8-73A7-4D72-9340-E2BE90D55954}.Debug.ActiveCfg = Debug|.NET
		{F4E145F8-73A7-4D72-9340-E2BE90D55954}.Debug.Build.0 = Debug|.NET
		{F4E145F8-73A7-4D72-9340-E2BE90D55954}.Release.ActiveCfg = Release|.NET
		{F4E145F8-73A7-4D72-9340-E2BE90D55954}.Release.Build.0 = Release|.NET
		{CB2C037B-27DF-457B-9B68-B47E15C8435F}.Debug.ActiveCfg = Debug|.NET
		{CB2C037B-27DF-457B-9B68-B47E15C8435F}.Debug.Build.0 = Debug|.NET
		{CB2C037B-27DF-457B-9B68-B47E15C8435F}.Release.ActiveCfg = Release|.NET
		{CB2C037B-27DF-457B-9B68-B47E15C8435F}.Release.Build.0 = Release|.NET
		{F761ACF0-1999-4AFF-B8D0-33068E442BAB}.Debug.ActiveCfg = Debug|.NET
		{F761ACF0-1999-4AFF-B8D0-33068E442BAB}.Debug.Build.0 = Debug|.NET
		{F761ACF0-1999-4AFF-B8D0-33068E442BAB}.Release.ActiveCfg = Release|.NET
		{F761ACF0-1999-4AFF-B8D0-33068E442BAB}.Release.Build.0 = Release|.NET
		{8266E30F-7C8F-4424-B5AA-E013F5C22FC0}.Debug.ActiveCfg = Debug|.NET
		{8266E30F-7C8F-4424-B5AA-E013F5C22FC0}.Debug.Build.0 = Debug|.NET
		{8266E30F-7C8F-4424-B5AA-E013F5C22FC0}.Release.ActiveCfg = Release|.NET
		{8266E30F-7C8F-4424-B5AA-E013F5C22FC0}.Release.Build.0 = Release|.NET
		{7055E501-D4F1-479C-B2B1-82953948B091}.Debug.ActiveCfg = Debug|.NET
		{7055E501-D4F1-479C-B2B1-82953948B091}.Debug.Build.0 = Debug|.NET
		{7055E501-D4F1-479C-B2B1-82953948B091}.Release.ActiveCfg = Release|.NET
		{7055E501-D4F1-479C-B2B1-82953948B091}.Release.Build.0 = Release|.NET
		{31A82BC7-85DC-47C8-A767-AE6D0C80993E}.Debug.ActiveCfg = Debug|.NET
		{31A82BC7-85DC-47C8-A767-AE6D0C80993E}.Debug.Build.0 = Debug|.NET
		{31A82BC7-85DC-47C8-A767-AE6D0C80993E}.Release.ActiveCfg = Release|.NET
		{31A82BC7-85DC-47C8-A767-AE6D0C80993E}.Release.Build.0 = Release|.NET
		{D2558058-1A03-4667-B4D8-777F1672983E}.Debug.ActiveCfg = Debug|.NET
		{D2558058-1A03-4667-B4D8-777F1672983E}.Debug.Build.0 = Debug|.NET
		{D2558058-1A03-4667-B4D8-777F1672983E}.Release.ActiveCfg = Release|.NET
		{D2558058-1A03-4667-B4D8-777F1672983E}.Release.Build.0 = Release|.NET
	EndGlobalSection
	GlobalSection(ExtensibilityGlobals) = postSolution
	EndGlobalSection
	GlobalSection(ExtensibilityAddIns) = postSolution
	EndGlobalSection
EndGlobal
