Microsoft Visual Studio Solution File, Format Version 7.00
Project("{FAE04EC0-301F-11D3-BF4B-00C04F79EFBC}") = "Finally-c", "Finally-c.csproj", "{6BC2349A-23AE-4B93-BEE1-E7F7B1052E35}"
EndProject
Global
	GlobalSection(SolutionConfiguration) = preSolution
		ConfigName.0 = Debug
		ConfigName.1 = Release
	EndGlobalSection
	GlobalSection(ProjectDependencies) = postSolution
	EndGlobalSection
	GlobalSection(ProjectConfiguration) = postSolution
		{6BC2349A-23AE-4B93-BEE1-E7F7B1052E35}.Debug.ActiveCfg = Debug|.NET
		{6BC2349A-23AE-4B93-BEE1-E7F7B1052E35}.Debug.Build.0 = Debug|.NET
		{6BC2349A-23AE-4B93-BEE1-E7F7B1052E35}.Release.ActiveCfg = Release|.NET
		{6BC2349A-23AE-4B93-BEE1-E7F7B1052E35}.Release.Build.0 = Release|.NET
	EndGlobalSection
	GlobalSection(ExtensibilityGlobals) = postSolution
	EndGlobalSection
	GlobalSection(ExtensibilityAddIns) = postSolution
	EndGlobalSection
EndGlobal
