Microsoft Visual Studio Solution File, Format Version 7.00
Project("{F184B08F-C81C-45F6-A57F-5ABD9991F28F}") = "Server", "Server.vbproj", "{B8CBCBA0-1BF0-45DB-8AEA-81EBC4447859}"
EndProject
Global
	GlobalSection(SolutionConfiguration) = preSolution
		ConfigName.0 = Debug
		ConfigName.1 = Release
	EndGlobalSection
	GlobalSection(ProjectDependencies) = postSolution
	EndGlobalSection
	GlobalSection(ProjectConfiguration) = postSolution
		{B8CBCBA0-1BF0-45DB-8AEA-81EBC4447859}.Debug.ActiveCfg = Debug|.NET
		{B8CBCBA0-1BF0-45DB-8AEA-81EBC4447859}.Debug.Build.0 = Debug|.NET
		{B8CBCBA0-1BF0-45DB-8AEA-81EBC4447859}.Release.ActiveCfg = Release|.NET
		{B8CBCBA0-1BF0-45DB-8AEA-81EBC4447859}.Release.Build.0 = Release|.NET
	EndGlobalSection
	GlobalSection(ExtensibilityGlobals) = postSolution
	EndGlobalSection
	GlobalSection(ExtensibilityAddIns) = postSolution
	EndGlobalSection
EndGlobal
