Microsoft Visual Studio Solution File, Format Version 7.00
Project("{F184B08F-C81C-45F6-A57F-5ABD9991F28F}") = "TestServer", "TestServer.vbproj", "{9EBEB92D-A1A6-4FEB-9AD8-8B093E1F24FD}"
EndProject
Project("{F184B08F-C81C-45F6-A57F-5ABD9991F28F}") = "Service", "..\TestService\Service.vbproj", "{EB84CCD8-946C-4DA3-A1A6-EE9F8373BED0}"
EndProject
Project("{F184B08F-C81C-45F6-A57F-5ABD9991F28F}") = "CompressionSink", "..\Sinks\CompressionSink.vbproj", "{ABF792FD-92B6-4846-AF69-8E5DA69EE725}"
EndProject
Global
	GlobalSection(SolutionConfiguration) = preSolution
		ConfigName.0 = Debug
		ConfigName.1 = Release
	EndGlobalSection
	GlobalSection(ProjectDependencies) = postSolution
	EndGlobalSection
	GlobalSection(ProjectConfiguration) = postSolution
		{9EBEB92D-A1A6-4FEB-9AD8-8B093E1F24FD}.Debug.ActiveCfg = Debug|.NET
		{9EBEB92D-A1A6-4FEB-9AD8-8B093E1F24FD}.Debug.Build.0 = Debug|.NET
		{9EBEB92D-A1A6-4FEB-9AD8-8B093E1F24FD}.Release.ActiveCfg = Release|.NET
		{9EBEB92D-A1A6-4FEB-9AD8-8B093E1F24FD}.Release.Build.0 = Release|.NET
		{EB84CCD8-946C-4DA3-A1A6-EE9F8373BED0}.Debug.ActiveCfg = Debug|.NET
		{EB84CCD8-946C-4DA3-A1A6-EE9F8373BED0}.Debug.Build.0 = Debug|.NET
		{EB84CCD8-946C-4DA3-A1A6-EE9F8373BED0}.Release.ActiveCfg = Release|.NET
		{EB84CCD8-946C-4DA3-A1A6-EE9F8373BED0}.Release.Build.0 = Release|.NET
		{ABF792FD-92B6-4846-AF69-8E5DA69EE725}.Debug.ActiveCfg = Debug|.NET
		{ABF792FD-92B6-4846-AF69-8E5DA69EE725}.Debug.Build.0 = Debug|.NET
		{ABF792FD-92B6-4846-AF69-8E5DA69EE725}.Release.ActiveCfg = Release|.NET
		{ABF792FD-92B6-4846-AF69-8E5DA69EE725}.Release.Build.0 = Release|.NET
	EndGlobalSection
	GlobalSection(ExtensibilityGlobals) = postSolution
	EndGlobalSection
	GlobalSection(ExtensibilityAddIns) = postSolution
	EndGlobalSection
EndGlobal
