Microsoft Visual Studio Solution File, Format Version 7.00
Project("{F184B08F-C81C-45F6-A57F-5ABD9991F28F}") = "GaussSiedel", "GaussSiedel.vbproj", "{C91CCAC6-0AA4-4952-85F1-A6E9424352B2}"
EndProject
Global
	GlobalSection(SolutionConfiguration) = preSolution
		ConfigName.0 = Debug
		ConfigName.1 = Release
	EndGlobalSection
	GlobalSection(ProjectDependencies) = postSolution
	EndGlobalSection
	GlobalSection(ProjectConfiguration) = postSolution
		{C91CCAC6-0AA4-4952-85F1-A6E9424352B2}.Debug.ActiveCfg = Debug|.NET
		{C91CCAC6-0AA4-4952-85F1-A6E9424352B2}.Debug.Build.0 = Debug|.NET
		{C91CCAC6-0AA4-4952-85F1-A6E9424352B2}.Release.ActiveCfg = Release|.NET
		{C91CCAC6-0AA4-4952-85F1-A6E9424352B2}.Release.Build.0 = Release|.NET
	EndGlobalSection
	GlobalSection(ExtensibilityGlobals) = postSolution
	EndGlobalSection
	GlobalSection(ExtensibilityAddIns) = postSolution
	EndGlobalSection
EndGlobal
