Microsoft Visual Studio Solution File, Format Version 7.00
Project("{FAE04EC0-301F-11D3-BF4B-00C04F79EFBC}") = "PathBlend-c", "PathBlend-c.csproj", "{04FE2191-1FB1-487E-BAC8-EE6387419AFF}"
EndProject
Global
	GlobalSection(SolutionConfiguration) = preSolution
		ConfigName.0 = Debug
		ConfigName.1 = Release
	EndGlobalSection
	GlobalSection(ProjectDependencies) = postSolution
	EndGlobalSection
	GlobalSection(ProjectConfiguration) = postSolution
		{04FE2191-1FB1-487E-BAC8-EE6387419AFF}.Debug.ActiveCfg = Debug|.NET
		{04FE2191-1FB1-487E-BAC8-EE6387419AFF}.Debug.Build.0 = Debug|.NET
		{04FE2191-1FB1-487E-BAC8-EE6387419AFF}.Release.ActiveCfg = Release|.NET
		{04FE2191-1FB1-487E-BAC8-EE6387419AFF}.Release.Build.0 = Release|.NET
	EndGlobalSection
	GlobalSection(ExtensibilityGlobals) = postSolution
	EndGlobalSection
	GlobalSection(ExtensibilityAddIns) = postSolution
	EndGlobalSection
EndGlobal
