Microsoft Visual Studio Solution File, Format Version 7.00
Project("{FAE04EC0-301F-11D3-BF4B-00C04F79EFBC}") = "SolidTextureBrush-c", "SolidTextureBrush-c.csproj", "{90672233-E57C-4A37-9F9D-D1DF1D3BF70E}"
EndProject
Global
	GlobalSection(SolutionConfiguration) = preSolution
		ConfigName.0 = Debug
		ConfigName.1 = Release
	EndGlobalSection
	GlobalSection(ProjectDependencies) = postSolution
	EndGlobalSection
	GlobalSection(ProjectConfiguration) = postSolution
		{90672233-E57C-4A37-9F9D-D1DF1D3BF70E}.Debug.ActiveCfg = Debug|.NET
		{90672233-E57C-4A37-9F9D-D1DF1D3BF70E}.Debug.Build.0 = Debug|.NET
		{90672233-E57C-4A37-9F9D-D1DF1D3BF70E}.Release.ActiveCfg = Release|.NET
		{90672233-E57C-4A37-9F9D-D1DF1D3BF70E}.Release.Build.0 = Release|.NET
	EndGlobalSection
	GlobalSection(ExtensibilityGlobals) = postSolution
	EndGlobalSection
	GlobalSection(ExtensibilityAddIns) = postSolution
	EndGlobalSection
EndGlobal
