Microsoft Visual Studio Solution File, Format Version 7.00
Project("{FAE04EC0-301F-11D3-BF4B-00C04F79EFBC}") = "AllCornerRect", "AllCornerRect.csproj", "{77129A08-6C79-40BA-935D-4B1C1F9D6DAC}"
EndProject
Global
	GlobalSection(SolutionConfiguration) = preSolution
		ConfigName.0 = Debug
		ConfigName.1 = Release
	EndGlobalSection
	GlobalSection(ProjectDependencies) = postSolution
	EndGlobalSection
	GlobalSection(ProjectConfiguration) = postSolution
		{77129A08-6C79-40BA-935D-4B1C1F9D6DAC}.Debug.ActiveCfg = Debug|.NET
		{77129A08-6C79-40BA-935D-4B1C1F9D6DAC}.Debug.Build.0 = Debug|.NET
		{77129A08-6C79-40BA-935D-4B1C1F9D6DAC}.Release.ActiveCfg = Release|.NET
		{77129A08-6C79-40BA-935D-4B1C1F9D6DAC}.Release.Build.0 = Release|.NET
	EndGlobalSection
	GlobalSection(ExtensibilityGlobals) = postSolution
	EndGlobalSection
	GlobalSection(ExtensibilityAddIns) = postSolution
	EndGlobalSection
EndGlobal
