Microsoft Visual Studio Solution File, Format Version 7.00
Project("{F184B08F-C81C-45F6-A57F-5ABD9991F28F}") = "TestClient", "TestClient.vbproj", "{FB937C70-2281-4D8E-85A8-5990A8F9ABD6}"
EndProject
Project("{F184B08F-C81C-45F6-A57F-5ABD9991F28F}") = "Service", "..\Service\Service.vbproj", "{7A781823-4C82-45A9-83A4-CA587CFE0B5B}"
EndProject
Project("{F184B08F-C81C-45F6-A57F-5ABD9991F28F}") = "SMTPChannel", "..\SMTPChannel\SMTPChannel.vbproj", "{28AE9C11-B377-46D0-BD12-3D66BFBF20E7}"
EndProject
Global
	GlobalSection(SolutionConfiguration) = preSolution
		ConfigName.0 = Debug
		ConfigName.1 = Release
	EndGlobalSection
	GlobalSection(ProjectDependencies) = postSolution
	EndGlobalSection
	GlobalSection(ProjectConfiguration) = postSolution
		{FB937C70-2281-4D8E-85A8-5990A8F9ABD6}.Debug.ActiveCfg = Debug|.NET
		{FB937C70-2281-4D8E-85A8-5990A8F9ABD6}.Debug.Build.0 = Debug|.NET
		{FB937C70-2281-4D8E-85A8-5990A8F9ABD6}.Release.ActiveCfg = Release|.NET
		{FB937C70-2281-4D8E-85A8-5990A8F9ABD6}.Release.Build.0 = Release|.NET
		{7A781823-4C82-45A9-83A4-CA587CFE0B5B}.Debug.ActiveCfg = Debug|.NET
		{7A781823-4C82-45A9-83A4-CA587CFE0B5B}.Debug.Build.0 = Debug|.NET
		{7A781823-4C82-45A9-83A4-CA587CFE0B5B}.Release.ActiveCfg = Release|.NET
		{7A781823-4C82-45A9-83A4-CA587CFE0B5B}.Release.Build.0 = Release|.NET
		{28AE9C11-B377-46D0-BD12-3D66BFBF20E7}.Debug.ActiveCfg = Debug|.NET
		{28AE9C11-B377-46D0-BD12-3D66BFBF20E7}.Debug.Build.0 = Debug|.NET
		{28AE9C11-B377-46D0-BD12-3D66BFBF20E7}.Release.ActiveCfg = Release|.NET
		{28AE9C11-B377-46D0-BD12-3D66BFBF20E7}.Release.Build.0 = Release|.NET
	EndGlobalSection
	GlobalSection(ExtensibilityGlobals) = postSolution
	EndGlobalSection
	GlobalSection(ExtensibilityAddIns) = postSolution
	EndGlobalSection
EndGlobal
