Microsoft Visual Studio Solution File, Format Version 7.00
Project("{F184B08F-C81C-45F6-A57F-5ABD9991F28F}") = "GraphicsDraw-vb", "GraphicsDraw-vb.vbproj", "{64B2FF4C-8DAC-4EF9-AA54-C96CFAC1DBB3}"
EndProject
Global
	GlobalSection(SolutionConfiguration) = preSolution
		ConfigName.0 = Debug
		ConfigName.1 = Release
	EndGlobalSection
	GlobalSection(ProjectDependencies) = postSolution
	EndGlobalSection
	GlobalSection(ProjectConfiguration) = postSolution
		{64B2FF4C-8DAC-4EF9-AA54-C96CFAC1DBB3}.Debug.ActiveCfg = Debug|.NET
		{64B2FF4C-8DAC-4EF9-AA54-C96CFAC1DBB3}.Debug.Build.0 = Debug|.NET
		{64B2FF4C-8DAC-4EF9-AA54-C96CFAC1DBB3}.Release.ActiveCfg = Release|.NET
		{64B2FF4C-8DAC-4EF9-AA54-C96CFAC1DBB3}.Release.Build.0 = Release|.NET
	EndGlobalSection
	GlobalSection(ExtensibilityGlobals) = postSolution
	EndGlobalSection
	GlobalSection(ExtensibilityAddIns) = postSolution
	EndGlobalSection
EndGlobal
