"tiptap": {
      "version": "1.23.0",
      "resolved": "https://registry.npmjs.org/tiptap/-/tiptap-1.23.0.tgz",
      "integrity": "sha512-AEdCx503dcJLi1idBv34gBH20yZs1eyzX5z18Ttf7keFnd/jrBPTBT0T6D7neFlIjFFbt4oolebTgpaK64JfWw==",
      "requires": {
        "prosemirror-commands": "^1.0.8",
        "prosemirror-dropcursor": "^1.1.1",
        "prosemirror-gapcursor": "^1.0.4",
        "prosemirror-inputrules": "^1.0.4",
        "prosemirror-keymap": "^1.0.1",
        "prosemirror-model": "^1.7.1",
        "prosemirror-state": "^1.2.3",
        "prosemirror-view": "^1.9.10",
        "tiptap-commands": "^1.10.8",
        "tiptap-utils": "^1.5.6"
      }
    },
    "tiptap-commands": {
      "version": "1.10.12",
      "resolved": "https://registry.npmjs.org/tiptap-commands/-/tiptap-commands-1.10.12.tgz",
      "integrity": "sha512-cNIYIbP2gvdP08mFivezNmyJscBLthjPtVzlbXNu4963an7guOSpKYl4aImJLVbKlAIk5W1P/TlhjyPQodDIgw==",
      "requires": {
        "prosemirror-commands": "^1.0.8",
        "prosemirror-inputrules": "^1.0.4",
        "prosemirror-model": "^1.7.1",
        "prosemirror-schema-list": "^1.0.3",
        "prosemirror-state": "^1.2.3",
        "prosemirror-tables": "^0.9.1",
        "prosemirror-utils": "^0.9.6",
        "tiptap-utils": "^1.6.1"
      }
    },
    "tiptap-extensions": {
      "version": "1.26.1",
      "resolved": "https://registry.npmjs.org/tiptap-extensions/-/tiptap-extensions-1.26.1.tgz",
      "integrity": "sha512-Qzr63TOhZLLKw4A/F/EnxwWtdDELA0w6ogk/cKI+xmDUM14RN6VsVoz3QVZyuyzC/ceiQ6dV/iP67PJJ6kvKTw==",
      "requires": {
        "lowlight": "^1.12.1",
        "prosemirror-collab": "^1.1.2",
        "prosemirror-history": "^1.0.4",
        "prosemirror-model": "^1.7.1",
        "prosemirror-state": "^1.2.3",
        "prosemirror-tables": "^0.9.1",
        "prosemirror-transform": "^1.1.3",
        "prosemirror-utils": "^0.9.6",
        "prosemirror-view": "^1.9.13",
        "tiptap": "^1.24.1",
        "tiptap-commands": "^1.10.12"
      },
      "dependencies": {
        "tiptap": {
          "version": "1.24.1",
          "resolved": "https://registry.npmjs.org/tiptap/-/tiptap-1.24.1.tgz",
          "integrity": "sha512-/4ABBDoEoDbFCHQQ65clEAjTxqR3DX1PQDsjp7LnYjPiVMGLL11NKnyT1kAn8QNaNGzV+uSSgkROBArcsiF5eA==",
          "requires": {
            "prosemirror-commands": "^1.0.8",
            "prosemirror-dropcursor": "^1.1.1",
            "prosemirror-gapcursor": "^1.0.4",
            "prosemirror-inputrules": "^1.0.4",
            "prosemirror-keymap": "^1.0.1",
            "prosemirror-model": "^1.7.1",
            "prosemirror-state": "^1.2.3",
            "prosemirror-view": "^1.9.13",
            "tiptap-commands": "^1.10.12",
            "tiptap-utils": "^1.6.1"
          }
        }
      }
    },
    "tiptap-utils": {
      "version": "1.6.1",
      "resolved": "https://registry.npmjs.org/tiptap-utils/-/tiptap-utils-1.6.1.tgz",
      "integrity": "sha512-N7UPvOjTW8bCdY9EsZki7MBdFKIFoZ8V1whjxuwBu6VSvLKpIKGaHsGDAnYgvrAhPVYVIdZU7OreU/805JmwWg==",
      "requires": {
        "prosemirror-model": "^1.7.1",
        "prosemirror-state": "^1.2.3",
        "prosemirror-tables": "^0.9.1",
        "prosemirror-utils": "^0.9.6"
      }
    },