Microsoft Visual Studio Solution File, Format Version 7.00
Project("{FAE04EC0-301F-11D3-BF4B-00C04F79EFBC}") = "CarListenerClient", "CarListenerClient.csproj", "{F78377CA-4930-4E34-AD0C-C93AB8EFA848}"
EndProject
Global
	GlobalSection(SolutionConfiguration) = preSolution
		ConfigName.0 = Debug
		ConfigName.1 = Release
	EndGlobalSection
	GlobalSection(ProjectDependencies) = postSolution
	EndGlobalSection
	GlobalSection(ProjectConfiguration) = postSolution
		{F78377CA-4930-4E34-AD0C-C93AB8EFA848}.Debug.ActiveCfg = Debug|.NET
		{F78377CA-4930-4E34-AD0C-C93AB8EFA848}.Debug.Build.0 = Debug|.NET
		{F78377CA-4930-4E34-AD0C-C93AB8EFA848}.Release.ActiveCfg = Release|.NET
		{F78377CA-4930-4E34-AD0C-C93AB8EFA848}.Release.Build.0 = Release|.NET
	EndGlobalSection
	GlobalSection(ExtensibilityGlobals) = postSolution
	EndGlobalSection
	GlobalSection(ExtensibilityAddIns) = postSolution
	EndGlobalSection
EndGlobal
