Microsoft Visual Studio Solution File, Format Version 7.00
Project("{FAE04EC0-301F-11D3-BF4B-00C04F79EFBC}") = "RegionData-c", "RegionData-c.csproj", "{AF76E51C-D003-4E1E-BEF1-E7BEE7EF1AFA}"
EndProject
Global
	GlobalSection(SolutionConfiguration) = preSolution
		ConfigName.0 = Debug
		ConfigName.1 = Release
	EndGlobalSection
	GlobalSection(ProjectDependencies) = postSolution
	EndGlobalSection
	GlobalSection(ProjectConfiguration) = postSolution
		{AF76E51C-D003-4E1E-BEF1-E7BEE7EF1AFA}.Debug.ActiveCfg = Debug|.NET
		{AF76E51C-D003-4E1E-BEF1-E7BEE7EF1AFA}.Debug.Build.0 = Debug|.NET
		{AF76E51C-D003-4E1E-BEF1-E7BEE7EF1AFA}.Release.ActiveCfg = Release|.NET
		{AF76E51C-D003-4E1E-BEF1-E7BEE7EF1AFA}.Release.Build.0 = Release|.NET
	EndGlobalSection
	GlobalSection(ExtensibilityGlobals) = postSolution
	EndGlobalSection
	GlobalSection(ExtensibilityAddIns) = postSolution
	EndGlobalSection
EndGlobal
