Microsoft Visual Studio Solution File, Format Version 7.00
Project("{FAE04EC0-301F-11D3-BF4B-00C04F79EFBC}") = "MathClient", "MathClient.csproj", "{46B7DFEC-39EC-4D90-BF52-B6C4060B66F4}"
EndProject
Project("{FAE04EC0-301F-11D3-BF4B-00C04F79EFBC}") = "MathLibrary", "..\MathLibrary\MathLibrary.csproj", "{2E9C6B01-747F-4E14-96F8-0005C4C2C168}"
EndProject
Global
	GlobalSection(SolutionConfiguration) = preSolution
		ConfigName.0 = Debug
		ConfigName.1 = Release
	EndGlobalSection
	GlobalSection(ProjectDependencies) = postSolution
	EndGlobalSection
	GlobalSection(ProjectConfiguration) = postSolution
		{46B7DFEC-39EC-4D90-BF52-B6C4060B66F4}.Debug.ActiveCfg = Debug|.NET
		{46B7DFEC-39EC-4D90-BF52-B6C4060B66F4}.Debug.Build.0 = Debug|.NET
		{46B7DFEC-39EC-4D90-BF52-B6C4060B66F4}.Release.ActiveCfg = Release|.NET
		{46B7DFEC-39EC-4D90-BF52-B6C4060B66F4}.Release.Build.0 = Release|.NET
		{2E9C6B01-747F-4E14-96F8-0005C4C2C168}.Debug.ActiveCfg = Debug|.NET
		{2E9C6B01-747F-4E14-96F8-0005C4C2C168}.Debug.Build.0 = Debug|.NET
		{2E9C6B01-747F-4E14-96F8-0005C4C2C168}.Release.ActiveCfg = Release|.NET
		{2E9C6B01-747F-4E14-96F8-0005C4C2C168}.Release.Build.0 = Release|.NET
	EndGlobalSection
	GlobalSection(ExtensibilityGlobals) = postSolution
	EndGlobalSection
	GlobalSection(ExtensibilityAddIns) = postSolution
	EndGlobalSection
EndGlobal
