Microsoft Visual Studio Solution File, Format Version 7.00
Project("{E6FDF86B-F3D1-11D4-8576-0002A516ECE8}") = "HelloWorldExample", "HelloWorldExample\HelloWorldExample.vjsproj", "{76B821B1-899B-46E9-9CCB-6FAD1DBD2534}"
EndProject
Global
	GlobalSection(SolutionConfiguration) = preSolution
		ConfigName.0 = Debug
		ConfigName.1 = Release
	EndGlobalSection
	GlobalSection(ProjectDependencies) = postSolution
	EndGlobalSection
	GlobalSection(ProjectConfiguration) = postSolution
		{76B821B1-899B-46E9-9CCB-6FAD1DBD2534}.Debug.ActiveCfg = Debug|.NET
		{76B821B1-899B-46E9-9CCB-6FAD1DBD2534}.Debug.Build.0 = Debug|.NET
		{76B821B1-899B-46E9-9CCB-6FAD1DBD2534}.Release.ActiveCfg = Release|.NET
		{76B821B1-899B-46E9-9CCB-6FAD1DBD2534}.Release.Build.0 = Release|.NET
	EndGlobalSection
	GlobalSection(ExtensibilityGlobals) = postSolution
	EndGlobalSection
	GlobalSection(ExtensibilityAddIns) = postSolution
	EndGlobalSection
EndGlobal
