Microsoft Visual Studio Solution File, Format Version 7.00
Project("{F184B08F-C81C-45F6-A57F-5ABD9991F28F}") = "Attributes", "Attributes.vbproj", "{0ADEDDF2-0F80-4045-854A-7D9F36384DD3}"
EndProject
Global
	GlobalSection(SolutionConfiguration) = preSolution
		ConfigName.0 = Debug
		ConfigName.1 = Release
	EndGlobalSection
	GlobalSection(ProjectDependencies) = postSolution
	EndGlobalSection
	GlobalSection(ProjectConfiguration) = postSolution
		{0ADEDDF2-0F80-4045-854A-7D9F36384DD3}.Debug.ActiveCfg = Debug|.NET
		{0ADEDDF2-0F80-4045-854A-7D9F36384DD3}.Debug.Build.0 = Debug|.NET
		{0ADEDDF2-0F80-4045-854A-7D9F36384DD3}.Release.ActiveCfg = Release|.NET
		{0ADEDDF2-0F80-4045-854A-7D9F36384DD3}.Release.Build.0 = Release|.NET
	EndGlobalSection
	GlobalSection(ExtensibilityGlobals) = postSolution
	EndGlobalSection
	GlobalSection(ExtensibilityAddIns) = postSolution
	EndGlobalSection
EndGlobal
