Microsoft Visual Studio Solution File, Format Version 7.00
Project("{FAE04EC0-301F-11D3-BF4B-00C04F79EFBC}") = "MIsc2D-c", "MIsc2D-c.csproj", "{F62A5123-031F-4BF5-A1C1-068C0CE80ED0}"
EndProject
Global
	GlobalSection(SolutionConfiguration) = preSolution
		ConfigName.0 = Debug
		ConfigName.1 = Release
	EndGlobalSection
	GlobalSection(ProjectDependencies) = postSolution
	EndGlobalSection
	GlobalSection(ProjectConfiguration) = postSolution
		{F62A5123-031F-4BF5-A1C1-068C0CE80ED0}.Debug.ActiveCfg = Debug|.NET
		{F62A5123-031F-4BF5-A1C1-068C0CE80ED0}.Debug.Build.0 = Debug|.NET
		{F62A5123-031F-4BF5-A1C1-068C0CE80ED0}.Release.ActiveCfg = Release|.NET
		{F62A5123-031F-4BF5-A1C1-068C0CE80ED0}.Release.Build.0 = Release|.NET
	EndGlobalSection
	GlobalSection(ExtensibilityGlobals) = postSolution
	EndGlobalSection
	GlobalSection(ExtensibilityAddIns) = postSolution
	EndGlobalSection
EndGlobal
