Microsoft Visual Studio Solution File, Format Version 7.00
Project("{FAE04EC0-301F-11D3-BF4B-00C04F79EFBC}") = "DocumentationCommentsExample", "DocumentationComments\DocumentationCommentsExample.csproj", "{9044223A-BA3F-467B-8030-553BF1572F33}"
EndProject
Project("{FAE04EC0-301F-11D3-BF4B-00C04F79EFBC}") = "StructExample", "StructExample\StructExample.csproj", "{A0D6625F-D38A-4448-8E3E-3D715E472049}"
EndProject
Project("{FAE04EC0-301F-11D3-BF4B-00C04F79EFBC}") = "TrueFalseOperatorExample", "TrueFalseOperatorExample\TrueFalseOperatorExample.csproj", "{53636ED0-5C77-4131-89F3-9EB59F29C245}"
EndProject
Project("{FAE04EC0-301F-11D3-BF4B-00C04F79EFBC}") = "UsingExample", "UsingExample\UsingExample.csproj", "{6B00D8B1-A894-4EC2-A88E-F9B5FF25B575}"
EndProject
Project("{FAE04EC0-301F-11D3-BF4B-00C04F79EFBC}") = "OverrideExample", "OverrideExample\OverrideExample.csproj", "{49D36960-958A-4548-8BDC-B0148A6A33F0}"
EndProject
Project("{FAE04EC0-301F-11D3-BF4B-00C04F79EFBC}") = "OperatorOverloadingExample", "OperatorOverloadingExample\OperatorOverloadingExample.csproj", "{05E885EE-7612-42CF-A1BE-2AEA865985AB}"
EndProject
Project("{FAE04EC0-301F-11D3-BF4B-00C04F79EFBC}") = "UserDefinedConversionExample", "UserDefinedConversionExample\UserDefinedConversionExample.csproj", "{9CF75EB3-1D8B-4C78-B71B-00A339AB5A51}"
EndProject
Project("{FAE04EC0-301F-11D3-BF4B-00C04F79EFBC}") = "ReadOnlyExample", "ReadOnlyExample\ReadOnlyExample.csproj", "{7DDFFB4D-E154-4077-BE13-CBEDD61EDAF1}"
EndProject
Global
	GlobalSection(SolutionConfiguration) = preSolution
		ConfigName.0 = Debug
		ConfigName.1 = Release
	EndGlobalSection
	GlobalSection(ProjectDependencies) = postSolution
	EndGlobalSection
	GlobalSection(ProjectConfiguration) = postSolution
		{9044223A-BA3F-467B-8030-553BF1572F33}.Debug.ActiveCfg = Debug|.NET
		{9044223A-BA3F-467B-8030-553BF1572F33}.Debug.Build.0 = Debug|.NET
		{9044223A-BA3F-467B-8030-553BF1572F33}.Release.ActiveCfg = Release|.NET
		{9044223A-BA3F-467B-8030-553BF1572F33}.Release.Build.0 = Release|.NET
		{A0D6625F-D38A-4448-8E3E-3D715E472049}.Debug.ActiveCfg = Debug|.NET
		{A0D6625F-D38A-4448-8E3E-3D715E472049}.Debug.Build.0 = Debug|.NET
		{A0D6625F-D38A-4448-8E3E-3D715E472049}.Release.ActiveCfg = Release|.NET
		{A0D6625F-D38A-4448-8E3E-3D715E472049}.Release.Build.0 = Release|.NET
		{53636ED0-5C77-4131-89F3-9EB59F29C245}.Debug.ActiveCfg = Debug|.NET
		{53636ED0-5C77-4131-89F3-9EB59F29C245}.Debug.Build.0 = Debug|.NET
		{53636ED0-5C77-4131-89F3-9EB59F29C245}.Release.ActiveCfg = Release|.NET
		{53636ED0-5C77-4131-89F3-9EB59F29C245}.Release.Build.0 = Release|.NET
		{6B00D8B1-A894-4EC2-A88E-F9B5FF25B575}.Debug.ActiveCfg = Debug|.NET
		{6B00D8B1-A894-4EC2-A88E-F9B5FF25B575}.Debug.Build.0 = Debug|.NET
		{6B00D8B1-A894-4EC2-A88E-F9B5FF25B575}.Release.ActiveCfg = Release|.NET
		{6B00D8B1-A894-4EC2-A88E-F9B5FF25B575}.Release.Build.0 = Release|.NET
		{49D36960-958A-4548-8BDC-B0148A6A33F0}.Debug.ActiveCfg = Debug|.NET
		{49D36960-958A-4548-8BDC-B0148A6A33F0}.Debug.Build.0 = Debug|.NET
		{49D36960-958A-4548-8BDC-B0148A6A33F0}.Release.ActiveCfg = Release|.NET
		{49D36960-958A-4548-8BDC-B0148A6A33F0}.Release.Build.0 = Release|.NET
		{05E885EE-7612-42CF-A1BE-2AEA865985AB}.Debug.ActiveCfg = Debug|.NET
		{05E885EE-7612-42CF-A1BE-2AEA865985AB}.Debug.Build.0 = Debug|.NET
		{05E885EE-7612-42CF-A1BE-2AEA865985AB}.Release.ActiveCfg = Release|.NET
		{05E885EE-7612-42CF-A1BE-2AEA865985AB}.Release.Build.0 = Release|.NET
		{9CF75EB3-1D8B-4C78-B71B-00A339AB5A51}.Debug.ActiveCfg = Debug|.NET
		{9CF75EB3-1D8B-4C78-B71B-00A339AB5A51}.Debug.Build.0 = Debug|.NET
		{9CF75EB3-1D8B-4C78-B71B-00A339AB5A51}.Release.ActiveCfg = Release|.NET
		{9CF75EB3-1D8B-4C78-B71B-00A339AB5A51}.Release.Build.0 = Release|.NET
		{7DDFFB4D-E154-4077-BE13-CBEDD61EDAF1}.Debug.ActiveCfg = Debug|.NET
		{7DDFFB4D-E154-4077-BE13-CBEDD61EDAF1}.Debug.Build.0 = Debug|.NET
		{7DDFFB4D-E154-4077-BE13-CBEDD61EDAF1}.Release.ActiveCfg = Release|.NET
		{7DDFFB4D-E154-4077-BE13-CBEDD61EDAF1}.Release.Build.0 = Release|.NET
	EndGlobalSection
	GlobalSection(ExtensibilityGlobals) = postSolution
	EndGlobalSection
	GlobalSection(ExtensibilityAddIns) = postSolution
	EndGlobalSection
EndGlobal
