Microsoft Visual Studio Solution File, Format Version 7.00
Project("{FAE04EC0-301F-11D3-BF4B-00C04F79EFBC}") = "Serialization", "Serialization.csproj", "{D583D85F-36C9-44A6-AC06-6B953F9A7FB5}"
EndProject
Global
	GlobalSection(SolutionConfiguration) = preSolution
		ConfigName.0 = Debug
		ConfigName.1 = Release
	EndGlobalSection
	GlobalSection(ProjectDependencies) = postSolution
	EndGlobalSection
	GlobalSection(ProjectConfiguration) = postSolution
		{D583D85F-36C9-44A6-AC06-6B953F9A7FB5}.Debug.ActiveCfg = Debug|.NET
		{D583D85F-36C9-44A6-AC06-6B953F9A7FB5}.Debug.Build.0 = Debug|.NET
		{D583D85F-36C9-44A6-AC06-6B953F9A7FB5}.Release.ActiveCfg = Release|.NET
		{D583D85F-36C9-44A6-AC06-6B953F9A7FB5}.Release.Build.0 = Release|.NET
	EndGlobalSection
	GlobalSection(ExtensibilityGlobals) = postSolution
	EndGlobalSection
	GlobalSection(ExtensibilityAddIns) = postSolution
	EndGlobalSection
EndGlobal
