Microsoft Visual Studio Solution File, Format Version 7.00
Project("{F184B08F-C81C-45F6-A57F-5ABD9991F28F}") = "Sender", "Sender.vbproj", "{20DBE2A8-D062-43ED-BC75-C41B57A1CC2A}"
EndProject
Global
	GlobalSection(SolutionConfiguration) = preSolution
		ConfigName.0 = Debug
		ConfigName.1 = Release
	EndGlobalSection
	GlobalSection(ProjectDependencies) = postSolution
	EndGlobalSection
	GlobalSection(ProjectConfiguration) = postSolution
		{20DBE2A8-D062-43ED-BC75-C41B57A1CC2A}.Debug.ActiveCfg = Debug|.NET
		{20DBE2A8-D062-43ED-BC75-C41B57A1CC2A}.Debug.Build.0 = Debug|.NET
		{20DBE2A8-D062-43ED-BC75-C41B57A1CC2A}.Release.ActiveCfg = Release|.NET
		{20DBE2A8-D062-43ED-BC75-C41B57A1CC2A}.Release.Build.0 = Release|.NET
	EndGlobalSection
	GlobalSection(ExtensibilityGlobals) = postSolution
	EndGlobalSection
	GlobalSection(ExtensibilityAddIns) = postSolution
	EndGlobalSection
EndGlobal
