Microsoft Visual Studio Solution File, Format Version 7.00
Project("{FAE04EC0-301F-11D3-BF4B-00C04F79EFBC}") = "UIPrint-c", "UIPrint-c.csproj", "{5D5BBE53-ECAF-42CE-9CBA-9925FCD42073}"
EndProject
Global
	GlobalSection(SolutionConfiguration) = preSolution
		ConfigName.0 = Debug
		ConfigName.1 = Release
	EndGlobalSection
	GlobalSection(ProjectDependencies) = postSolution
	EndGlobalSection
	GlobalSection(ProjectConfiguration) = postSolution
		{5D5BBE53-ECAF-42CE-9CBA-9925FCD42073}.Debug.ActiveCfg = Debug|.NET
		{5D5BBE53-ECAF-42CE-9CBA-9925FCD42073}.Debug.Build.0 = Debug|.NET
		{5D5BBE53-ECAF-42CE-9CBA-9925FCD42073}.Release.ActiveCfg = Release|.NET
		{5D5BBE53-ECAF-42CE-9CBA-9925FCD42073}.Release.Build.0 = Release|.NET
	EndGlobalSection
	GlobalSection(ExtensibilityGlobals) = postSolution
	EndGlobalSection
	GlobalSection(ExtensibilityAddIns) = postSolution
	EndGlobalSection
EndGlobal
