Microsoft Visual Studio Solution File, Format Version 7.00
Project("{F184B08F-C81C-45F6-A57F-5ABD9991F28F}") = "MathClient", "MathClient.vbproj", "{6FF5E9F5-9629-4C08-A60F-A671CC95B9B4}"
EndProject
Global
	GlobalSection(SolutionConfiguration) = preSolution
		ConfigName.0 = Debug
		ConfigName.1 = Release
	EndGlobalSection
	GlobalSection(ProjectDependencies) = postSolution
	EndGlobalSection
	GlobalSection(ProjectConfiguration) = postSolution
		{6FF5E9F5-9629-4C08-A60F-A671CC95B9B4}.Debug.ActiveCfg = Debug|.NET
		{6FF5E9F5-9629-4C08-A60F-A671CC95B9B4}.Debug.Build.0 = Debug|.NET
		{6FF5E9F5-9629-4C08-A60F-A671CC95B9B4}.Release.ActiveCfg = Release|.NET
		{6FF5E9F5-9629-4C08-A60F-A671CC95B9B4}.Release.Build.0 = Release|.NET
	EndGlobalSection
	GlobalSection(ExtensibilityGlobals) = postSolution
	EndGlobalSection
	GlobalSection(ExtensibilityAddIns) = postSolution
	EndGlobalSection
EndGlobal
