Microsoft Visual Studio Solution File, Format Version 7.00
Project("{FAE04EC0-301F-11D3-BF4B-00C04F79EFBC}") = "ActiveXExample", "ActiveXExample\ActiveXExample.csproj", "{B5D7002A-8489-40C7-8F30-2893808FDAF4}"
EndProject
Project("{FAE04EC0-301F-11D3-BF4B-00C04F79EFBC}") = "HelloWorld", "HelloWorld\HelloWorld.csproj", "{4BA1DC53-9501-4AF7-8D26-8044E7DBB5E2}"
EndProject
Project("{FAE04EC0-301F-11D3-BF4B-00C04F79EFBC}") = "MonthCalendarExample", "MonthCalendarExample\MonthCalendarExample.csproj", "{B85F9FCC-8713-4416-9E0E-E2548432DEB9}"
EndProject
Project("{FAE04EC0-301F-11D3-BF4B-00C04F79EFBC}") = "NotifyIconExample", "NotifyIconExample\NotifyIconExample.csproj", "{C030697B-10CF-46FB-9642-5B8D2C41ADC4}"
EndProject
Project("{FAE04EC0-301F-11D3-BF4B-00C04F79EFBC}") = "MenuExample", "MenuExample\MenuExample.csproj", "{DAA99691-839C-41AC-B548-0CA58DCE6DBF}"
EndProject
Project("{FAE04EC0-301F-11D3-BF4B-00C04F79EFBC}") = "ToolBarExample", "ToolBarExample\ToolBarExample.csproj", "{C0CEF1A1-06CE-4296-AB67-2ECDBFEEB6DC}"
EndProject
Project("{FAE04EC0-301F-11D3-BF4B-00C04F79EFBC}") = "PrintExample", "PrintExample\PrintExample.csproj", "{A6A3383B-AEDA-4DFC-997B-7127AA5E95A9}"
EndProject
Global
	GlobalSection(SolutionConfiguration) = preSolution
		ConfigName.0 = Debug
		ConfigName.1 = Release
	EndGlobalSection
	GlobalSection(ProjectDependencies) = postSolution
	EndGlobalSection
	GlobalSection(ProjectConfiguration) = postSolution
		{B5D7002A-8489-40C7-8F30-2893808FDAF4}.Debug.ActiveCfg = Debug|.NET
		{B5D7002A-8489-40C7-8F30-2893808FDAF4}.Debug.Build.0 = Debug|.NET
		{B5D7002A-8489-40C7-8F30-2893808FDAF4}.Release.ActiveCfg = Release|.NET
		{B5D7002A-8489-40C7-8F30-2893808FDAF4}.Release.Build.0 = Release|.NET
		{4BA1DC53-9501-4AF7-8D26-8044E7DBB5E2}.Debug.ActiveCfg = Debug|.NET
		{4BA1DC53-9501-4AF7-8D26-8044E7DBB5E2}.Debug.Build.0 = Debug|.NET
		{4BA1DC53-9501-4AF7-8D26-8044E7DBB5E2}.Release.ActiveCfg = Release|.NET
		{4BA1DC53-9501-4AF7-8D26-8044E7DBB5E2}.Release.Build.0 = Release|.NET
		{B85F9FCC-8713-4416-9E0E-E2548432DEB9}.Debug.ActiveCfg = Debug|.NET
		{B85F9FCC-8713-4416-9E0E-E2548432DEB9}.Debug.Build.0 = Debug|.NET
		{B85F9FCC-8713-4416-9E0E-E2548432DEB9}.Release.ActiveCfg = Release|.NET
		{B85F9FCC-8713-4416-9E0E-E2548432DEB9}.Release.Build.0 = Release|.NET
		{C030697B-10CF-46FB-9642-5B8D2C41ADC4}.Debug.ActiveCfg = Debug|.NET
		{C030697B-10CF-46FB-9642-5B8D2C41ADC4}.Debug.Build.0 = Debug|.NET
		{C030697B-10CF-46FB-9642-5B8D2C41ADC4}.Release.ActiveCfg = Release|.NET
		{C030697B-10CF-46FB-9642-5B8D2C41ADC4}.Release.Build.0 = Release|.NET
		{DAA99691-839C-41AC-B548-0CA58DCE6DBF}.Debug.ActiveCfg = Debug|.NET
		{DAA99691-839C-41AC-B548-0CA58DCE6DBF}.Debug.Build.0 = Debug|.NET
		{DAA99691-839C-41AC-B548-0CA58DCE6DBF}.Release.ActiveCfg = Release|.NET
		{DAA99691-839C-41AC-B548-0CA58DCE6DBF}.Release.Build.0 = Release|.NET
		{C0CEF1A1-06CE-4296-AB67-2ECDBFEEB6DC}.Debug.ActiveCfg = Debug|.NET
		{C0CEF1A1-06CE-4296-AB67-2ECDBFEEB6DC}.Debug.Build.0 = Debug|.NET
		{C0CEF1A1-06CE-4296-AB67-2ECDBFEEB6DC}.Release.ActiveCfg = Release|.NET
		{C0CEF1A1-06CE-4296-AB67-2ECDBFEEB6DC}.Release.Build.0 = Release|.NET
		{A6A3383B-AEDA-4DFC-997B-7127AA5E95A9}.Debug.ActiveCfg = Debug|.NET
		{A6A3383B-AEDA-4DFC-997B-7127AA5E95A9}.Debug.Build.0 = Debug|.NET
		{A6A3383B-AEDA-4DFC-997B-7127AA5E95A9}.Release.ActiveCfg = Release|.NET
		{A6A3383B-AEDA-4DFC-997B-7127AA5E95A9}.Release.Build.0 = Release|.NET
	EndGlobalSection
	GlobalSection(ExtensibilityGlobals) = postSolution
	EndGlobalSection
	GlobalSection(ExtensibilityAddIns) = postSolution
	EndGlobalSection
EndGlobal
