Microsoft Visual Studio Solution File, Format Version 7.00
Project("{F184B08F-C81C-45F6-A57F-5ABD9991F28F}") = "Graphing", "Graphing.vbproj", "{1E9FE730-639D-4020-AB7C-74C13AE1CC4C}"
EndProject
Global
	GlobalSection(SolutionConfiguration) = preSolution
		ConfigName.0 = Debug
		ConfigName.1 = Release
	EndGlobalSection
	GlobalSection(ProjectDependencies) = postSolution
	EndGlobalSection
	GlobalSection(ProjectConfiguration) = postSolution
		{1E9FE730-639D-4020-AB7C-74C13AE1CC4C}.Debug.ActiveCfg = Debug|.NET
		{1E9FE730-639D-4020-AB7C-74C13AE1CC4C}.Debug.Build.0 = Debug|.NET
		{1E9FE730-639D-4020-AB7C-74C13AE1CC4C}.Release.ActiveCfg = Release|.NET
		{1E9FE730-639D-4020-AB7C-74C13AE1CC4C}.Release.Build.0 = Release|.NET
	EndGlobalSection
	GlobalSection(ExtensibilityGlobals) = postSolution
	EndGlobalSection
	GlobalSection(ExtensibilityAddIns) = postSolution
	EndGlobalSection
EndGlobal
