Microsoft Visual Studio Solution File, Format Version 7.00
Project("{FAE04EC0-301F-11D3-BF4B-00C04F79EFBC}") = "TextRotate-c", "TextRotate-c.csproj", "{CFCBF918-7355-46D4-8369-9EA24E41064B}"
EndProject
Global
	GlobalSection(SolutionConfiguration) = preSolution
		ConfigName.0 = Debug
		ConfigName.1 = Release
	EndGlobalSection
	GlobalSection(ProjectDependencies) = postSolution
	EndGlobalSection
	GlobalSection(ProjectConfiguration) = postSolution
		{CFCBF918-7355-46D4-8369-9EA24E41064B}.Debug.ActiveCfg = Debug|.NET
		{CFCBF918-7355-46D4-8369-9EA24E41064B}.Debug.Build.0 = Debug|.NET
		{CFCBF918-7355-46D4-8369-9EA24E41064B}.Release.ActiveCfg = Release|.NET
		{CFCBF918-7355-46D4-8369-9EA24E41064B}.Release.Build.0 = Release|.NET
	EndGlobalSection
	GlobalSection(ExtensibilityGlobals) = postSolution
	EndGlobalSection
	GlobalSection(ExtensibilityAddIns) = postSolution
	EndGlobalSection
EndGlobal
