Microsoft Visual Studio Solution File, Format Version 7.00
Project("{F184B08F-C81C-45F6-A57F-5ABD9991F28F}") = "ChemPlant", "ChemPlant.vbproj", "{B0F12718-321D-41E2-8461-030DDDD60F20}"
EndProject
Global
	GlobalSection(SolutionConfiguration) = preSolution
		ConfigName.0 = Debug
		ConfigName.1 = Release
	EndGlobalSection
	GlobalSection(ProjectDependencies) = postSolution
	EndGlobalSection
	GlobalSection(ProjectConfiguration) = postSolution
		{B0F12718-321D-41E2-8461-030DDDD60F20}.Debug.ActiveCfg = Debug|.NET
		{B0F12718-321D-41E2-8461-030DDDD60F20}.Debug.Build.0 = Debug|.NET
		{B0F12718-321D-41E2-8461-030DDDD60F20}.Release.ActiveCfg = Release|.NET
		{B0F12718-321D-41E2-8461-030DDDD60F20}.Release.Build.0 = Release|.NET
	EndGlobalSection
	GlobalSection(ExtensibilityGlobals) = postSolution
	EndGlobalSection
	GlobalSection(ExtensibilityAddIns) = postSolution
	EndGlobalSection
EndGlobal
