GIT
  remote: https://github.com/bcoe/ansible-role-nodejs
  ref: master
  sha: 9ae7523efd4ab5680aa967e418c329b695b7c4b1
  specs:
    laggyluke.nodejs (0.0.0)

GIT
  remote: https://github.com/bcoe/build-essential.git
  ref: master
  sha: 207119b98e5b21578cfa22cb9bd8fa2e9e015b9c
  specs:
    Ansibles.build-essential (0.0.0)

GIT
  remote: https://github.com/npm/ansible-npme
  ref: master
  sha: 83ffb34f252433dee8a97816c1214502b11a8a30
  specs:
    bcoe.npme (0.0.0)

DEPENDENCIES
  Ansibles.build-essential (>= 0)
  bcoe.npme (>= 0)
  laggyluke.nodejs (>= 0)
