Microsoft Visual Studio Solution File, Format Version 7.00
Project("{F184B08F-C81C-45F6-A57F-5ABD9991F28F}") = "TextFormat-vb", "TextFormat-vb.vbproj", "{C6507E4D-6F3D-4E71-9E17-DC1A43711058}"
EndProject
Global
	GlobalSection(SolutionConfiguration) = preSolution
		ConfigName.0 = Debug
		ConfigName.1 = Release
	EndGlobalSection
	GlobalSection(ProjectDependencies) = postSolution
	EndGlobalSection
	GlobalSection(ProjectConfiguration) = postSolution
		{C6507E4D-6F3D-4E71-9E17-DC1A43711058}.Debug.ActiveCfg = Debug|.NET
		{C6507E4D-6F3D-4E71-9E17-DC1A43711058}.Debug.Build.0 = Debug|.NET
		{C6507E4D-6F3D-4E71-9E17-DC1A43711058}.Release.ActiveCfg = Release|.NET
		{C6507E4D-6F3D-4E71-9E17-DC1A43711058}.Release.Build.0 = Release|.NET
	EndGlobalSection
	GlobalSection(ExtensibilityGlobals) = postSolution
	EndGlobalSection
	GlobalSection(ExtensibilityAddIns) = postSolution
	EndGlobalSection
EndGlobal
