Microsoft Visual Studio Solution File, Format Version 7.00
Project("{FAE04EC0-301F-11D3-BF4B-00C04F79EFBC}") = "SimpleContext", "SimpleContext.csproj", "{31098E06-1855-40A6-9C2B-AD7C51DF0131}"
EndProject
Global
	GlobalSection(SolutionConfiguration) = preSolution
		ConfigName.0 = Debug
		ConfigName.1 = Release
	EndGlobalSection
	GlobalSection(ProjectDependencies) = postSolution
	EndGlobalSection
	GlobalSection(ProjectConfiguration) = postSolution
		{31098E06-1855-40A6-9C2B-AD7C51DF0131}.Debug.ActiveCfg = Debug|.NET
		{31098E06-1855-40A6-9C2B-AD7C51DF0131}.Debug.Build.0 = Debug|.NET
		{31098E06-1855-40A6-9C2B-AD7C51DF0131}.Release.ActiveCfg = Release|.NET
		{31098E06-1855-40A6-9C2B-AD7C51DF0131}.Release.Build.0 = Release|.NET
	EndGlobalSection
	GlobalSection(ExtensibilityGlobals) = postSolution
	EndGlobalSection
	GlobalSection(ExtensibilityAddIns) = postSolution
	EndGlobalSection
EndGlobal
