{
  "name": "@bgoonz/timezonz",
  "version": "474.0.0",
  "lockfileVersion": 2,
  "requires": true,
  "packages": {
    "": {
      "name": "@bgoonz/timezonz",
      "version": "474.0.0",
      "peerDependencies": {
        "@observablehq/runtime": "4"
      }
    },
    "node_modules/@observablehq/inspector": {
      "version": "3.2.2",
      "resolved": "https://registry.npmjs.org/@observablehq/inspector/-/inspector-3.2.2.tgz",
      "integrity": "sha512-HBHtruB7hcNqyapyNF77fPVpiCyqEZsmLD6rhCy7nHPaciAEPML4NtQG2QBuTkYlEu64Zulky6g3ABrD0PhX2Q==",
      "peer": true
    },
    "node_modules/@observablehq/runtime": {
      "version": "4.8.2",
      "resolved": "https://registry.npmjs.org/@observablehq/runtime/-/runtime-4.8.2.tgz",
      "integrity": "sha512-wik8Uu92a7w3/cS8r69oHLyHTuZgVGNc+eIz0UwOi10dfpquMC0BzG8AbZzMQQEr1EryxSqNvALFY+vf199dww==",
      "peer": true,
      "dependencies": {
        "@observablehq/inspector": "^3.2.2",
        "@observablehq/stdlib": "^3.4.1"
      }
    },
    "node_modules/@observablehq/stdlib": {
      "version": "3.4.1",
      "resolved": "https://registry.npmjs.org/@observablehq/stdlib/-/stdlib-3.4.1.tgz",
      "integrity": "sha512-v0aoQV3e2NphWvkJC/jDI60bV4Nvwy8XD7PFZdzBZYmcQt/cO1ly7TVRZTHGljXdK5e7W6blFY6lNgevUwfrNw==",
      "peer": true,
      "dependencies": {
        "d3-require": "^1.2.4"
      }
    },
    "node_modules/d3-require": {
      "version": "1.2.4",
      "resolved": "https://registry.npmjs.org/d3-require/-/d3-require-1.2.4.tgz",
      "integrity": "sha512-8UseEGCkBkBxIMouLMPONUBmU8DUPC1q12LARV1Lk/2Jwa32SVgmRfX8GdIeR06ZP+CG85YD3N13K2s14qCNyA==",
      "peer": true
    }
  },
  "dependencies": {
    "@observablehq/inspector": {
      "version": "3.2.2",
      "resolved": "https://registry.npmjs.org/@observablehq/inspector/-/inspector-3.2.2.tgz",
      "integrity": "sha512-HBHtruB7hcNqyapyNF77fPVpiCyqEZsmLD6rhCy7nHPaciAEPML4NtQG2QBuTkYlEu64Zulky6g3ABrD0PhX2Q==",
      "peer": true
    },
    "@observablehq/runtime": {
      "version": "4.8.2",
      "resolved": "https://registry.npmjs.org/@observablehq/runtime/-/runtime-4.8.2.tgz",
      "integrity": "sha512-wik8Uu92a7w3/cS8r69oHLyHTuZgVGNc+eIz0UwOi10dfpquMC0BzG8AbZzMQQEr1EryxSqNvALFY+vf199dww==",
      "peer": true,
      "requires": {
        "@observablehq/inspector": "^3.2.2",
        "@observablehq/stdlib": "^3.4.1"
      }
    },
    "@observablehq/stdlib": {
      "version": "3.4.1",
      "resolved": "https://registry.npmjs.org/@observablehq/stdlib/-/stdlib-3.4.1.tgz",
      "integrity": "sha512-v0aoQV3e2NphWvkJC/jDI60bV4Nvwy8XD7PFZdzBZYmcQt/cO1ly7TVRZTHGljXdK5e7W6blFY6lNgevUwfrNw==",
      "peer": true,
      "requires": {
        "d3-require": "^1.2.4"
      }
    },
    "d3-require": {
      "version": "1.2.4",
      "resolved": "https://registry.npmjs.org/d3-require/-/d3-require-1.2.4.tgz",
      "integrity": "sha512-8UseEGCkBkBxIMouLMPONUBmU8DUPC1q12LARV1Lk/2Jwa32SVgmRfX8GdIeR06ZP+CG85YD3N13K2s14qCNyA==",
      "peer": true
    }
  }
}
