Microsoft Visual Studio Solution File, Format Version 7.00
Project("{F184B08F-C81C-45F6-A57F-5ABD9991F28F}") = "MathClient", "MathClient.vbproj", "{37714F60-B03D-468B-A880-543CA0487E1A}"
EndProject
Project("{F184B08F-C81C-45F6-A57F-5ABD9991F28F}") = "MathLibrary", "..\MathLibrary\MathLibrary.vbproj", "{887DE0E5-C623-48DE-84A8-4FA29731F700}"
EndProject
Global
	GlobalSection(SolutionConfiguration) = preSolution
		ConfigName.0 = Debug
		ConfigName.1 = Release
	EndGlobalSection
	GlobalSection(ProjectDependencies) = postSolution
	EndGlobalSection
	GlobalSection(ProjectConfiguration) = postSolution
		{37714F60-B03D-468B-A880-543CA0487E1A}.Debug.ActiveCfg = Debug|.NET
		{37714F60-B03D-468B-A880-543CA0487E1A}.Debug.Build.0 = Debug|.NET
		{37714F60-B03D-468B-A880-543CA0487E1A}.Release.ActiveCfg = Release|.NET
		{37714F60-B03D-468B-A880-543CA0487E1A}.Release.Build.0 = Release|.NET
		{887DE0E5-C623-48DE-84A8-4FA29731F700}.Debug.ActiveCfg = Debug|.NET
		{887DE0E5-C623-48DE-84A8-4FA29731F700}.Debug.Build.0 = Debug|.NET
		{887DE0E5-C623-48DE-84A8-4FA29731F700}.Release.ActiveCfg = Release|.NET
		{887DE0E5-C623-48DE-84A8-4FA29731F700}.Release.Build.0 = Release|.NET
	EndGlobalSection
	GlobalSection(ExtensibilityGlobals) = postSolution
	EndGlobalSection
	GlobalSection(ExtensibilityAddIns) = postSolution
	EndGlobalSection
EndGlobal
