Microsoft Visual Studio Solution File, Format Version 7.00
Project("{FAE04EC0-301F-11D3-BF4B-00C04F79EFBC}") = "AsyncCallback", "AsyncCallback.csproj", "{BB0436D0-4D38-4A8F-B5C6-7251DC08B74E}"
EndProject
Global
	GlobalSection(SolutionConfiguration) = preSolution
		ConfigName.0 = Debug
		ConfigName.1 = Release
	EndGlobalSection
	GlobalSection(ProjectDependencies) = postSolution
	EndGlobalSection
	GlobalSection(ProjectConfiguration) = postSolution
		{BB0436D0-4D38-4A8F-B5C6-7251DC08B74E}.Debug.ActiveCfg = Debug|.NET
		{BB0436D0-4D38-4A8F-B5C6-7251DC08B74E}.Debug.Build.0 = Debug|.NET
		{BB0436D0-4D38-4A8F-B5C6-7251DC08B74E}.Release.ActiveCfg = Release|.NET
		{BB0436D0-4D38-4A8F-B5C6-7251DC08B74E}.Release.Build.0 = Release|.NET
	EndGlobalSection
	GlobalSection(ExtensibilityGlobals) = postSolution
	EndGlobalSection
	GlobalSection(ExtensibilityAddIns) = postSolution
	EndGlobalSection
EndGlobal
