Microsoft Visual Studio Solution File, Format Version 7.00
Project("{FAE04EC0-301F-11D3-BF4B-00C04F79EFBC}") = "Animate-c", "Animate-c.csproj", "{6FB680E2-1778-4118-8CAF-D38D64E70490}"
EndProject
Global
	GlobalSection(SolutionConfiguration) = preSolution
		ConfigName.0 = Debug
		ConfigName.1 = Release
	EndGlobalSection
	GlobalSection(ProjectDependencies) = postSolution
	EndGlobalSection
	GlobalSection(ProjectConfiguration) = postSolution
		{6FB680E2-1778-4118-8CAF-D38D64E70490}.Debug.ActiveCfg = Debug|.NET
		{6FB680E2-1778-4118-8CAF-D38D64E70490}.Debug.Build.0 = Debug|.NET
		{6FB680E2-1778-4118-8CAF-D38D64E70490}.Release.ActiveCfg = Release|.NET
		{6FB680E2-1778-4118-8CAF-D38D64E70490}.Release.Build.0 = Release|.NET
	EndGlobalSection
	GlobalSection(ExtensibilityGlobals) = postSolution
	EndGlobalSection
	GlobalSection(ExtensibilityAddIns) = postSolution
	EndGlobalSection
EndGlobal
