{
  "name": "node-starter",
  "version": "0.0.0",
  "lockfileVersion": 2,
  "requires": true,
  "packages": {
    "": {
      "name": "node-starter",
      "dependencies": {
        "wabt": "1.0.17"
      }
    },
    "node_modules/wabt": {
      "version": "1.0.17",
      "resolved": "https://registry.npmjs.org/wabt/-/wabt-1.0.17.tgz",
      "integrity": "sha512-9azQEFhJFVBBRmuFC1DZnQPAlzez2mSbYXkanBtG9MqJZllWGxc+DZHaNZsO4RHdDJkcSAOXplcmHAptfCgUqw==",
      "bin": {
        "wasm-decompile": "bin/wasm-decompile",
        "wasm-interp": "bin/wasm-interp",
        "wasm-objdump": "bin/wasm-objdump",
        "wasm-opcodecnt": "bin/wasm-opcodecnt",
        "wasm-strip": "bin/wasm-strip",
        "wasm-validate": "bin/wasm-validate",
        "wasm2c": "bin/wasm2c",
        "wasm2wat": "bin/wasm2wat",
        "wat2wasm": "bin/wat2wasm"
      }
    }
  },
  "dependencies": {
    "wabt": {
      "version": "1.0.17",
      "resolved": "https://registry.npmjs.org/wabt/-/wabt-1.0.17.tgz",
      "integrity": "sha512-9azQEFhJFVBBRmuFC1DZnQPAlzez2mSbYXkanBtG9MqJZllWGxc+DZHaNZsO4RHdDJkcSAOXplcmHAptfCgUqw=="
    }
  }
}
