Microsoft Visual Studio Solution File, Format Version 7.00
Project("{F184B08F-C81C-45F6-A57F-5ABD9991F28F}") = "MetaFile-vb", "MetaFile-vb.vbproj", "{45F697A0-F391-45E6-9663-925576E9E2E3}"
EndProject
Global
	GlobalSection(SolutionConfiguration) = preSolution
		ConfigName.0 = Debug
		ConfigName.1 = Release
	EndGlobalSection
	GlobalSection(ProjectDependencies) = postSolution
	EndGlobalSection
	GlobalSection(ProjectConfiguration) = postSolution
		{45F697A0-F391-45E6-9663-925576E9E2E3}.Debug.ActiveCfg = Debug|.NET
		{45F697A0-F391-45E6-9663-925576E9E2E3}.Debug.Build.0 = Debug|.NET
		{45F697A0-F391-45E6-9663-925576E9E2E3}.Release.ActiveCfg = Release|.NET
		{45F697A0-F391-45E6-9663-925576E9E2E3}.Release.Build.0 = Release|.NET
	EndGlobalSection
	GlobalSection(ExtensibilityGlobals) = postSolution
	EndGlobalSection
	GlobalSection(ExtensibilityAddIns) = postSolution
	EndGlobalSection
EndGlobal
