Microsoft Visual Studio Solution File, Format Version 7.00
Project("{F184B08F-C81C-45F6-A57F-5ABD9991F28F}") = "GraphicsObject-vb", "GraphicsObject-vb.vbproj", "{739BD333-0873-42E9-B087-8C0DC296B529}"
EndProject
Global
	GlobalSection(SolutionConfiguration) = preSolution
		ConfigName.0 = Debug
		ConfigName.1 = Release
	EndGlobalSection
	GlobalSection(ProjectDependencies) = postSolution
	EndGlobalSection
	GlobalSection(ProjectConfiguration) = postSolution
		{739BD333-0873-42E9-B087-8C0DC296B529}.Debug.ActiveCfg = Debug|.NET
		{739BD333-0873-42E9-B087-8C0DC296B529}.Debug.Build.0 = Debug|.NET
		{739BD333-0873-42E9-B087-8C0DC296B529}.Release.ActiveCfg = Release|.NET
		{739BD333-0873-42E9-B087-8C0DC296B529}.Release.Build.0 = Release|.NET
	EndGlobalSection
	GlobalSection(ExtensibilityGlobals) = postSolution
	EndGlobalSection
	GlobalSection(ExtensibilityAddIns) = postSolution
	EndGlobalSection
EndGlobal
