hash: 9e87c9fc70e6edb485bc788421e4c6be8479e5205e5e7e942d85ce2c68c87b53
updated: 2018-05-07T17:55:05.218907+02:00
imports:
- name: github.com/fluffle/goirc
  version: fc1dfa1ceb8897bcaa5231b560b9319591d4ab0a
  subpackages:
  - client
  - logging
  - state
- name: github.com/golang/mock
  version: 22bbf0ddf08105dfa364d0a2fa619dfa71014af5
  subpackages:
  - gomock
- name: golang.org/x/net
  version: 4b14673ba32bee7f5ac0f990a48f033919fd418b
  subpackages:
  - context
  - proxy
testImports: []
