Microsoft Visual Studio Solution File, Format Version 7.00
Project("{FAE04EC0-301F-11D3-BF4B-00C04F79EFBC}") = "MathService", "MathService.csproj", "{F390F264-92CA-4FB0-9DB0-A7974F45CCEF}"
EndProject
Project("{FAE04EC0-301F-11D3-BF4B-00C04F79EFBC}") = "MathLibrary", "..\MathLibrary\MathLibrary.csproj", "{8F5FDB2E-B937-4B77-AE7F-BE9522DC6BE5}"
EndProject
Global
	GlobalSection(SolutionConfiguration) = preSolution
		ConfigName.0 = Debug
		ConfigName.1 = Release
	EndGlobalSection
	GlobalSection(ProjectDependencies) = postSolution
	EndGlobalSection
	GlobalSection(ProjectConfiguration) = postSolution
		{F390F264-92CA-4FB0-9DB0-A7974F45CCEF}.Debug.ActiveCfg = Debug|.NET
		{F390F264-92CA-4FB0-9DB0-A7974F45CCEF}.Debug.Build.0 = Debug|.NET
		{F390F264-92CA-4FB0-9DB0-A7974F45CCEF}.Release.ActiveCfg = Release|.NET
		{F390F264-92CA-4FB0-9DB0-A7974F45CCEF}.Release.Build.0 = Release|.NET
		{8F5FDB2E-B937-4B77-AE7F-BE9522DC6BE5}.Debug.ActiveCfg = Debug|.NET
		{8F5FDB2E-B937-4B77-AE7F-BE9522DC6BE5}.Debug.Build.0 = Debug|.NET
		{8F5FDB2E-B937-4B77-AE7F-BE9522DC6BE5}.Release.ActiveCfg = Release|.NET
		{8F5FDB2E-B937-4B77-AE7F-BE9522DC6BE5}.Release.Build.0 = Release|.NET
	EndGlobalSection
	GlobalSection(ExtensibilityGlobals) = postSolution
	EndGlobalSection
	GlobalSection(ExtensibilityAddIns) = postSolution
	EndGlobalSection
EndGlobal
