Microsoft Visual Studio Solution File, Format Version 7.00
Project("{FAE04EC0-301F-11D3-BF4B-00C04F79EFBC}") = "Reflect", "Reflect.csproj", "{578850BF-C2E5-4771-9D20-5B8A60CF811D}"
EndProject
Global
	GlobalSection(SolutionConfiguration) = preSolution
		ConfigName.0 = Debug
		ConfigName.1 = Release
	EndGlobalSection
	GlobalSection(ProjectDependencies) = postSolution
	EndGlobalSection
	GlobalSection(ProjectConfiguration) = postSolution
		{578850BF-C2E5-4771-9D20-5B8A60CF811D}.Debug.ActiveCfg = Debug|.NET
		{578850BF-C2E5-4771-9D20-5B8A60CF811D}.Debug.Build.0 = Debug|.NET
		{578850BF-C2E5-4771-9D20-5B8A60CF811D}.Release.ActiveCfg = Release|.NET
		{578850BF-C2E5-4771-9D20-5B8A60CF811D}.Release.Build.0 = Release|.NET
	EndGlobalSection
	GlobalSection(ExtensibilityGlobals) = postSolution
	EndGlobalSection
	GlobalSection(ExtensibilityAddIns) = postSolution
	EndGlobalSection
EndGlobal
