Microsoft Visual Studio Solution File, Format Version 7.00
Project("{FAE04EC0-301F-11D3-BF4B-00C04F79EFBC}") = "HelloForInstall", "HelloForInstall\HelloForInstall.csproj", "{2626B5B4-6F2B-4C2B-A1A6-2B7F092662AB}"
EndProject
Project("{54435603-DBB4-11D2-8724-00A0C9A8B90C}") = "HelloSetup", "HelloSetup\HelloSetup.vdproj", "{966952FA-A5D9-4F81-9A6E-5AC6DAA7A024}"
EndProject
Project("{FAE04EC0-301F-11D3-BF4B-00C04F79EFBC}") = "HelloConfProp", "HelloConfProp\HelloConfProp.csproj", "{02407815-7DA8-4D68-932C-71D52B58B66E}"
EndProject
Project("{FAE04EC0-301F-11D3-BF4B-00C04F79EFBC}") = "MyGacComponentExample", "MyGacComponentExample\MyGacComponentExample.csproj", "{348D2290-8685-449F-B9DC-FE388A401D8B}"
EndProject
Project("{54435603-DBB4-11D2-8724-00A0C9A8B90C}") = "MyGacComponentSetup", "MyGacComponentSetup\MyGacComponentSetup.vdproj", "{4BAC8DB5-268A-4590-BE5C-8EB1A36BBE37}"
EndProject
Project("{FAE04EC0-301F-11D3-BF4B-00C04F79EFBC}") = "BrowserLaunchExample", "BrowserLaunchExample\BrowserLaunchExample.csproj", "{3308DB4C-87F3-49A1-A1DB-2C1C36FA2081}"
EndProject
Project("{FAE04EC0-301F-11D3-BF4B-00C04F79EFBC}") = "BrowserLauncher", "http://localhost/Book/Chapter11/BrowserLauncher/BrowserLauncher.csproj", "{43E6A063-4F28-4EB8-88AA-E00028ABBC82}"
EndProject
Project("{FAE04EC0-301F-11D3-BF4B-00C04F79EFBC}") = "PerfCounterExample", "PerfCounterExample\PerfCounterExample.csproj", "{F2CF9716-6B38-4694-86DE-511AFCC5F2B0}"
EndProject
Project("{54435603-DBB4-11D2-8724-00A0C9A8B90C}") = "PerfCounterExampleSetup", "PerfCounterExampleSetup\PerfCounterExampleSetup.vdproj", "{7C976586-C4B6-4471-86F8-A9AD909D6E4C}"
EndProject
Global
	GlobalSection(SolutionConfiguration) = preSolution
		ConfigName.0 = Debug
		ConfigName.1 = Release
	EndGlobalSection
	GlobalSection(ProjectDependencies) = postSolution
	EndGlobalSection
	GlobalSection(ProjectConfiguration) = postSolution
		{2626B5B4-6F2B-4C2B-A1A6-2B7F092662AB}.Debug.ActiveCfg = Debug|.NET
		{2626B5B4-6F2B-4C2B-A1A6-2B7F092662AB}.Debug.Build.0 = Debug|.NET
		{2626B5B4-6F2B-4C2B-A1A6-2B7F092662AB}.Release.ActiveCfg = Release|.NET
		{2626B5B4-6F2B-4C2B-A1A6-2B7F092662AB}.Release.Build.0 = Release|.NET
		{966952FA-A5D9-4F81-9A6E-5AC6DAA7A024}.Debug.ActiveCfg = Debug
		{966952FA-A5D9-4F81-9A6E-5AC6DAA7A024}.Release.ActiveCfg = Release
		{02407815-7DA8-4D68-932C-71D52B58B66E}.Debug.ActiveCfg = Debug|.NET
		{02407815-7DA8-4D68-932C-71D52B58B66E}.Debug.Build.0 = Debug|.NET
		{02407815-7DA8-4D68-932C-71D52B58B66E}.Release.ActiveCfg = Release|.NET
		{02407815-7DA8-4D68-932C-71D52B58B66E}.Release.Build.0 = Release|.NET
		{348D2290-8685-449F-B9DC-FE388A401D8B}.Debug.ActiveCfg = Debug|.NET
		{348D2290-8685-449F-B9DC-FE388A401D8B}.Debug.Build.0 = Debug|.NET
		{348D2290-8685-449F-B9DC-FE388A401D8B}.Release.ActiveCfg = Release|.NET
		{348D2290-8685-449F-B9DC-FE388A401D8B}.Release.Build.0 = Release|.NET
		{4BAC8DB5-268A-4590-BE5C-8EB1A36BBE37}.Debug.ActiveCfg = Debug
		{4BAC8DB5-268A-4590-BE5C-8EB1A36BBE37}.Release.ActiveCfg = Release
		{3308DB4C-87F3-49A1-A1DB-2C1C36FA2081}.Debug.ActiveCfg = Debug|.NET
		{3308DB4C-87F3-49A1-A1DB-2C1C36FA2081}.Debug.Build.0 = Debug|.NET
		{3308DB4C-87F3-49A1-A1DB-2C1C36FA2081}.Release.ActiveCfg = Release|.NET
		{3308DB4C-87F3-49A1-A1DB-2C1C36FA2081}.Release.Build.0 = Release|.NET
		{43E6A063-4F28-4EB8-88AA-E00028ABBC82}.Debug.ActiveCfg = Debug|.NET
		{43E6A063-4F28-4EB8-88AA-E00028ABBC82}.Debug.Build.0 = Debug|.NET
		{43E6A063-4F28-4EB8-88AA-E00028ABBC82}.Release.ActiveCfg = Release|.NET
		{43E6A063-4F28-4EB8-88AA-E00028ABBC82}.Release.Build.0 = Release|.NET
		{F2CF9716-6B38-4694-86DE-511AFCC5F2B0}.Debug.ActiveCfg = Debug|.NET
		{F2CF9716-6B38-4694-86DE-511AFCC5F2B0}.Debug.Build.0 = Debug|.NET
		{F2CF9716-6B38-4694-86DE-511AFCC5F2B0}.Release.ActiveCfg = Release|.NET
		{F2CF9716-6B38-4694-86DE-511AFCC5F2B0}.Release.Build.0 = Release|.NET
		{7C976586-C4B6-4471-86F8-A9AD909D6E4C}.Debug.ActiveCfg = Debug
		{7C976586-C4B6-4471-86F8-A9AD909D6E4C}.Release.ActiveCfg = Release
	EndGlobalSection
	GlobalSection(ExtensibilityGlobals) = postSolution
	EndGlobalSection
	GlobalSection(ExtensibilityAddIns) = postSolution
	EndGlobalSection
EndGlobal
