Microsoft Visual Studio Solution File, Format Version 7.00
Project("{FAE04EC0-301F-11D3-BF4B-00C04F79EFBC}") = "CarListener", "CarListener.csproj", "{8AB98BAE-3F30-45B2-9B2F-94DBF1276369}"
EndProject
Project("{FAE04EC0-301F-11D3-BF4B-00C04F79EFBC}") = "SimpleCarLibrary", "..\SimpleCarLibrary\SimpleCarLibrary.csproj", "{09970BF9-0B09-4233-9437-4656B976D8C0}"
EndProject
Global
	GlobalSection(SolutionConfiguration) = preSolution
		ConfigName.0 = Debug
		ConfigName.1 = Release
	EndGlobalSection
	GlobalSection(ProjectDependencies) = postSolution
	EndGlobalSection
	GlobalSection(ProjectConfiguration) = postSolution
		{8AB98BAE-3F30-45B2-9B2F-94DBF1276369}.Debug.ActiveCfg = Debug|.NET
		{8AB98BAE-3F30-45B2-9B2F-94DBF1276369}.Debug.Build.0 = Debug|.NET
		{8AB98BAE-3F30-45B2-9B2F-94DBF1276369}.Release.ActiveCfg = Release|.NET
		{8AB98BAE-3F30-45B2-9B2F-94DBF1276369}.Release.Build.0 = Release|.NET
		{09970BF9-0B09-4233-9437-4656B976D8C0}.Debug.ActiveCfg = Debug|.NET
		{09970BF9-0B09-4233-9437-4656B976D8C0}.Debug.Build.0 = Debug|.NET
		{09970BF9-0B09-4233-9437-4656B976D8C0}.Release.ActiveCfg = Release|.NET
		{09970BF9-0B09-4233-9437-4656B976D8C0}.Release.Build.0 = Release|.NET
	EndGlobalSection
	GlobalSection(ExtensibilityGlobals) = postSolution
	EndGlobalSection
	GlobalSection(ExtensibilityAddIns) = postSolution
	EndGlobalSection
EndGlobal
