Microsoft Visual Studio Solution File, Format Version 7.00
Project("{F184B08F-C81C-45F6-A57F-5ABD9991F28F}") = "MVC", "MVC\MVC.vbproj", "{8E24B629-AD4A-4DE7-B50A-A717DA4AC21A}"
EndProject
Project("{F184B08F-C81C-45F6-A57F-5ABD9991F28F}") = "NOPModel", "NOPModel\NOPModel.vbproj", "{3CE45F03-1A3C-4257-9525-641F368C76E8}"
EndProject
Project("{F184B08F-C81C-45F6-A57F-5ABD9991F28F}") = "NOPWin", "NOPWin\NOPWin.vbproj", "{2A31BCA6-3D5A-4017-A19F-08260B9087FA}"
EndProject
Project("{F184B08F-C81C-45F6-A57F-5ABD9991F28F}") = "NOPWeb", "http://localhost/NOPWeb/NOPWeb.vbproj", "{2FF4D904-9B76-4B3F-88C8-E895E5A5E2AE}"
EndProject
Global
	GlobalSection(SolutionConfiguration) = preSolution
		ConfigName.0 = Debug
		ConfigName.1 = Release
	EndGlobalSection
	GlobalSection(ProjectDependencies) = postSolution
	EndGlobalSection
	GlobalSection(ProjectConfiguration) = postSolution
		{8E24B629-AD4A-4DE7-B50A-A717DA4AC21A}.Debug.ActiveCfg = Debug|.NET
		{8E24B629-AD4A-4DE7-B50A-A717DA4AC21A}.Debug.Build.0 = Debug|.NET
		{8E24B629-AD4A-4DE7-B50A-A717DA4AC21A}.Release.ActiveCfg = Release|.NET
		{8E24B629-AD4A-4DE7-B50A-A717DA4AC21A}.Release.Build.0 = Release|.NET
		{3CE45F03-1A3C-4257-9525-641F368C76E8}.Debug.ActiveCfg = Debug|.NET
		{3CE45F03-1A3C-4257-9525-641F368C76E8}.Debug.Build.0 = Debug|.NET
		{3CE45F03-1A3C-4257-9525-641F368C76E8}.Release.ActiveCfg = Release|.NET
		{3CE45F03-1A3C-4257-9525-641F368C76E8}.Release.Build.0 = Release|.NET
		{2A31BCA6-3D5A-4017-A19F-08260B9087FA}.Debug.ActiveCfg = Debug|.NET
		{2A31BCA6-3D5A-4017-A19F-08260B9087FA}.Debug.Build.0 = Debug|.NET
		{2A31BCA6-3D5A-4017-A19F-08260B9087FA}.Release.ActiveCfg = Release|.NET
		{2A31BCA6-3D5A-4017-A19F-08260B9087FA}.Release.Build.0 = Release|.NET
		{2FF4D904-9B76-4B3F-88C8-E895E5A5E2AE}.Debug.ActiveCfg = Debug|.NET
		{2FF4D904-9B76-4B3F-88C8-E895E5A5E2AE}.Debug.Build.0 = Debug|.NET
		{2FF4D904-9B76-4B3F-88C8-E895E5A5E2AE}.Release.ActiveCfg = Release|.NET
		{2FF4D904-9B76-4B3F-88C8-E895E5A5E2AE}.Release.Build.0 = Release|.NET
	EndGlobalSection
	GlobalSection(ExtensibilityGlobals) = postSolution
	EndGlobalSection
	GlobalSection(ExtensibilityAddIns) = postSolution
	EndGlobalSection
EndGlobal
